U2FsdGVkX1+jNE6oCXGw9iYGg8LVjlz05cKXZNacuUor2oLQsLN5CUgFXuTuCkuX
4tNjjtV+CQ5YekiIe8KtOdjFKUO0TOJIrFubDGen1NzjROeWpqVMp+l/Dx9EHt8/
V1RC8uUAvIETgbweIkOvsETSYQ5xBK+HczPOvVBZaGSKMd5CqpaTS7d1SwUEmMrr
FfEf9XB/E/EFCZccNtjSI0sq9CQSDvU0AaVSg8UU8PZdGoMuhwtwFQZMJ+gqCQMu
lbPHVSorDeB+zyL8su4wX09tAI94Dq9+/L+av+1MZIKcMng6zKp145XYAldBzYL+
n9Kdp44JUtGkcUomO4a/K9kCZAGQAgb5Wt7u4XrBn0ZVep6BTJocVU48d6t7FVSm
UjN+wqS/JaCP4EvK0hXGV75MmXldHxnhY1Tlo2eOv9942WPK7IPLF0KsU919wwdC
pwe0bUqfDI+rniSbHJzeZ9gt1c8tsfUqkTdWoaERp/h9EkrFnMCx/gRdMsPYCmrc
daFRBHCQHgZvUzLHK8HCC7agHFiJIiMNTlA3pqcmjN5QWp99lI/7me0VZ5Vq3/D2
0O3Yjj6j2Nutbj/g1iQSBO5G9EkW918MaH1NMgBGNwPyyHx23SXSKQbesWeQPh7h
kJQMZfebqIOFRvzFkPJprsGn6dO31jf1SjIzFPqudTHKEnX7YE9ii1xWzMdrelMI
SO/Bz+xlcrpxFIe0+Pj0QbI96DvhVjT7cfiN+VI+bNoWdOx6tfH9aMWMJRPOPtFW
7U74N69zgczmwClXxFRLUn2smQmZCBS6p1tgQTfPb33wsIfN5u14PPVgZ1j2eebE
IkA/9W67WzpsiQhR6FH9tMTXTbRSe5oY04Hs4+J/5fGmxQIGck/j0kxWqKtD0TcF
cMsJ0IhQW6/glDOIMf9XDgTvmy7yr59pG7Rd6wBSssoF4GzM12gxo7lCYEm/YsEb
JGm5EhQQFltjFwY4Eh5BLlaPpP93B6HwWBg0phFi1otzdX+b2NkX+ijIRFKzi1Cw
+EQEuc5ZlX0066SILlR1WgzHc79hJwPd+fyRt/Kj+pYe/D6HmIKbFQw3bAY5STFM
WAXGRs+Gq5//4ch/8Md35Vy44xJpT5yv8o7WCZi8XxwRJvtjnEAFBAlGGMabH5Tb
0bthnxoOjfnZBq4lJofYhx9s+tS4LTxkGgl2BXl4BsmBtNM8TmIZ8kk4YBOh7fwW
coIxPafrETQJE/K6tFq7eZJNazSYtgZ0rejklvZeS5gPApcD9xrL0Q8vq9HyxKc6
fzWce2lzpUD5OLvfB0JqshfV0PVVpfWLs26E/9xOQhDNQkxmgNQX/ttOVFQyyuO7
Gloc995qJy8KoJaMaHL30Dm8dlZ3iTDFQcSiJ1TgjH1pAvKAMLNjsaqkE5I411Vv
wrg6EGNLhcOs71dN8mHs6Ak8rYMkJ2V2qh0pkZ7Up+qqI9ymPcSH9BAbqrE6wlUw
H+8oM0JMRmtkd5aV1ihMRPUof9JrxMXy6yu/DWkmbMdQwESx1HqhVVhVR0z4EFS8
55W5L/IFjTJUasqWKX6BNmRcDLeFLGPDz3j2nWHFanIoGs4an2BigK/8eATiQO+b
qGHotcHK9GPlDslOX3fpU/8Ia6IZblps6vKKoMPvMdp9BKmgi+lJPOcxfV1LCEka
1382TUKjICa7gxlHeziVxp6FKenqrtmCqcGM0EDjzRVhkWzC8PjvYg7kzLCM0BtE
4UAyEUm2OPJ4Xze2CO2L5fuyFDaWt2Whf/TKLvP5KQOiS2vS9vEn+m3HAgPTKLhR
oXVyjc76W1yl0c59XsMwAlhu4KiDousrcNaY0Edi9GwaC9lw8NI4vqv//uV17wtF
R5DcK/SuS1s0eq2gii0HTNRLukAhtJXwtH3A6lsJFpejWEewgyelUD+V+hqgzKUt
bosxm+Bu3NuwxkLJb7OxTls6/oXa+qU3KfT/5lsoc2cvGDQQSK0hTFJuYI6aX6dv
WMdscbpQ3OlzzSChYUjNtN6b7ndrGOTSpTxtpoGnZBPchdIaJP4K0G9Zg0rjy0xq
WYDBP5ps67/TPza4LGjOSYl779Hl47UISq7mNBrCmWbYCBdFjY29m7vWV6UG/81s
hpB3gLJNAAniNfyVpDp3j3MpohIZW3sxb8XxzLT7FrsnP6qrZlsGa5iGrFnsh4ay
KjaSqXx+ZU+2OgYKkts5Q8obxuP52vmBLgXYa/ohgU82G4jRHW0742iWzUKY31Q4
K2/D4BRDttBjomMGBJcxZVEjeRMhFzpQEDjTud8GsGX0vPxo9CNyS/e7l0wJXC8K
Km40DuMhih+1HlIsVUhkOVcqrhzQ5aHTi0fKGiQ2wZI5qf2ogtfGxxtxc0IY0l9c
yOMjw5t3MjpN7hG9CYwRoTgKN3F8xW+ivzbYTTzXTbRtwUlWGbjqX7FheTem3vhn
fW4GpPFekVpgeQUYiK88yO7BJZZ5IjBwa8e8Cw9Rw+wXBN35NywEYa+9eVx+rnr2
NNepjrpdt+npQ1fFzr0kRM2nD9nTgP24mrpeSfs+nTRvogpunzFURj6WXlTEBIwb
k4ox2TLR1b6bTHBysXwKpJ1rwKHmuMGbgqXZh2ERFiezdaCHPwueIQWFhLx6NAZi
sbA/LB2kQvNJ87H2A4k8UqG5FoqFhonb7s07Xn4iRslXgG5ZcF9OgucFiOTbshgr
CurU23pEpCes3thFSTQzq9yohXChq1lJCqPrxuIwFlsRfNbOfmMOhiAetL7wNrIV
DY7coIIjXSA+b1mr/K+uF+WF0wRdkplDYwAnA4mzAv+AoG1URMpaUaisfRbmOha2
7P4foyiIeujciWNfcXvzavcB9MgxZOwFcIxyw6tmk7MF1/QsFTUxOnk2/Rs2NgKX
NPskPMI9hmPR4UEC1BBxgk1kMwnDChgAqCI44VvBtd2lZeV2UDdTMFIiyQBnXcJE
/I1tW0+eh4ZMMRIWpQwEKHNtILQS833uEwe2xfdiVI0h55b/CV8qoPV6QUFu4bcb
RBnK2GPkqBaR3lh3ZqxUvKq7tHU21rsLafI0ZiKhBdOfhbUmTW2dzjn9b6ZSgpr9
Xjx1I9HWWvW7Qm7vFMzWC6RNjic4J2zrbLWrD7vNMC+4xbTwM0kWfdCRCluN3Yl6
Dhi/idwYqaG6zj3/xK+0USjyhzrrxHJ03NkKrnSagoBuIvE9/tjh4UBGwtmAxoU9
7JO53XosxHy8bsiY36qJZBXtouN5AEvb9hV+sVsSQx2GiFXjUqqTSAmFr7oNj0nI
poOLLYmf5oSfJ0RI0ifpNiAxHGgGd1yjeU6AwEqqQZ7MfWmVvbqvGBgyMkoc97cV
befHvKkS+I/oKRwxhOB7M8WAbRC/96e7eI58SYp7VoiYZcLxz+xwde2qxvX0u+dF
Luz/0kwajYw2w4NECQOwNAFTVUpzpsyS/rwARYa4CCyPSjOM5gnV2xswkmXIZ04T
RVIUIoemuGCad7xEtIXuMrizhPluVVL3nlKcIUhXdnMTKb0EucyfFI6a5u0wv71z
mkGZLefg2jL0ZS9jMHnoU0TkWsrS9R8h9847LYmyqVy6LdZYWmMOfKXUQlQMZNQh
tF9/XAHbYyQw3xlSbtBUCw4CbNt6IB0+UAU+YxKCUNXhivLvyk0xVWpYBNDwLsa3
QKBP9O+3fLo5+nAyLA8RPBNXz7ZLL5N9q4rBRL6WwZQxHqdNIOZ16wriW7buGRop
BmxEJLbaxFTzeEZtPuT1XHS3yA2jZylMwNEI5AR7Ni6HDOendPgiZs6Uxr/TbdI7
ZrMAQdirgltSI82cVcisl8/MfszvWyJoq+EvuwvOcZIYIIc6hRLMTX0GhRdI93ro
BtIYH22YsdZUQx6lVW1akOrcqNoahTpvU+G67d0ZRFIHzIc/b7BbokZr4Wg3HaTS
zgUGZuZI5MwUvgBH6YU+TCClf/jokXcSbGCc9zX34Eyl2m4Cm/HqhhkzACp754IR
LLhmhQ+MkbQRSkllXrNDmv8gc/2WP4EKUZV6o0R2/4VEYFj9oEoPuLM0Cx8jXmlf
e31As9U3EZidWCraKn7XK3NpXIIqiGDHSjMM4CW/X7v4ZJYUrSh101zhrYyyYze4
5kSq16vI477luVBOzcGZcveX9TVoSLy+yMNx9zP1Bqo8R0EATeJosuZsUr73WpyT
GCwv2YKB7YoiNaa2rhYsYTHpdJJK9WlqMYugWtacf05bigrbDrcc8tBCgo1Vj5Rc
yVGKWU1z7B7CuZp+DqHbzAP1/VDH4mqW3u/5/Vkru8FKeYKS9FQuqUiNK77XUE/g
ayEitsXoPBRPfg/RuFOBS6jm+pmP6GFoQvfcQAKc91NbNqF5Y1/l10y3B6fEpNTN
pAttJzRHnDeAJ5MYjkUBt+yX2FYBPRIcAG5Xrw5iTlu+x3l6yodskZNGx6rSwZ+e
ZIynxCU5n8SaZfiY4EbWjOTmih1rSGR1f+wO4jDflOXd3Ukx1/RfjoQ5ElfPjTWw
GkYc4BZm3xaAN52Dqzp/euPuavXr0Mj5w/qHuPiq3l3KjxHj8cJwqd1XPKAl6ysT
WrRXW6DTlRGMgxvTPadjHkBUeJ86tzPruz5IJIbJ7r3vtHQuCCdBSrEcDXcBO5RE
VTQuHDDKenspDu6NBIRODoBsM/T1FhI3WejAX8NdYUCh8vytGU4obliDXvHWRwQR
DBROVjeESVDTSczP2GNNe4lirnUkpwCysG8r9swoO/RUdsBr/7qxnitvx7dNP0Wn
LPtmqeVdMsMvUGahj5IP9FCePtyZazjWIo+H9CJecrBC5AWpuqbBhmU9Mef2P/Y5
UoyYCwcxsl9dsueRiLtDvhH52ObK6PVzAh4hpbD5CExuTEnuiZfUHIm5Dz4Qxvil
MW3e0H64r/x13Ov8wqWNQNjbo8DGk3RP5T1XGnwIirPYETeEenXIYbaG9jj+gdES
Ar7XiUiD9vL8guhIpYV0S5DZQBqrfRKnZAgh8H5tjO7iRXdwU66bfhv1GONubBxa
W6KF9FfevWXAamSqKl2qftyL9m+BW5BQOrizQIGgnDGA9i8C0GkvMztjEqRYT5Wm
QuKjMlNQvk1VvEFTWFak/oPYI2DVfthCe6fHOfcOHh6ecOAsorahrAnFaiARAh51
0/EvhhDubpPCC5g/cVwlsY1I2dCZwAUGRlpOy2BV99qNi+I5YTrgbJmTmAbL4xYB
22ZRcKIUb9bz6/sjx4Ji+TnEam9DbUwbgd2Ydq2HNkfxb481+1EhVX2JA7FYdDhz
oeMYgnguDDuvSPPluWpnGQo/sLyoGx7WlJs9n5XOLKNmdIcX1wehJn82aW1RE0hW
pfooyISmotXPRi0ES3DELKGbS7N8et5g2BU4QvPvznTmMO9z6IIJrhdBffSGx90N
6vUpmKHZjJtpxWJBKWvTxQnp7XiYaPsGkDKl5iqbXF9rlBsbhckv43qCvPLyyoAJ
dekqxNkWkwy3ewdtdTZieBKcuhbOw9xdZN7ACsKebiuHOlnKv61qnZCFKP991MGU
l59EDPOxSFWt7nYoasZMZBRpFqhXdtNbcsBcgx/gRuTUEXgA87SCX/6HiCzCmJHN
CzvSCJI5/dDWZSjZlQBRTkiscjXgy9GaG8WY+a4Z5MU2O5FJR2KzvcODsrGgsiCE
GKLIdv+XbX/99rYiGDP4ffvEKYw0qbQH+E6dIvSYEAnSZM98C8MrYwiYG3jrUetK
nxNzi9p6ua92DydArP+JB9beIsMTm2wxj7mNc4ag+AZdZUbNTD0DgHx4Ry6fuxkp
sGA/khcNJjKv4J9jw+xMIL7qThyrFR+7r0Db+vTB+/sIriugCudOBaZ5IaDplgnA
IqXX0XcG5AISTdJPsKkxeyE9dyjNL6/zLv9aotj1ffxxKol46XmITVbKmxr1WJ5/
VJzZNOTkn2rP2rj890NfdUXyuVez0eQDIqYrBOg4AakehAb6R44WO17smusvn8rV
59BIHg5qWc8hg/BZnsSHTPvSAgBtv34KNqzLCEoLADiEhBsz/++4iBtqdGB/1Ys3
jFMZat7fkwt32Ilr6r01nTioFXY2sx+9lNIIg0YyKkEf/v0UVTd+KbBSzF2XNhak
7Rkaa9KPKlF3MQM07XQtCTGx9/QCbl6jxRwehfJVf0pQ8MTJxixvXp39d9+3JyY8
AAM+VShTlGkaEFO4BDKeP62BtfjEGvg/604bpguZ0XVpow4uVd66Vo02FLTGXJIX
YcEsCKJGHQMbnSbydcw2QrZh7KRwjpKeC5JbbdR2gxlZC45N8Mh7GZpmG4XInr+P
dlDCciD/TNlNesMOedltIV35TJV41mRTxy2W2WUudlbxjbqPIg7Lor8aEeLoNy64
QLOIrMa7YYJO0CeQTHT6VmtfIzbP7zmM2WaVmDN3sIAXU9fMUSFU5DnlZH0hzrFW
npivrzuoqrJe0/k+En3pKOrngJE5qdbSTTMG6kyVGDIpSwKeukGOrJOThvMHO0ak
/MvuHc17cwh2mii7wF2X7Dw+zk5OwUQtPa56PlyRS54SuB4HRpLR7/UmCJ7rDsyj
dwvXxP6OeAgPnOQN4q+psrIoRNsP7r7Hfg38Z43LGw/dVYA3/hgumeGUpi7zeAos
ps9ZZtKvZ26RpRshjOIx5vJZG3DT9Zs4RmppwN3YR5v1nVgpR2HqWY4iol01N1JS
O5+Sdid7rcTTUZE/z5s32Mtlu5MFGMsHlxSA4nSlZlnrC9oHH0xMDsvvlxPAU5P2
NV8tixGUczfw7Y9A5do/49u8fIVDOQ9Gaik/CQF6JiZsJbM7TxQohpEHBhJ7J4fo
rkDK3LOdSkrYXStfC0ClNmLrkSTJDRT2HiNWoMFKg3fLlh7z7T8UIxJeiUn6nBpL
9lcXq5SLLZLymj9tqF8p9MfwJVFG7Rjp1//Q9e3ttIjpBSSwzaOXAnCuv0D1zQgR
NOM96CK1itsk2VNMuOTfGwfk0pQKE93F/WyWxjZFU0zvudilMxJitPxEEigns9sK
FwyducSfsw10iNLv2mGNc0b09rRDtPnEYTyzkoUZ/Z27qmyHPy+0arMCFD8qXO6x
8TZBZXGWsIqI3QOuNRNlorI3YHi129TaG0evHJ7TP7F0wsj5QaPXcntMMkph6Zgf
UGcKK8ua56rNvady57etCy/A5eoUVpXNKG+J102f/VROBezZIPnygUlaDqUI8Qfs
0lcWrL1e6SdFlxR970WPS2OqK9QDY1mLlN83Gn/SaX2Pr1eLzevL5mIaxFLBjEfD
MkBAqMDigazIYMfUCzdlwNYVghwtqBspJR1TT+mMh2VgsXMaEmpb7XMd1ZJtbjop
AiMWucg/QuWJWYeFUv7R1LOsG7h3wR/pj9eWDwvNnd/gYNZ02+Mx9v4HHZDbUoFC
tpOKekATFSUhXKxThbZjOycqP22V/iD3R422s3cXk0uSvHcPglnh59I+Ehi2MIu7
E7AEasPnaTdBIW0CcThiMiU6Veb5VAlfZplA+wdHVmw5edBQCQC+i6/A3bNmljyM
tH0sj1JexvuUrGZ5UwdrH9hRs/w0ouveV14MBdqfTqlkw+UoVOY9bvlOSMb6CynF
VNeMcRBcbi0tlBbozcwmBQrO0rQj0uoIaWMSwfF28qAl9twmFJJGHoz704Y8zms2
XypXwqRwX7ZPLhfzrxLvg+g4H80yeVmqIMaP9ekYZhGLQJgWUwzUNTgH8ZE1wBK5
nOCaoPac/rrvYqHDKCsJxccO1XVVNRoR7X3LQKfs/kDUNvDjGuCPbzNe8tzZtQ+7
T6jcNJVBFVM1MMUzv7jBOVIjsO6QY+2WCtIYqcIGu5BZly99YoppbdHBj+ADGLVI
3lYq/RgR1EXz1/dOh8epqCYjeo/h3fCyYVz4fi4BaM4VHNix7Ma1dXkkGmNp2ouy
/tDpR02fUCLIo1PHvTyMJ+xpMUlFGRQmooFoT0IWr4l4D3Jis5vG3uG4iaUQBBER
iG4ODusM8d6A3VwvAppzCR2uFJ+4PCELBHoa6sHs758kNZqcvVDPnv1KeTCIWzqL
zx/LuGgjNxUe5IfIDhMzz0f4yRB1LNeW+IMJlvLEXNAox9csqozhfCJSsmWXjODt
8Iz+GEPwWin6dysxbhOKPdnG8UvXk/NJhMztJyWKzAWyuqROoUmPtxcF7rk2ai7f
YZnGP9n9Fqp0sDFi4tn7OSmMOjElRBCiBJ79ql2RvXtUmI+IWULoXbHBSR0GygrC
e2Hu4SMIohvh+ELuXRq+ItirvQPIpXec+1w4XJBNHs4ShTqApUhsOT8vEF4HUgYC
IDdQesAV5xbJ79Rvhx9F1MNf2KvVjo3C2p0MfhNBjlRQjLVJ4nH0qxAeY5sS8/I8
nXTSFmDVmcDwUhKH3azXae7B0uiYKzVzbXoJIW00TP6YY5bSolF456SYVv7pfNDF
91GziTK2nf+LVIS2T5gxLfnRr1jLq12i+OMXH/Jhe21FR2fSW/sJEbAKA8cB+rIv
y1+75XflFX1MiBF2lAfu9IO2h/HspgWBJWHKCESC6Tr8n+EmGvzGrVl2pTMPEW9L
XU2UFoOEF1bDoXK3RImRHVeiIvkX90Y1hfoDNdloBasSxjnW9lhg7mdy8kw5QV6f
hAA0Pc+1Z1Bazno0fmjmMycSyAeT8rzNeYZ0/G3ineASypSEFHIuuJCbq4yZzl1s
yBUM+ZgS/urTf+1LlzGNSc/8DeiP3/ECrAdegfGUBp4yIhvptAuwti4+EkwMFBgq
bn6lGzOnazG4hpkBtOsijC2usWglpQ81N4BD1/UjjbrNi4Now2XZxpNP/qw6HcoP
CM5YyNSEPhC14oFUU8IRKy0qi1FudsIQNgten4wtdINxkGa+Br4hOt0Nka9FnwKG
kSQGaEnfouIxcM0jDkenLW91BM5igwnyLl1n1U4D47bn8fWCnXb1O2cE2r98JCow
ABj3q0wBZhgMwnwxvc5fsNoo9Z8WpnlVIGrWfrdMe6kZQoK2RtcONqocVtPKBL6H
yQnoQ+msCHh7/BoTqy4mwG4FcS6LAyK6CRqlbdKj+JS1qWTeXKobSm1Mu9zy3t/g
85v8in2/3QsMgpvLx3Ieuc7h8sm6HxFSDjSWfAbih656ykJqgnaJD+lO00HUK3li
XtppW2d4pXDvrJVfAI6/Hi/ZW3e3YnlEm/+D4OqELYew3HhZlbsx76SZKbuSTIw/
qqTL3oxa8bVD/1eOhgoD0AzVVTQCS55Bxqs7gqCxJ9bJ6DT1bQM+teZzwsjVoM9H
eGgr+wGbKmTuaeHnsRTzVUhZcOLx7RfIeZQFA5vUrut4o0LTMaJZ+3FYULqoad1v
/Uge+gCumWM+QcYGR9VV/PEHcEKV2KHQKYxrHsQmrwqOWzTJsSY9+CbIaB5Bw+H3
Fosiiz8toxWD3ZrAFh5hHPCvs8wE3on2fv8oNYXLDrYNO0WzYYVUfmA/QblUoB5c
Y383asMt0AWRGwGENG8nHuUc7JFm2KkFfe+LlQ8Iph49CI4Qxvfq8Lzc+Htydgp7
4K0wb3ra5rhxzsG9buZjfZ+zPnSgbtZAvmVrUoCWrWkM3bQL3VR0MqeCsvwrSo+z
iB8E2NBDk14axl+sIcwpFZSOM1PVsBO9Ro33hqzTJFhcuN4p0lGuevB458jpixu7
CHNleCxukaX9IWnYllv8tI886caMTn2RnzbpaZa+7Sk5RDEimF4Bz0vz43am0IaR
AeIFxqYJR1G838wqLqR0zeN4nBN7RSdKmO0FoXbX/8pY8uKznwHj5PjOWJDLz/ai
rNHoINvEPNrAY72d6Pu/pM97w5B8GDY7ErUf2qCLkcXRqgSujF4MAoq1ic8GcoWN
OEHqfr4dKwsFtQk/e5vJ3p0xex+eyvu0GB7J/nE0Kv8m7LwAfCwgf+C0OmBWoR5z
tMa+s4xNk4/KkTBlMNz6HlowChjnTICN8/pjOJ6nRfa1BDW56o4gSwppm7oM+r5C
k3GJk3rsFyQtnM5/QPpCFsJGab3k3mQ45MEyNKx0fk8RiQhUpXBRf2P1CWzthOeZ
6BqXQf178Q4VFtXeMw1e8dV0nLBwrp59QJbpj0Ewvj31jWusEVS6bP/Dq55Wy7z9
+O4iUZOu6puQdtPcXy5MlSFoue/DEJVbDG0ecEpdk3noUexbC0HBZT9D0I0T8OVO
xas0G8xROr6aOef2l4dc7OnCSHpM9U7/ZQkDkx1UgsgZlT9hDz5HFpYYOcJBDUyp
L4crccJ5tNtbrvYC59KtjDiEvO94toG+mHowTIppCNXvqsoHjEqX60NhR/y0EZ3T
q+iwcUqHYgJfxb4vw2DnaVIXm0ssZLwOPvwopiuERBvFDM+PSBf8nCSAFhSqp4Ca
/yN6T/pbvi0g3Lasq5LWmGfTr5zYMm9VNLxQXFQxJs6szz9mYihpeOMs4Nyq4AEo
ntd8jvdjPKD8O7wsMZDRactKQpDe3fExRoBGlHGBEQM6w2ikUIaGuX9L7OqiKWkL
pjaoUZsiK84EfqS6MJ2zjW2P600gdNl0p91RIksMOAO1fJADB1ITzUMCVgaSDiWE
PuOACtN0A4jHaJHfEh0zcY9gSXw0SF9PkfCRdbcEAnx+IxpaB5BeIpfolFvin8zM
C0f7fCZtUxUxUFTeBJ8BUMqpKGZHQ/LLZZ+KuY0/3zqeZPXxyPIZRsSTjBw3OMOS
kJnlhNkQBHnQ7ywFf4RH1e0cigT4j+JGYwEHffOx5vzRKyTG2YW1he8OoDJaQqE2
i1vg0IpXHl3Vc3gIEzTaMkyQl/N/JDkafX57i/6/RJzCX361Iiq0eIeH/qtk153m
1bJ0+6hPi9G2K7v4H5Myth6jYkfc6X59xFAlMhygEyDp2EAvqGNtjgDhnliPOaTQ
9k8bzpgFhBJZge2adwbRiHWLQ2A+TS/gJFZFT1/t8p39xKCqJuZjKsL7wUN+lCN/
I7aRoxDJ7q6V20IO/WFaBaNq/phAHQT42DKT/h2dUrB1nRagxQAl1MpSiLWqO2MH
Lnkmh0itXrcAvpWWQNKlpUBPYi626owB3A/kKeUUCWjoTSbyhr3KHFR5/N+F/1jb
6ywpQ73+7XBHaSYI3T0qWlECr5e7Yr7B0X44QRP2GvIc74y++xu+G3MKe0YWiUvt
4pxnS6ltgdJT72KSz7UTxNYya2YhNYJkRRqoqjRFMdQHf1OW3l4B1/qCHYuTwBDD
YBbNaD/PIlnXofpx/qdA6Cs3vxZBaRZPwcwBP7bQKVGRzxA/2v8UFzuZOu3nMr7E
ig0o3q3xadvnZKVXkDdc2GY9euVQ2EdicwrSXTV/Jd5jFxJemM2vXws3vxV61kzE
2rfphx+dM/y2WkODUG76nMcZmsnMIZKKaOu6yx1V6AZZ6UcWRAQmRXnYH9EjFSRh
Pg6RS7IEgRXCW8jdbHUQScQBcc2RUO0EHdz9j+jbJTQaYgtmSxg5zdFEQJZj3pGq
4SAVXTEjt8ZjYCmuCe1/V+rBuuUKwYETRXyx4NBgWa8ha/QTRJDRDTtgxq51gfQF
eoYu53Wp2zonLl3QRy31pqaEpRzdvM7stegJ3KjeIjQ0QLMrR7DwB+52j30LJAW2
2lLzrEhbIdfWVJyn3aosvfwet+tFqTCetgnuH0sJSxw0TKLSq+AxoonwoKuOcS3k
WIfaZcPmv9RH0iVxofjm7BvVVbVZvgrSALgVKxnUKa33vZlFPPdsc5INN01TdI+D
rCTvSK72LF+UPa19lgXB0xFWDr+I30g2bfhVKAFBfujKLMZqVhdmoDKRZ/j7/1i/
Cl9EGYhHOzDrLD2qruxAobbttcKYq8JvP7harelGDmZdO38xdgV2XScGEuo7pth4
BLo1jKm44LKVtcBCfCUfU7+wphJ/Euaon26CuyU6+dezyywhjxEcO4VV74E/EdzR
InkLbny8pr5xIqYE54HOJ8v3px1/nbWXR1YiHQmWzq1sGE1XJrQC1YaZI09B4MM/
T3WRIFDpzWDtP1cr1Q0MR1aZx7SaxQCSZREa7DrmDRU9N6S4ZFeGhSU7f/x5MAkO
L32aut7ay2nIitLMAVaS2FGU3/XLuz8xZt9RKhPCRti0cnFoD9y7TCOmxH6b0E63
GVUG9I9dnHdhxzK7igeTi+187JdCFxEUG4QK0tIAw+JeJd8CGocjo1z7dTh6GQA3
Ql9HLzVc/9x8EODciq+UHXkqzFFWPtEIz/IbxnDeTUyQ1HLM2Tno9mxh0LBBJxCt
3bHcAfYS3HCvwW66DoIsngxPGrFrzTggva1LN1ysWIblQfC70Do/kQc3FYiM4ifk
A4LHTXoAksEVEKPThPs5o5NU+FN0mnK5QvPDqy04zE4KACgzPrATT1pSjusROE0y
ik+tVqYzAIUmVsbnavtw1g4Q2c6/mNWP3a2YP4WpzFphZZDw9RhgUiK3o9e6VMJW
XoQj9Hm8BCQc1DDInHS6ZWw+Scf1Jw9DPoOs7ZE3NHI0f2IdBICcPcUDlzDF59+/
NBO218ig3yz9aqNSFnMUpxKCCCB/y3cONhQK4fz7huORnVesv33SlDVuuZXUsllX
mH6M6e9BdvJS1R2jUvYbPhPAAGrA+kxHBtkvkx9yYlMq77gEDc5NE/dFQC+DnX0I
hvFaGEfhjoXylIHnEjSsWMQU5mot+zAutX7h2KSnMu8RtiK76H9AZQxCXcr0QZrL
H3VqDVV+tiSGpiB5/ypfNxwjs4JxIpnHwFGs/Cpgl3LH0IQPOHg/Oqa/WgERoVF9
FTdxD83qQ92Qv6Nqhi3MOwwFQN+vyRBG4re3h6KuyQmNvJztNKB5SePWpqMN83Jc
CrWDM8DNAG82DmwVJ9dOfAxn8O58FNj4dKxmmfwRqYYhb+DqlOTOOQnMiixMQH2f
E1MGz3IU6knOj0bAr5lhXaq653UDneU+GDOWzDlmM3eZvHy0lRjqXhw6cnXuDRZK
D+cpQS+AWwlKg15WmyiPOKTvoT/rGIQAT+7XAzI02GXF14VdQEM1e/IN3UQKhsi6
l/Srk5rAufjWCJhGXpOCn38qFi7qoR8Zlz+Ru6QB3Mf+gmxfd3t850lJYgEj4d2V
Sjjv0ypfXgcTLkVaxwVXZiQsLbe/ez3rtvr/i4IelVR5Tofe3niUkWSMq9l/lMkc
GMyfqiN84BarN/dyj5vY+8TX+NSGWcJnTucKirYzpj5hXSQ4Vez7YRfwI9FOkfOk
aStRatUSsIUW68rcJ8a9dbCxizivbMfBbrxkwRQqL3Tio1XPQE6g9fCx4d8XX9zT
hljrBS3t0c6DJiXBGJX7PBj6hiiunVcmjftp4KGTgcPZnH7XwbotzxYBqtAZS3yp
b8RJkGKum/h7rv1+3mOSyRTOEeeZBTs79el97uAeQ+b0sk0m9+EJRtH1pIiaWchZ
XZKxCLNh5+tDLucKR1jREwRWtUPyP4r8YrQt2cbShTD3w6wcWR8sQhD/CFFVCy9S
cIp7rEuFlFaq6Ktz5BPjRiUJEOa36C0BKYtRBbYU6VjuYTTctZB/X1bvfxoaf6Lf
w0XhJshxmqzrjEWtZmMuksqHtztbnyHc+kXTUFDzzb4tWdpwgJx5mF0jhKkOHaQ2
4LdDTRoaeFkcHgP9cqWEuQzH9zd1/jhGpAoU4qvqa8q713GfCDAUWWIPjQtIHiar
oU+956ZuBx95TZMrdgehSW9qW1JKSLqo/0KqJNmCEsmnDtqXOOdy4mID+ORFENW9
nG8up5e3efMaZ1X8XD8NUPfVa9fZwfRZ6A/s39V2Q6yClpuTnWyxq/18gr9AvGhU
dU9NnAsP8rQGR9SNk5OhWq+Cm1/IY0yGLRQ4uc5vMVJi2eBWlFwB66ZYlF/L52Yy
ne230DF60JcA5NDgI+t7HbFJ99Ix+oLjWon6t0kTM0mpOopFE1kTDX/EycrQPn0U
7NcN7qJF67LkLzOxTZzPBPdJ0P9jioArFBYcu4y8i/EmLXjxOerGADidcvqjGDGd
td0HbVtng0jpT96hDe96AWNnbA+HPAlKf4ofL5SzNJH2NpeWnEIB7o0hfzTWyZ63
vYne3zuwVviw1EcMCC5eRT8Ud8jA38gQaZ59qMqpuVKm9OOU/RMKsrEipRrjD75B
IR/RpaJrldkCcshlNKeUYsf0y0hKWf6JgSK8kBQcS5EH2f5xH7dunTG/sZzARaTf
RaOSekjzAqDnDrLewhwH8yJqS6h3CL0uPdBGnCBbwGBlh4ICPOjkZEGXPa3KpA8y
JCL4EfGjvNUkZ5QDZFPQ3p5K7jZSvT2JygEmqDC8ttcPaais6RO3eXvJ6J6rY4+v
E3yGMO4MdMI2sznn9iVumJ6wAUWWyXM/45TihalX/JXX491ELcFYCqIV059PTOlm
7pxQ1IBGpHtRyuOFufdWFHGz4kqJWIpoAbj6KVHX/5nOh3OycequnpC2dphVMxnH
lN1XbDz8l5m13XBqmehNKjI9kIkplRCHDB+zMirmGUG73Vn8J3ewBdwcqHoRWgS7
/Yc8xn1yTLSCpb2CR22UUt9osn5nG9V480pKAQ0yl8bXSRfd8CQUgEPXIHiKn1tk
/wzKI3vJHZx3QZ0L8lRZodPqQHWssLyWfxLI0zdef+L3xZdm7YaPU1rG7IR9N5IJ
oq2y9vDYA3DawdjSx2i8kMPxd5gIv8pPicKMl3wiQA/yOK7sz35cPZj0xN6mXd8d
Gm+Hmf8XInZ02ZlDfnHqSWgMLjayC4MAHaGkjZcFj9VRJDPKLqK59JBwvzsZVZCZ
wDrElm1FFHNMRMtL7+SRnDcRDxMzkeuy2Q9hOxdDGWxjZHDbfkywtc6gYb3wDar9
+CIlbywOg9OoD+xuvTMwZUxQcatsoArb+0AwmVBVbYWoDpj9ubvJnygN6cGE8qrh
yXYBurcyZPnvPdj3e2Yz9pol3GX5zcVSMPtXRWg65ALJCSc+ihDAicTyxVZGqCmB
y8iL0GK/31o6lGu6JZLfpJ92nD1eTmj1IpPE0Yrv9736ZPY64T38U+aZoWpsB2ot
ooZwImARdwuw4zBZPI72AJlSqmyDktLu8JuGamupGqGZZz/CWRfe0aSyT0KESZ1B
zSEJj8hMoF7T5/43BEBnvgFY3TO94TLhtiYPPJy8ZItCEcbZ9tXrhgRr7FL/dy71
OfIzGINNXgOCDrAK4xVsgZU41ETWHWQOM44IgIDRcnDDh3QUywpObfHtxSwFu2jT
jAnPxTzHDE/mKxhosKQXaGwJDOHmpE+L4SAB6vhzFAtY5Vp922zndLHeqB1SLRya
m9UN52kUNCPGDxH/gohAXU+w+fex8nl8BsCfxrD4goR/2PElP7wqgvXQ2OwWWsrw
ZLd+M9Vra7XrSMKijmLiheIwl770bFWelbaX8yftxLsR5XSiiJ6HykHM09RSXvNj
4rTyu+J8SCv7XUci4BOVgfTwk6QPBxeybLTl4ulxzuUj7REYHN/AAuZ9Ust8v2K4
x+UhlTEO5qfISgEaInYqv4a5WkhuMBu/3SCFgLODjnDKRwLxpYAHotPYW0AuL0NN
gXUgcex6cdYxKxlFLXlP/NjAnrmlNkJCPQpoLKhKQqV17pbInvx8lyVeX0nVnVk4
tBvH9UrePyamgU8D1sQpfeOrPNt0UcSOMy5yswU90BeOLLixbj6VhWTyVFO+kBi7
lZ19hfqtZft31iHLzRVLatjKXTeBkTVCJuzvTRcr/tUUH13Ngh4caO37L1rYWmK1
fsaHFBOnSLcy7d2SoEHoBihd7FOQUT7ckPUrf3DOSM+AID/yea1EXvRoCDTAVZ64
1882o9jUZaLltWo+ioxXnEsn87SBYsgnNBI+U1fkKJ6u4RxmqXiZo0Nd3fGLcI2O
SgfQUeNI4/KCkvR0JPBxOgBRZCzHC2qk0PEqpazubctsqV9e1XGKLoCmYec3O2hY
FbTckihs6RVfoCU6ELFlhd9k+doECJ/AdfWKDTUBmD7noVtIuufJAzSRpsDh93cX
ow/akP9q0XCN3CmIgsQpUUgtqSI34Hk6GveRvwbCJCk12peuycMciLHzQkxgPGj5
07OERjoSIOUsNJbMbZv4S2HH5In0dF+7vqr/3sj/ttuuH9EO24pqGIAXSVLZllnu
rrQO+KEMFHD03AoXM43Rqy25VuE7Jmbo3mbRRoQ8h80lqadxqmu4JMoE1FRpNMoo
yUtC3BDQJsOJ4zKyOBLYZL+VSiDxQp9nirJg0bvUd24SZHPIFQ5pNldFGiYPl/jL
4BnyO54oaPCaHPAPArM22eywlgMStiRKA4OzVKqy3y4q+/6J8mWFTmrpKqtsN1HO
K4PUcbglb7lAwrpxnmNRnhJ7LlOFKSU4RVa8RbELJr3S8O77aFIBv7rdNHP6Rh7Z
bvwNYq6Po+LMMsRWnacV5O9Gwqp9qs6BYjH9+psJu1GrbM4wYzsgS42yS9xG/fxl
s8oJGYPq/66mdvItHa5hIRago/eeX10Wo2izvhDPtIRzcRRrh0pj29vnl/cFpZP5
ajYZ0XFru/+I1/fAlYfzK+NuSenPCUbu/xdGyFAMxUgWUPo/LuNTlJSeVHDmwgj6
+hQus1bRfa0DSmRi5rsP/ClHNTmYxcJ+lfxp5Eeyrmr4UZu3vHbhZIGZMxD6WtT0
CLUFL16YqKqApQf7vfGLbfhd2P26jwvGAkFqKNxDh+4EB6OagIe66/rkwhq0GLBp
DtTYItOeaiwLHhzE/upk7BclLBRs595c3rBlOx4NTMNqromk6JA1eXfgaDR9O53/
nxNGtDzcMuy9tboX+l4psTNLMW94vsMaBeDH0SlRe2s732sXpq3206EAf6jb11Q8
5v4lRY+fXha6b3SAQRjll9sjav6L9rpzhevbYS7Nz5cG1cnaZHHj1zaKHBa8xGmb
7GDHiV7nZHL3B4xphWI64ww4fNF0BfO5U2/g8Ad7O5OJi9JvuxfMqdy0q2tf1muN
EAt///OFbchVpc6EHW3ZZiV3AjGcXEJ4UT9NOKU/ZPduhs+PJxafhGDHNzifDBxs
GmMePFwjtotQx5QDdfnypnMN9xoUlHTesKuAw2umc07RJqZjAkMGCJ2SanCfWrQZ
0m+YWtGX2F8MzrSWZhxeW3Utgo66/15nxCdwkoFx44ySrrSsj8+5AYiAIvRr0NyB
jE2tPNyqEIKdWIApVepJROkVOVOdYL07E9tLYK6A1Q1vlCZwAXJzfHpgeBYJ3qt/
oE1oggY1bGDDK+Cb4l8YXpOXV+NnZX6XXCuSrQqcmhjdd7D1uTm0xkfx4EcWKDaq
VEuYPJraza1O1pGqD4ius2HLFiIFML5MOvhOCnMhG/AawlHNQhoicsDDN7KYaQ35
i64Hr6bzrCmQuM+HjcnJMi2oALz+oBrRTfW4yIxA1LaBuqn3p3vNRs9b9YX6wYtJ
TtK6Hac8BxeniCEn1NEgm85bxHV+hPIEI8Y4ehFgpT+546K8VtSLrEQa7bz+qaB+
0RU9dgiKqucZgT+6FrkcZfeX98E/MjktgJDN13sQcTLTAOVkkIqK28fNpwjCii7g
obHsr+YchG1mdzoXQ+06pcQJ34zdWOmJGBqWFirxKOhKXVYcGibRF09x1wwpyEqL
nvV26ba4dWsCwJycNelJ91+Nn6HDUjnflnqJ8mlhPqCeP8maSdgQKsjaWXANDHY/
zYLUEvvUBeN8BD4KEAoePN3ZhD3BEJp5yg8Ng53qB/qYcWJbUjDBY+W61QnEMWzu
PXk4r6ecuc7YIDSNZZOFFyl0G6kS5qGaKExcvKkz6fBUeY3sh/NNAwafU1FHKUK+
0rPdYn2rwWeMsztT18uU3rHbSfjbMnbAOCfU6zDn5QuPBa8AHbE6D1w5DiwXKtLn
VUkeewQE/PJldJXEud9KMUBfbX/H7YgYLbVWjqofJBDiCCXSSz41d+2WM759HzG/
45a02DngPxSp4dru9z1h5d0JVFRUufVYQCJGzU2iR76CMJ9gKsAj/Nk0TQ/es8kd
Vh3Ft2cKFOef5lllYh+2YRK+9aUkuXylSwMX7sMmING17qewE1t1oqeOcBvLrQwy
lCwaASFFNIx2fDKcliIs7JMz9SVYLkSZTXuxCecHmc+B8Y1KcvVP36P5hic5d9JI
s+7wHuTXy3l/35ex/Wb9ovjvW4ZbbCf7jiRVU+Tcc4Lqotj+1tFZDWP7TRPzAjpe
Wqj9wocEdWRVaks4sTfV83suBKOKFzzE90kiFnjn0pfk3gsuXbzWfaRESMlbwRbi
xxYxiP/4UPsRy0LeDF4x1X6rrpC1Ofg5/0V23+V0r+NM5BJKnuBXpB//N749g+Id
pHLDUItCimtaFoHVjY2GzpXEDScEG9rmr6u333P6CRT5Qov+TaLcGQ5zEUfkHnyz
o0bVPAg0xZartfrCj1syi5QxXbtXw194lK/QHv24jh2rDOzFR4wIGoXtaTsNDW3c
NZ/9q6gPgyXfeqHTSjv5liZpMri5+Q/D0J8CiW7QZ6eaQ04lrT9jPLEMYp+HRg+I
6b+2edIjffB0FrBvN6D2ADm7JzoQv1YtJKTc9cY7+1zQD89dRmLxYP+MK1+gwIYn
FDLyvg7+Woj0cwAHqIB6jjr4U7b7nEFA8OGoD/acOQ8XRJKB31W6KTznR39UrCRA
UvKn/DCnbuMH3cXruqyestuj79falYENx5V3MAHJUEAnAVWfq1/xBIYI3hgjrPJg
CPfrpOEAiO032IHbRAaI0JrdOtAUPovK8+9BB7uRzNsoo2txekXh9QiFggioGdOS
roUBkQjp6/JGhDPddQfMgyYeEzps7WST7bdjckoE+s4wBibpc3L+jEIE+L5I8kc2
2rCzv21nBYTbc5F12rZWrLLYRoeiTprtKWCmulcHAV53fTKiy8OcEkKifntLJ1VU
u1w+W+bGcx7PRd4siYzAuUVb8GshQyXDrYc/cfizbROgJhSdbpjBZDg9Sr/AHL1/
U75e8NLgRwra3tSlWSwUg2JFrj4Xr+tAalY90dMfu+jEHCggg/yahdwif82ltKr5
aXBRUbcVeatkMxS4siHhMj5mxWlEPpgzr6cnrBPCdlZN9nbaRJ82MYjEM6/Ac8em
taqd8cQsjKEHqUijN/+DKsEq1X1WQkbC1D6DbSSGIsB2x2xLsAVQfKFE8gKTDmRj
AhT7JGcgESZzLvBKU76bFvy4VuYAzDvk6REMNk2pRjfKDJwWEnhId3iOhNA34FjK
5GfJXn0DJXyn9rggIgG4KMnZrOKlzXXzSjREysWU2K9l9aCBfU1p6MFsn5q7Edcv
2s1XB/SRoTF7SX8Wo+pA+MH1S3C5bAna11G0Ib8oKUV7caqKHPrPo84DVQehWxcT
zSVVgI5ikCkIe11cNUbs/fpbaHyRB0V4lALJoyWBaEqeGlNt8zkUHKiy4/tuBvty
p1rLcr5t18Er3UhtF25QqkqEGpkM9JmdcB30EuHvNDKAARiNC9/blvcF2gMvtX7Q
8YULu2HEdStBFenRM1XknVqszvtg7w7WIUvuwVIdMICMGT9ADdCdKuhAkQW4d8DJ
jmesxFRPf8cpaGFFQBejbEND01PpLhBmU5FfCYQz1d2PAhi7Cy7jT5XDMRP3DPzz
yHysrQGeonDb/GTLHHvz91kSbDwn08GYBc7/+XwO6bhy9mtCFfMgKCEIt9xYqjEp
opch4QVZtV0UVj/8InNrtAxII7tbr2zVxsuMlX6B8c8Q8VMpUK9cWJAAbUSd6ypP
uiKDwyMr4vypI0FiBriNdmBECCY6jA+SQeSJgBY+dJhYfcIs/sascN4JKW+9THQk
FrgJWnbzI4u2F9Z7F5GvmbSsPXuJbfxreYVkBVCuw/tdUv0HuhF5m5MbEkgYtF+3
Z8Nph9ZEkQN1tF4WSLKgBCBAjx+grNqP164S4EZQ1eqYf8ZY22aMbd+RXFWVPF8d
JgzwBEDARU6qwVWcaJAzyrclhewMrS2Z+VoNJOAs+1fWOuBIcL3T2Ewr+yPC5hIa
+XZMdlDqUBzNWoTYDtNE85CuA4ViS2kzdEtIcYLUmobEgVcANtIjXd7+/LlJojKa
EyhbGzAXXT2X+NhBtvjf3Qca42CzNeG4CyZ3Jesq4Vd/lR/bWkx4Ivh1lYfviwSf
Bx1GocMji5u5miZUWt00JKAmnQoX4Tny0HfZOE6LBImwiIL6bmynaos9FruucMxO
BEAiTnluO3YownBlEVzTeMVxIZM08GsMSU1uWXj8LR0ShooGxC0sVhcYrMArARv+
wYQO7jhg8X2ZuDsoz9hCr97UYjcnY+Jvr8b8j+EKT1EMwvSO/cGWCkyi/gDzZPQ9
DQxvMc6NkOuvbXd5upyItLv6wOrjysBnFZ8ta4cOYZLP/oxJzpS5NvsgmsWLL45x
RZdh9006SkJXuDKt2fAgsN5nKlGoJK0tm01yLfBmAXixtVoeLcqg58mVrmx16q43
caKlXoxt6VTpJdY3gVrXtZdK3MnZ9KErIpv2AHAiToEe49wyn3GgimN9z2CK7dzI
vw3qJxAkXlrQJn5Fdn7UiaYFrHP6nDKRSSX8n9ey4ftpEHwjwqk2n3AfroR21M/s
FS579TbeIFfvBBC5PcqZlOvgW7qNKdXqKHRTCK9HWK62Ku+Erv+Y8N80ZbppgJs8
yGGa/1LTJ5n1qhwV0V3Diw6tTqrbE7Swp5k46jPvQ+CeU0dVBTJugpNMTLMPl5I5
VHRQ5i2N6p4b360twrUgIBCd523n8DPK0w9J5U3G+ih/qFbOyGD6VDZeG9ONJmSB
f99NPImMK3oi8ee78INfONh2Vi6PheYY3xpBRy2puk2IQ37Jf/bVqzqTNhz+Rpie
XQ7HoEXL5mgiItWOVPNSVXUS0kc2tmaNjC/KAKefMjWSK04+Xp/DHoCbF3n28BmF
ZzXqXhzZJGloL7/jyGoTyyIJYBdu7PKkbx8Qd/ehJq+UNT2UF8h+N+RSTcQKeTra
tH0dgU15VXgbgt5N446gWZlodot2mPyeuArrQaoibKrrT6Ud+3WbYhwtbNpX/Dq5
93Had5jT6X9iIXdlwD6HB7RjIO537R9gJGe2qxoh6c32xLSTJ7NgFEvijWzAZohi
AK0QHeXpupfjc6YakH2pqMTerpC0FPLkN/O6m7ti6PUHxhGRoOy4ztWFdd1pc1F7
cbRmjqBPDb/ZFVO5QJc4MUIs1/zlet/El4jHoeUsdR1eaTw8HDr51DXYYLVfc5uS
Tv+DsElXw99meCifqdvUY6zwKCGYiVv75IEhh7vyti3FWR7Cc2mackkmpbEzsvIY
lPUd/JiwTNtDJkJV1INwQUPVYDB//pTuYbX+hnkhVPOBUbhRjvWXLmeeAoEga9YA
72Wgitj4xknk9bjNqmR7ofrQxz2zUpHc4xkdg2kKIQeP/KwHMteq+VRvRMjaXB8b
WvhOzwZ0yGLzxMlI208Ol8+vUosJvb2JPSJ/w7bbeZIsvohnE7BFYuc85l/czRTi
g1ZMzCutmlR8YgvpHndL0Ip1rQ1Pi2dzifExD1DpNV2fuB4wzjPKPQLt5GWzuiA7
hT8v3qwi1wxY3Mh7NwS419pewCbijyrjteBjZTup/9+Uxs8p3tkKhKSgqiCoOSU3
ofXoeoHhFVFA7XwN2U8PlUt3RjcdKmVp+aOEFZ9ToXrULW72U6rOSKDtTacg7qPs
s1IlegwQm7UZWf3Z9rxXEcRVh4QFB9/gnfqCfrFpxoLqRiTyUPD2tTUFPIH9SHI0
1DWbSKB3fJMJkfT7qsL7s/bCfoYUfqf/qd3ipKRE0ZmPlTODsFShLeDpP7FqiLzx
9B6MJXoXqZvHaPVMCmA7YeWoCnjKr3bVTlkwjf/OlZkh0sN/R+97mU2QYhj1Fy8B
u1X963YoZ4xKccd4o63QrOcB8tUIeF17FIi2I5OTDRtcfJe/hRbEZTLbvPUrf6ud
lv66HiSrPkYrREi87tS6nSkFYyq7FJwi5tJbLFErHuRUPvIxY7ePwbNngcYnlssK
kM1f7gQ/qkU/Gshhb258k25qWzJGFUmetTjxgvpijKgSdZdsTe8oKAyksl1cJj2W
9OcLNGfapADoKWat3h0lUre5w9Lr7CoYiA7WFHb49SF46WbfwgC3WeRs5uPGTegI
XdGbXMBAYdYXW+DXRawtgdJdVthkpUH+OdnvC47mtYiyKL70ZhluaZOAemGSJGxO
W44Hke8+yu0CJ02kWRNlX0ImkogIhAuEKf1ONgGltyAFKJOMb12Ungaxcd51525p
evf6AbnwAaUlkqmwGnH0jssXc1goTj49H6Dhi7CC261OHgWP4ld+LOlUEz/qA6pP
uLDv22FdQqzhDSZ4Bikfq7XbwdkR+H0AB62vzUuH8b7rMr39XgwuhdHKkYnlsk0o
yIN09i9rwRejsh7n4sKji3gGu09NZWo4U4wieW7vZGkBMzZoVf1MjE0wUoWpZ9Lo
0pEWgtTs5eSnzh2Q65/8pCCPJmqqHZnu0ag1z8qsFOTnasc8EyGowLumbKGi3RvX
erP1yujG+h0OrHpUaZjXpcQ9HN6vTRgLTpkXcQdKBmn08T6mvHQmk37WroFdyYWZ
8oT2Con9faNdTp4VI6nzhl+ehGw545g+K4Y0f79V1N6AKqf6y909842atKnKXxyg
em55oA1cF5p/zTeeUwxnpNtD4rCLlh61XfATgiWNZFEo7dCzllCdCJNPR2ltNldq
dfRwAaoyfam1wlv8vJeTdSQzPWoyJ5WrP3QQkk1h7qZ+1/DA5tHOkPQUPdU7YdN9
nUuKUbcgpt4XBfBSN+AxUAS0fpXaXHUvxh1VMqvMmJaRjAe7VFi2RKueh0jMhX5g
umV+PXRWU6Av3gJxnTMHOLqpoYj6dh6SMI6Us6HAquYZOwG+6XjC2kkszKDrKUps
jdh9DXMMlRbofPVfaPsGh1d/qdjDjx1KN7wb3WT7niUNGvwh5OHy09yBq8fvb9+f
yX4/SvI7dmDvez9uhLzn7mguW40OZWI5PABB6E77XNFNcXCTli9iFa7gW3XlBwW/
QFo245yAZLSBJa7VPGMalxwmkFS5Yp89fBEg8n7UwIx1M+beQf/5PY2GJ9b1D5Wh
nhnLy81XKGbezRzAtze/6FMtTOg2vIE+DyKpZiEgzHv6jwWF2OEzuvWDiSeaEx+S
7H4hTVdJGUHXU872Zb58J0LxkE2522nZXh1WNR1H/VM4DbcRLTBd/J++1h2zIZA+
G7DScS3CG2ru+SDs57f8wKPPBdgGoCfsGzyqQo/W31Y33DJotMV+fII4SnZP59U9
b9jScFzCUi0gwG+AifVRVG+57U8mTokcg8loBLWx07tcjMtgAVcaPYeW0rNZeaLa
huXwUqv+VqsMY63+NwZ6/UT4XHoCGgYqCmKX+2TWEa4Sc7Vcugy5ROmOwdU3Z8uZ
Bd7AYFc8Wurp3xSvLguUb2s0SAaEMoZoNF+Iyq2PW8z1V1Swv6KrldAb3pWdtEuC
wj1P9bUPPlwxqnmajdYecv2B/Ins2ouxdb/5GlGIHgsZqpSk4/zcK02RM9FUYj6b
7jkWlRXHx5XYe5htZV3xLzN6nN6UnN129224RWo4yJtua9VkPVZw7fZzilcilII5
GalJ79ZwD+8lHIgktEJIDQrEzSCygXb/114+aEe9PxW3HIXns5YEPZJuYUWfIxga
dqgDdcmPRIKEsXoeIE6WkzYxLLpG+RKCJm3sXlznA39nBtDRysEEjlIPm1ZGZxNR
tA4SVAY8L6FhxBCu8P1sgK1Z1OmE1mjKkAiqnkE881bUTrBj038aHqqBsVJ50GFk
Vkgt6mONM3GmmW0lZXArUzXn/a2Gyy2uqpWnXkae+nohjGZFsXrUQ9aNytaBnUv2
aT0pBvOdJekEftTZFCVRP7eZ8PsPQpGX/Hl0qYY9KDFoaUAwGwFl8HpIO15i7zB1
Eig6egC485F56XfuRZfu/yJLCXwdcd5Jor5hMUWfXt3dUnYGVhfBnfM60Z7/ZGM6
3+mqrvT+Djj/88k5cr+5Ua9rsWQr1QJ606WdsA5OxhNNqQFBDRHrXO4lLQrHHpWl
k8p2ktkPFiFDIKpmKCfwdi6b+kB5DDg3cRBGVEWd5n24bo7geEFCPJpdT8BZLi4M
PSEsWju1OjDYtyTfWz4O4UBedRTTeglAJmSJHo6i13RT3HlG1HJTMSh7pV0gxKrR
3SFjYjSUUuFO/X6R8cQWKF1uF7qexzn6P0fClG9LW9RiF3xJkE2R2ikKNb6++RN1
E50MuSNP1kuPTOFeO+6BjK+6iDZsQs2UJNS8Cd6+rSeY++QjmkcUvW29jYL9RPdV
kXVMGAGnhqHypM5SIfe2GBJGjAS6Flo1EZcU4kuV+fWJjJQRMeTlRewgJc5rgbEB
R3/6P311t5c8OAtKBGBHzEijHvritxWliYLq0d0MP5lEHq9yD3WHR1CTdcFxoXpS
GWy0a92D6QR4r34UHnwnKVfV7RhRNjwNAPRUsmYmziurHw2Y4zct1E+zzfKbOriH
VUMaztlA4umDl+QWpj7BboADU4ZISAHXSgf3D3LAZFQcZftuFGlz8MADj4WHHgap
NnpDTUQYtesD/quvFVYwvOwl8d9ge4Nb+OetuFHUGmrgeD/zaVZiirXYO02zG5dB
lMHefyRHK2//AXVntlD92QSqsYF/I9nrMoxEbn7SpfPpPU8mLet3hcLddIKWORoE
9Fq/nyKFlckfpGtGIb4D2+YPCyVTrasZOKzlnlVd+uNjFdb1zSIVQzge4jb63JZm
49TRWH7BCG/csngcGcpJvyjgFJZVTYriVLRqq/1CQVbxPgLB/X5vsH843XCrozck
kB1hmrmQRP4oYwZVSeVbpAxuQ2upWv4+lbuKq7Q7qt/xC2/Bmbj3+KXZ/8ECcsoL
cCpHhuktGxG4QWYqL1xBqkOsDkVnpH4338zm9lOKpI+oLJ/+jx+Bnfod/3SaBm0m
M9+EvjxYRhACqPN8Q7NudCOhd/YNZmWD/+wq/HW+XvxUOELYjCsSzmcjGB9wf1Ri
k7xuMlE7wlRcztdMNQ+QXSTO7Br726lfluoifHQdwEX7XHSUUUO/BUXZJSCvHh3N
g3uCSINYR7oKnJNGD0S/J0ngqyfMFifVlDUlTDHq/dYBOEngHnCpaiB1zU9MHcyF
9CFL5qyQ56/Csl8Fo8LHV8B813ATZnbqmHteT9Q/O04weRDoQ+5DmrLVv9W4/8uD
41jHfW8yJHHwHcWWOBMHHGbsGo6oKQtL3I4ZhsKcokdMjnid1KrOeqxkIJCqtTRI
cUz8jg84jNGeJQnj7FuzdXqlo4i6fMJStcqbhkuh32naqBPLsPXgU9rVeYwEh4RO
cRShsbdJfu/68BEZiotwAuoXnZijy0mkGQwjN8E3b+RixiDj22MzPMuszoYrYBMd
A7T+FG6tvhxBKDOrZD0IR6ci8F+oLiyK8cJ7k8A5j5lAHG2vH1iA02xWi26CEtQE
OGJx28fIhSZBv+rzjkEVXkNymYil/PW1ZYGHUuPAYcwFOIiVYZVkwbOEx7Cre9+B
v0hCJkV8YCBzWwfmALqy9yi48PR4672ypa3bb2VUBy2JSRfZf0r2ISgpSEsrk8FB
/PbeqTu4WHjHYpTmojy8cJFxtRZRvqHw1ljSW3eSU3HecuybCC7xJral4jwa30yT
N4VzjK9Psyem/JVaJPkvSKyDoowYbcnYpFPgi5f2adq11W25kdKNdYlYsQdUXBZ0
6upu7SwzwxUeqWAefeewJQiPrQlNjdaJcVnUZrjXgKRtZSn9uodBLXTbeDCGAGR0
Cava1gh+2GQho2X0F+DY9AAXmplmEI6j524HMEfwaWtPag0WzWyvOwagHU1sAbsY
Br5mcgzynxlbs7ct57gTEqk/60yrp3oKyzKc82T1Vw1jnau4VdU5ZCywgeWe5w2f
3UBHJpRJvIfgR90yPMQvoM+C+BVhJLTOYC6EX+SMUniLzAykvsDC4s52mU6rf0CX
vc5fWUAeCamumMIu6+pbB/9BqAbAr/YRImnLZKjmewroTsrz1fgd6Gu9kjXLGJwi
4gHUPMcixPNlCLL1rYQFNfkBdCx2DJmbWvtvSgUAx6VNy7Sw3Rd4WaEv6Frk38QK
OIXpxLnYkDihPPSy0XHTNkJs5csL2zNrVzsGY7eEj+VmzGyRokyNLoMXpIyzmGHE
Tt9fSG2RW66anfkkZVuzLNrrEKKgnceO1t5YEdyXgUWOvMZPkcOa/STskEXeRe/n
a0AbXaEib+hCMtZMWB98KSnyw14PV0HNaIpJWthIJKY3qne7FVgaPtBL8LE0Snw/
UB52gCsuIdpmQWhDw9VcYVY02ED0pWy3j4Tuz7rEmhDNKYmxDf/dpODJDthMwiF6
xWW0A0hBEQNKjr5X+VqXD2M+P2S+5Bh2HI0UHOOTPhObdYeFUWAo/eSSbCz49Het
l0Lq2n4zVrs9Vm4hpnT8j77Rk5Pp3/O+F1C4KvmVCluZ8PPTEXrjObPk6C07HVAe
RCWYh+FWg/K6RLurDiI0Zs310GL6Zs0g2owgB0aPfMQnWkcmAi2QUxB1mZev2Jv7
i4z8rs7LiEpKTNNxhrIvLbStj1LErE0Mb7fMCdbvT5uwrB/POsvGuZyFliI71k/7
6DhLe76KxounwPvGzDHJDE0gV90iMbFN1E5xWVC1OpYzia5AWCh4e6Px+CIcj2XE
9MXp+VcRlyQ4seJNAmTFM+rZXT2pP2vSJH/jkPF1RXjEz6mn9yM9CkW2bHe/Ep23
bjsJIVn9KdtlXI7XLf1vM8Pk1UQ7GucSc1ATPSROJusfuyTefGDOtCZfG8oIwNhc
lk6w87TtbnrXaKv2k4k1IH1PLMpgkUpXcjshGB62hI5q77giJmSo4ob45kRv6dHV
r2ep9wPqwTC2OBbz4mdW2KBBUWri2FnjWzGCU3eBaxvFxhfr4W9TCbzU91q6cOuc
9tT4kdeVu4xcCvN3GkGBQ9OGq0ER+eqgZWB+qR/fO2gfZEKg4MheKZeLOW+jd46w
r6G4uKXwKZdTZWnYa3N/S5XfAs1xGfvVtSv/w0RUpBhjnbwRoTp5xHpT5Vp/ONjP
ChDptc2fw1ccqXso4IVjKvuozOLj6/ABFjF0kye8UBn1VZWxOyl8Ai+ot8vpq2xK
c18lW4xqgpwvLqOTEC97MwQaTrDS/9C7/q/rCUfnXgK3hfm7JD6RENM2VEfSkG+o
zR07RVIzzDJx5ZxMCkB3dukFU8OBu5nmMTs8TwsoMjkJFYBbTeyWfYIoUNHaBEve
mHd2ymfMyM++03YSc3F3PDuYxCoym4BX0OVELpsUMog3pNxwFS0ok1X/fOiqdgop
7h4UD5P0MZANgAualr8oEtSS0bclgRjzORzWCoLz+3qq+0HcVXOGnJDlNOVRa13T
xmDAX1dMrIy85/8FBnUeauiQq75DN/kYzbf3ZqXzWKYhq0Fp6FCX5t95LEzfCjI4
Ym6SU1K+z/j6U6aLie7tgDg3eJSdwWPE1d/w2r+85omZ1q+1AwCFigKtZ8cazuXF
DdqO6pSTh9ZGs19PVj7g4CBVGqR80BReEIrDF7Lh7/tJZU8fSZ8MlQrMX4QpwI8f
4LpTp7Btr2qxaEx72UQVsR+WhXsUQKNzOXVo6frOdgrqdSqCBgB5OfJavWesZ5qy
CCpmS0mTdehqd1bfhzCu6NfuNdtESrjMqCy1lmyA+uWhpU9I9RE3S1k3lAC/d9gM
FbczV9yjABxLF2Qp/KvoUgReRdIkbV9bqyikpMk6cvIa6x59RFtnvBBuxWF23EJS
kuZ6iWFDp7tnSCplRTAWpls9nk4OjD6eLZedY9fkyO4rYy/uoW4+SHEtDUfT32sR
64XWNGaZ6+TYi3Wlb8PPUU3lzSyK4dS+KE6TNCsjrWWVmlUrqJPoA/VBLEKtps00
rxCBlxyBQPnjrApQnq+KltBCvwqOJTBKMok1b964Mfuk7FI0JPiHr3DagNySqsfw
0+hETimBvfDqP3QWws2DU/gBFCpHJWmwIbv7Ed83/44cdjP+m+3g9K6xXRe2L2g/
xpOeGe4oDJIUTr3m3dFxTYlLkenP36EDtcZWA6FEUWlIA0lI33rAwXpOABUOtSPH
D7il+p6PncDyFODamysCxdYOSEtVtGPZ+W0hOCcRpqt16OHPzLRIYfvPzgAuXOvL
ZhRUXeOklMUT2aTM+5f14ILYE4DYSUF8/ol8y2HsX8IzwcQE2i4IsO2ZcpBVubld
o8P+tMPNJOAmyZtl5j2QaxS9Bc0sK+jv9XPCqSrNSv9o7oLlkunPmyy3mINoFec2
kwKw8Ub1D7n3cYNjwSNPOTl0vgo1ddIeTtq3f0l36kKYzz/0sBhVlZ02OP8M7xZ1
lHO2BNJvHvFp/x4Nb30S/RPBgRysjGDEPOcSmYU4uf4MeIDNGBvpJ47wrW73n7cl
r4RYXCjaGJSFlAhkDIncSRVIVMi9BVV+dyF7pMO76K4QbvpwQ5NrUKC9mTXDLDUy
By2bysTD1lm4xaIi4ZxfGjk+GLJomWNrSmWIB9nxqJ16dcQHtjJytmuHP5vuST7Y
sWXCz5Io5iqGCAGKHpCH3ar+2mlF4IomgEHTfBaKA/pSo9Y1FATmmis31f4HPMV1
Tb+fwjG2dXyrGisaYziGksgWw4D/LatYgUqrr3um7Zgjgn8klob9J2nUGxE2xuES
tWK+hrUbkEyf0g57DiDNvbZcJrArqZIYRBw/14RrlcPS+Nb5ppz7CCatls1xSnpA
3wcl6dI0Q3xZZ9nNwBJj3dGMkySZh2jwSBaE4Nr5d+IMymxXS9Dh/FCVrCIC2U+1
BuUpK/RZuiCU5/lPXc7a8cenFd6oEDChCgmNaz0A9eu5SH9F4vbZmfx0x/OtsGf4
j8XtN9LEm6Y/iFwjR4IZocXEz9N1mu9wB/JwSmAyOqkR6FSkQ5Wi3moqiovmiJPa
N8CvSb1yGJIIhEcLptIQSUY/Dy2JWAqHMMa2HIbe6o4gYAViNZa0nygTPtFr0O2I
JuSy643BdLeVmDEsN2HFhjtmhotzDzVKwJd2ynUaJx+4xFyV9yCsr8WEhT2Rkd6m
Hu/1RHNvvp57OaanZH+FSmWRof/3ZPwBZEPw7XlYquLCO3xE0ByMOFbR0WTzDkBj
jSipLzPWqdIbZblP/1z2S4qtU5cttbvApQJZUFo8ULd3QL3uzsRatiGe18QfZk+7
KfJyU6IO6fiqV5vSFbweYev7Sc7FDQApgHqnnNlbCr9iWPJkn/R+I5FnIOBT9WCO
coW/DwtYAHEXIO5HnLOBkYS4wPjea1ie8mjx0APs0JQFc7CknMFUo96g8zc4Kv5S
uhuj1rOZylsCvrf9z1du4if+0GZXQJ6XiFpNpt3+CJrGEzTwfLecLjAKphYgcrIT
d9lyUorhRHyyeBW6tstO2rSHxkiRnk+nPuqlu4mKn5ERouOD/8dRIVEsgwXIkMgl
urB8LGl1zJV+B9yKvFazSAKwfl/CshmGLfX/bB67VVUBu0Q2sxzzka32Afghoniz
5bpCrAx2JxcAhrT39oKK7YApn81NDlnab3amGpa4aoT8PHWsDfW9C+CmVrCAOY6s
q87CalFOpr49oZ6+7+f3pyGJ6wIP7zeirGAFnYbKBjfwR18FkVGckSmbn4jLiQSv
Zp07EOx59BD72pPe9xqNDOVDLQb8GHsnxVI08myJHXGb+Y83WSX2Buo7aRqUlFcn
2ZfZvnR8MPR4paIboW3r7Sw8eF95O8gxlrd7g+FFBN8+KjmrTGCvY8agd5R2wL/B
2ZPdaxNumF303vDSDkCBFEks1f/nX4hCIC4R5L0aDHcctg/QhHLVx1wAUvnMgY23
CHN+Xl5IBxFjfhCOTmq6y5qTmeB5VrfIj4AecKqPCil1SgtisVwNZJmnmiFhfJW4
OGMvkYKpyomKuXxVOZTpWQt11FWBDwONbXnqq9M/OXu5lcX1cd/nmQLSIAn2fV37
xuEtV1KHeS7QBLeZtXu5BlD0sOULoPWGzZ5aU/yYi2M4byI27UCR89TLbsL79LNp
b90ptIxdDGIGsxW+je+vOZ2IMxdn5yf8CgVKkuzQi021zVwCO5KkwJVfvZ6PMg+W
q7rBdHEllSt+UfWelz8WbN0LkLvN4bo0SH67Bm0h/fiGhfp0tkmpVhTMjFABPSRo
7/a1aha9VoUqvcJSvIChHLK+O84ohfcYEkppl3yHYEXuJly8V8xR7z6Ss47nmCCR
IBqKd346j5E39BZFuhenMz4U0xFrxor8uEUi4ukrfUV6iOFGftJrOW38j/TJ8ECv
LjJBQ9xfdBvWXm6LdP3mFcoX7rbqFKl0fWriWqJ1UUmq/e9LJb3FRuYrlOLsEGMq
/miPusxRQh/lpJPuTGT9TVw2u47YaxZ/k0DF+ce5scD4N94PupY32Ku4Hl6yFQbl
4q/QDzFGs2t8j1CVe4jSuqGqDjWoGffmfTS8sfdPrrknvovRlw8lXZmL6E+NjaEP
Qk/2cZr1rM9MmnTJH9OjS2Pq4lcyI4zaRGlc7ynXQJQJzzbdOgeAf58ZkIzI2CfF
HBAXMBjAF/LBCPIO5lshvPvBb/GS5VV8+78YO1bGIMsOv//LKy+qRqhBN4GTh1U+
FtpA4StMqBGcDumwK9hwWj0P5iOfXvOz3vsl9fb46GgiwARXj/MXEKEuYgPDxjne
f1ZDsaBK1Fgpecw8JLm4AbHLdgNMZ76qsu4h5PJ6uH1yl3DuE3MzLMp3TAJLgx8Z
A5et7ZnWPmpHf05HZvtKnW+S4kmQ1MnhXt6Wafn4D/aGE5SMFg6voq7CMzVVvEiN
X27tuDCNJZgDWrggZ17Ys6BEKvEtUDD2uwZ5zxjM4+ZyoRWDEZJ2rsxBxOUfVRyu
wpQAjf7aBrnSJ5GpN1ageOZp/FPaDDBGB3TXLCzsg49sHsV5vUiB5Bbyf2bBV9QK
dmrtHou8upXTX+UFRTOGN2mpdS1wDmVT/YBmB/BQqPgM5AP8owiPR21kE81GXhoG
l5w0+sZDR3KJHZL73d1suKGx5khk6dW2KdJJnEaDJNNPmF0Gm0Ude/RjGrsZSLNB
1BcHHhLia2YvvZcjaePrrCpYmTbvEe19C3qGICi0KSmf/TQMOUehJCKyaEz1ePU5
TxVT8JgB7DEjIZ6+/Qlq7XeZKjqEtZnZUyNCgEkE5TqcUdG95kW8ofiHL0CbbNZH
DzGMmMQ7594BgrMJ/+d1aS3SIUWLEYBO3QNakFRmKSre3CLNCDNkMLKdbUhf1zf9
cmDTQoCXlwyerHKJkPIUJLAGd6r5X/4q11wRdSt4jT4OUcG90cd6j4jHYWgsct6+
bMAlv3hAD3Vo5VPJe6SSSEfbaLj7y8zxqQcCBJoVmqZukUppXS/QTKwcFDhFEYYb
jSdgVHeqPfHau+aeNKinbjvPbtRa37QdGQT5EAEK3KSNgXRGNx3dYJA89SvftFny
EykojfwJKeWdEGrcv30xc2eRhuKbGCtGDK5O4pbSR695jf1UH9ZWirWMCTIWJnzi
I8OLoQjrd+7YIJNd2nFPYHCVjgd9AroHQaRsEv0p4bbJXIB3apashgHJCBPENTdd
DJ20MxYq1XAbpjKADKPF6Tmwc0GZb4Z9iY4ldUNAU6NuUxssu+JTkfjZQr0hT16j
T0KBosLpTNdZXWr65ZBfp7DzGZNkzZr8Q8kshSFnIOWljV8tv+1J4CcUaDVfrGiy
CWQg1RcIPJrtNKVOIFh/7OYnbyVj6uTyq5lcp+Z7llsp9/4mpcftS6Wr0B53svf4
Q4w/4BD+MPC2MmmE7BnZ73OdVg4W9JG4baBjF6Xs81wHJs1WHSGZ9ucsDy4WH6dg
tjewucpy2voPYAa5SN8Iv234PbydKB3FBN5MPBHWtXvF70PKj/5mD6Zvi/o9/cuC
13PmGbFrIJ1VYq+iU2kcuf/71EBbQ87W80N4Q5XO9loKxBXdApa79Sbnn0a2Sh/n
4JG2nwWDfsUY0fWpa1pxRFG3MWO02ZGzKPUJ63NvTxO8OslTJPtiwhCE9NNWq3SY
Nyfq5RzFMGxd1RVhyvXkcgHlqA9nqgf3O6XQHoQXL5C0fnNzWeycNqE3ZHhsmMk5
2XXVym/w46dn/32tecFjgDqu+ti7S939kFDPVYouRSuL2m+3cr3i137YEF40eaFB
LvQx3EJhYBiKcFPun1xe2El0SR5HcuqXLg7qKtICBtpy8747ABI35bNUu11g76CO
rm51Yg8OyMidpvE6Z25nhBy2CQnrRGsqCZ4zdQHWpCqQlWwsYOibX82HAD/pmwCS
Y1FW25MiHxUHXL7pqEiIHUEHLAU6pCM4jfz1bHBi83mqJkg+BTSWzsPadtDyElbU
uOyVPRT6aVJXhHdwi2DYQX6pt6HumeEa5y3YICRePvcq9ZzKv5MKJiMYgc//3oIO
1Ij7MDPk6HViIctfs7y2hs/CG5ypjQuJja7ih/0sqQx8k4sqMRsl0Elyim8zeJB3
MftUSGMZglD0Fty6wcR68vGgEsS0CHXc+peD7/pRNO0ZbKinsGkQO5Qepjc9XUA1
LtCidagqDFqLByim1kP+PgQELvodxcIMKF4NKDiWo4ebz3bfWgDzXJ1n+oteJLHN
0Q2Tu0l94G+2iD8lPXe3wbUpFSJKXesC/UNOdD+UYs6hs51DTPIlCr+9opbc/pBz
LL5oN9F07FyefYu3ZLQshaNQpKS+jvERhwEyBxwsS58QTZSkTfgr/LzwyOWgitia
KkXsQ2FgikMJyFCxizZ+vwbxZ/7WrrT9ZMbeJS1ah2fnaiiUJEqI+3BdbwE4uSvT
Onu316lcvCSCmSFuPm6wQqNtHKtIDJWTBthZEMENY62CB91wV1eKFl2O76RDhVQA
RRR7eMjdPmzDLP7GEgeVueujVAnMQvhNiTMFPTbzD5bNkw4yy9wEoUvEbEzZW57S
ERBNwylhJItjsZMhGKxFl421K2DJvCMvSQRqKfzy+2QUWXL/wAJDp2NK9Chy64yG
7t4GpbVDByTxDGCNWTh9BF6oSN/LTKdoJqTelau7D+3bsskUzxhduqE7ZstsMeFE
KFioAQ65wh8Q7ddoGKh12mCre2+yMHrk1+oi8uBeOb0HkgWrVQVerLFx0run2Zhh
ip7O+jA8xfZ0n+RjQ7KnEglPXu7gYCr/BF0WI2T5hLD69RXgVRNAXevHe+4AneEh
8bQo3se+0BxgtbidYhatuvoKwURV+okdk4SAfAYPPj3Wa+i+KWfNhl9AUck3NyW4
AFDat2LN79lc2jqkCLQEEndQwXFcF7/MCDDbpSAqvv5U+miktD2yJUlGb3/4XLkz
AOm92VC/C3p4/Tp3kQ+urpKwnDfhP23he3ZP9y0o6uFVKglFEvWQoJOcTFhP/O5X
wPmABt5v24jXxMJRTyBQZcHATXGJRL3qSX8kNi6dvoNzaeIbqSYtqjTGfXtnDM36
pc8hI2UznVdfi8/ty8e5ThrP/0s19temKV9DbJzPZJr+ovJiXOpGoLulzJd3Yg1C
ctfsF6G/QzaqdDiJXK2oT21oGr0VzwcZo22wSfrn/K0UsmWFAzzsuBaZ/nVlyOjU
rQLOfVCC6LQm0iMM2mRwRMMVlgdnEO4Y+57BwBA2drM1xjFrL5wYnWNd6jWp0OEU
Vq0M0KPPMRSYfwNVZe616WMEP3EcHWalMYfu8kOq3bonXTabI85wThnwFPOIw1i3
SLJ5/2t1WVKz9UwhbIggxSsvI0MH/tnK8PHD4y+oH1CWNJbO1QX3Srpe/0FJsx1M
R9AQyoQnM605GSFaEGu5SzcnrY0eUSl2Ne8JJTx0DwG/1vkZJf32/6zyZdCK8N4O
QdQEnstuxBxfeiN9NxALEuayW3CuKCoHbfQY3ByZikeSXrFGBcr/b1IPU87oADEb
H6AqxXSFv296rKuYWLZpes7dkV0e88an9hBllmmHeio8dws/OkRj7uLh3JLq5XXu
Ld5k4PN3RC9566IRSJvxXbR8ulubpP7Ok4nALD60HuzmsjkV9PBoDsIg/4sSyRf7
6H7aS69iAUKjxZ+XrWZArPYc63QOxfuWgPtOCZUqbcxgUM4gYiS/vwUUtKQAIvrc
mNjUiRXg7D41JkZxX9xfL/LWk5pKtMggZ117K1fEBlEqaNpvvn0doJnJh4dbXeUt
vZR60H8f/xUAi3IJMLphBfhak/CRd99SvvBjAKVW6Zi0UZ5AP3tUeXObkQqMcCoO
itZi2iUdl6lYwfTnfo9eORPWN5/T2zhYlOtads+w8+x61K2IWNhecz9X5j7g+zY6
O3DLWejHv/QY3GhlX9LkPcIPmH9dS+teTvopTUrg852zNLZL0wiXXVqdjzsljxTT
GIecRvAc+3Kddl03E3m5Y4WHYnYhwWzy6S+0o4HQYVjPK12597zQ/Vs+0jfHuifD
9FjOl65hipyjS87YlEGM1YyS/cf/UYiHKuePp+4/JeMUVEIBbi4y3lQDvqO+GrXD
1R4jHZt9tTJeoSo0LAczTrCcbxMCsEVM9osGBUohkl6tLpLYlxqWM43PHCTFdU9M
3ZJM4JGcbEmtc1uLsjxPwiNI4qAe2RQ5Dpnln9yKbDUzPBKNU7qMB39ziE5BbX1P
Vsr79U9j63j6VFrfEdaGOo2fd3w8/PXYZOLGDbZ/12OFPbq1S2MGUEE0dMEt4Btk
fuXm75Csceb0CVm8yBjUoyjlLe1lu52Ke+3o25GAxamF5peEVShdRnG1Q6kuxADl
osts9z9ySlISTlVSoLgI5h3e87oIPuy0iQq8pjghYHnaiIGI18Dm7Bzzb+zUh8kD
IV1gHAgXoAiJv74cKGeSImUCa1M2XbHu112iGycwPSgX5jxifMw8jokjeyb4Gw8Z
kLtPUG7Umzh++JvoHKKx369TCJcxnjuIAv5+GPPRG2AdYuEeukQSx2QXNdbCqkEh
Q21E1nn4UbSBlZegBvccrcEaFlDAHn+em3fBt8x5Aq+pt7F4oFccaPSgK4Cl0ucb
JOLRUCb+yO08pCKcUecXyV7NlCyrrmSclX1YhGl/U+5vT8a8JMKOT2Oth6eIdHQf
3gggtVgWqT81LDGXpjn1mzDI9+bFlABuctOfMPNuG5/SW6kBHlkomukMMGIC6H+8
yA8vZFrfGluR3dUEODOgqfHYPGiBVFXGo772btL/1U7idYc9mPXO2NJHyxIvvUBw
JKHEJRbWbOoCx1FYS3mbUWW6marMRIdrlEVzDukAyc1kXyxuM56xYbUoiooY1qxB
QbUYnGtCgWdCuP9hhQRGodiUUvYFrKe8KZVQrF1nRh9sKJIAeEBVHY7Gci9RQ2j6
tmKczpI8cXKXiin06pu80BAd64LgdSLRjC8EklW+EPmh7V+lPn6RsUeWnFH3YvrL
xbnzrS1QDavhCJ3/lRhbGjZl0uIn7WDzCPXyuFGUDwwVWqYy79UJn6kmsxK1GxVR
EayT/dqVGsr7zRn02k5ppkS5u4cpKtcKUAiFQuUUjPvStDiRhUO0Zc+5x2Yfuo+f
v/0V9khXyK/NlE+YMLq5ccBPekTIiBJfq43qFC78u2MYt83/0MjwZPjmXl5W1a6l
gsefkIDzcLZCif0ccLygd3l7rdMtBecPdHDmZPLwXwRNOSmxB7S0k9GfuuGi4Ehk
J7vJZpNweKhQo5r4M1OUil6UgeaKePfAukDHp8Qpx9UVgObtkxwZ3YUvElgnhwSZ
v4t/vH1myWrT4+59itvSke7GGFScRp0NkUnVtZB/iQO6UewOHIR+Gk2KbGFt1QHK
zcNyHvYBZ/eIpR/mlHHJQqPOMQIJBRF0YNQ6IzEY1jhs/2XPKOe7iGK1dbMz/8Ld
AATwEBCfvpx2ROxWyHA5uzIby3kxXNj6ebROnnp7zGt8cyHTWGYI2GmVp2rjDcaG
a4MpIo/zIxnQlG8h28ptGsSKm635GJfclJ9gQKXAyIzWW7iB01r+1G35Au63x1Tx
1KcqJVAfGwYp0R2tL+kjzD0QIet08WWWxEsk3Qk9JDrnTJsOKjmVpC5A3S3DJ1rT
kLFcBOdh3k5JGZ/o8ZOTP60Wl/vQ6hnrPJkSClcMRFWMuouNWWFg7s27cSHTF5xd
9Us5EpkI9MSp2z97I7bNAdfa4Mace/gV0KwOEZM7EKJmR0GZpNt5xufklhsIp+iU
L16kv3RG9lQVacS7LEyyYT/dvYT9pTzOCe/BjRh36Zg9tDPt5YqZlhVvpG4DePNq
AvxnOdv2PdrH1GZde1iAyKw0JV+GBiWTd5/CZo43EPZPPKzMdcokdzJWBOCFAzpL
1l4Hkt6iWm6cUDmNYCZEeesrQrCKg1LEW6eOax3qJejPq5fh8MFbpRZlKXo6XdfT
Djt+1efTItSCJ/rtDGpvnuDKeeFlVIa/Ia/iYhTJedKWRibvNiIQEfyTsDQD31nT
Hoe26RxBU8VypZuyBUQbp8wbvyKp5atk98njzI5lUs5/6dLhUmbv17s2sQuOZ1WT
vKURvFLESJNtSvxGDWaKz0SsL34ECs9//OX3Ip9R4ZaN2YfCpKqHRvYNPwKaJd4Z
PGuL+nT+sCp23sYbdy0ZYYvsR6vUDeIyX1lLUdIPNtaHG/9C7PNj5zUVMQ7x60US
60ZY+sBKd5JxGOk/2mM4ui2K04SWGPnT4QB8xFjUnzb9HdlzwCNVBRxhQIevikNP
/nJyI9szYcGkko+DAHwbrNL3AgtGEadwM+xlUV1uaQXzjPp+jzDDvAapulStnI+J
anK5q7Drgnh6mYP9Im0zrUuCKYTpP08bVQCLZX0Hk4bsi0pSWz2Xy8Jzh3A8Cq/F
FW6UrtU6rZ8IIncUzk7WeuTNrKmH+81YX3tVeMI1uBUOFTS7UywJ8eFCI5SPwyC6
JhKRM/NulZjWwe+4YxenXjlSDEZAd1/CePiSGUzEfEmU6a8yAMHE+LVQQLiYPupq
YiJvLOccTQXu3zj7s6Mieqf63MRYsMwaPUent02Qemo5huVkL0u8j6tx7rTwBSSA
u05xrf8pdZa58woL6nemLCxVEBZ2Kb7OyOyMZVW0PJuAelAvp1Kw0IPdr+Fn9djn
SsKwvvK+zkJYZCrRX8ao4BPqO+st0sWtKq97FasecI6JST9Fw1syj152WNj77YYt
XdERW5Z8D9wyNDjJ4iGcn8IUsvby8VgC/+ZSRE0p3DrT/l7++6Tfc96loIk369HA
mWZY7SD4p8T6CYLxyXNOlK+sM/B7EZU6OnfEV4gXvWTZNhFBRyblpz+DQXdiacGk
PJqA7HL3J9/j3FEc68IE32ToN769/r1jDDyLM1FcNlO2Yc9fUaZMkZWAIubYyoBx
nGr1ckXMqXPCcseTMetT9R7Np/AeB3Dtm5AiS1xsR3Uf7t0lGak1vBjmWrotO2qV
MVsrIdv+WHP3+vESqSoi3f5ppZJY72Z59tTODrGhOET+oiV8EnIe3ibyIHBa3Z/I
rm56kUgjZ5FuPNh22bCQXuWCTgbbyk/9K66mgML+e5WvF85/UTUu9ig3jVBPkM7C
0CtI+nCFDCZ+PV+SgYim+Um7tIFL1GCYln7GKGa+JvmziAh9cKAkCD+fHbFbIUYT
cYkDByPWhDOLrwD0+M/qR0ZNaIXiK4tM20xi582HVBNSM06TBJBqWAz+4c96/Bc/
YfLYQyeFSA4idmvGK3GHHfquskE6xHf5aBLGp67+swTxGe2W3ZOWYhmBEEIc5jUj
POzx0IgGXqPQkG+yTMLm2Eq7FmCBFF343WnSnGYi9aOTevuzFmQZLhoSh+AWNmTg
ocGcnPxjapbkjzljYjbbedE0nNjeY/mDxujEgnn3b3MtJg4Nlbz4owX6ez1YyuY9
FVEofzuBqT69Vg7YYUHNd2jRTEAKD+8UKoZGa1MbvL7DF7iN7EYLeM04YJmJ48b9
DouseL+17YBZ0y4qkbyXNFFdkQsU3ZRhsUFf2vpiIbs1jQvSEWBqEnNTBslAjpiO
D8Y7f8bj3xHef2Tmz8eRbh3DssJGHOfUrWM2smLiz3R/dV+Go0uYj+kJfBjqq6nS
ttkm5KpcYGlxKZWKB7Vf2NykcSDVmWF7QXLdAiE4Ug3lDqVp3MG8hW37Nhk3OWjP
P5o1j7Apg8rCY1HwLOY5UHijehShtXQc1EWtDaF8Q/Cc5TxVvgWe+BffllQhDjQ6
NMTiQyiQx91f7w+cPxtLPjx9kIlnCB4IPYkdn/g0qdWLCWB9wRg3wJYgltVGzOXg
OSqWNbuED5HBGc2oaShsDoqEbSClLr8E5NKYr9Duh8U3x89MJFPs4v5aCjVgm4de
+6kJpa0pGvLK87/kj6gUiy0/srcm2S3zwezzdB4oG0OUAndNlc+KDAtilsqrRuVo
nl/y8dm17LC44/0PE+BN9VGHxkniM5XKtL/qoP5tjUtKnrkpQBSF4JFOMpQlxPRN
cCL8n5MWL56eK7C4kRxD4+G3p8IzJkD5XvaHH1LXdsVIBGVvk+0a4sNfup7+oCNK
omQh5zy0qGleitlNt5BxMj3NTCKofO/NUXX9SPm+qaM60k1KfRt6aVxZStTbbE5q
Vg1dBwvDSTj6POopMEdeQlkL9W/wE2WKoJ1jclmfzxPONnQ9dgwrkOk0lQ675ui5
WOmgIs8L8DcaotHtsLxceOY1oWTiKPruQDdTWXHEpO5Niqhj2lgviaF9LMAvYOrW
70lzIHJ01+pDdKGTMS8adXd/3angFRB7zNerG1k0u6PIoeESY4DXigfeah2uM/Yl
TG2/FcGv2pvlSpzr+wDKDBkwr7NTzLbiRhBgMLE5ZBDeCGgsAjrgtOV/AnPcW+P5
b2mPJHBimpy4BRP5TQHmLUW426agsH/UShijVJepY3CBuQxWSvmES2xBijQE15LX
/mT44nHRUKJc0bKFw55CGVCEmMDzoTrAvq40IbwtlXsrdyGOq7hPLPjf3P5YhKpt
J8CIpjNQtvtKA61seEGm8OqHhBizIUSxieFcoVIF6TShFECHkwY1p7tyZPkg92Pv
vRb0NnMDAPq5fk4bCPT0O+0O1tC6zDaRcc3rmuFQPWRToeJsCFH935jE29x3PUOX
HwDy3AusdOExnFBYf8j3Oqd+ol6opPD0AK1HxexaAjM6yfA1oCfaTaWnbimBc92y
MaEwQ8HlSA3py6NJREc/gRgAp8KWCcwLb+Av6F8yDut+KlZxK+VTWsuKGxr/k6yr
heYy3ynZxEeESTYd1WNuVNG/Ds6j6UIc+bVDLlksfDRACDB/5q9KNv2uPtdfAtDh
PnIwGOJFMyfSHoabdAC3gypPpVhlAPqhueFttuw8Zk5qkLweaA9mxV4Ka9QEU2KR
vGwmOvvLloUHHMtaIM8AD+Za6aV+f8d0kSnkSFKfA9z8+8BcbPfzlWMu+ialE0W3
EIE6UmfRRVr7H7ZNs6XXnceemrR/ovF00v92+ww8b4qGwYkcytMBp6ewUUEhle3x
+j8Bcwummcyvpz+4Y79T7vJeL/Ql/9TVfW2hamoYrWynl7u+EsNBTCVWqlUeA7IS
ACxvSTAk2NAE4jc2iP4bqR019wKYgJYnVOcxZEmBWe5nQQ43UqKUw5Rg4HZJFttI
4LEgCVcKOodht4MvPpGgEQWQqdeDFUtP5LsFAbkoOnm6kxI+rFlHTUxCfGEOm3ld
LWZs40rU9IqRF/htZWgyofNsAKsq8L2JeWtH1pYfolfudMNmuRRYe2+sn+OihSuY
1C1aRa7pawNZx8zs+oatxoJo/yPXfrS46zmgqB7EayVfcnwTkweBTrA27kJe/2y0
C5WDhPqdqXrfWYfrxvYhX0hG8pQU815OqW8JHTRka0RYG24k3J2LAqMKs30A/3kd
w3FzgSbd9JjXqqZsjjGzGVMMBrAVNXAEp0APh5SQRX+F7vHovbaZ9+hpzZku523Z
3JfyYxQ/MBRAYdqvmh+F2Xnv0PMvUsm5a+ifDQPcp7PIlY72R/7TuXrvJbWcBPJr
J/SOr3FeH22nL/yYf1cbc0lP5z2ls5SzMVSXDpdWdlqsrYwJ93mfpckhndPE8iGO
tRAfUbxQjnZld1xCMdCAyMPGVJItafhYVJ2ODitmjeSdfZn1hko2v1ktST+lBmrp
02yTQQMzL+Q5caygagDrQi3jUaIjWB2Z0OgCLGVr3vpnIZsdM3w0ot0yi1M2vrXW
RoeW2KOI/2aSiUZQ1ZGwzeSPAT2wFdW4u+dfE2wCSAijLxNbWuqlhtviCbqwqbtL
vJg4noJzi+xCaixsZltEAz8R0+RKaCoq0Hhc8n42PzpYhP/6Vo48Gh/EjKww+iUy
uNgJD8bhXmkmag18WiKw5yQo8kF4P82W5kJcv8jsuw5xoBnYo3QKfYhSOUQev8X3
Xe2Xq38Go4kgvJpDGAq6Czr27CfArsUthra3OsrtiQ6JPuh93Azj8UL3P5Yk8CEQ
hguPFWrfaFOA3/QF3B9/0dxfUJe5NWuWmuZmV97uKHGEDrcseDeQmNXNdyzbI48l
RQ5o4z6qBq3cisQhWp3BTTC+VDWAPMVpzQI9dkFPyV23JaQw+cW0HNxjABR/mtRT
RyT/zA2AHEykRo0353BM73bz1bvdWtWfHVbS6NmVCdHBXQGTFt+VToufFHiT+4qo
JV69VjeUHtVR4AcrtS0Ez7MPis7W1txo8W/vObLgiduGFEHLmzrmZ+C4mlKDnib5
bHD3vPDUBfROfZIo6I7XfsfG5HroK4hTlcwy6zubPr7sRGLa0E4KmoXb5I9102Br
sVG0yQTGiN2xUU+TaPE1C/Zu8gLQNV2S/zCM9L2zJI8ql99RwMiswP2g3CeX0HTI
sBtwZ23MKFHjebl2ElDOC0M7kKmVFpUdrJNLPHlMqOVJuXbelYcRrjvTa5XHX3Av
3IGGBwNDqgSUiElSDQZSSucu/+50bqYiWSJoCySGzNEnZSWVu486GlZBPLNa891g
e9gCwLfyO9xnFMYcG0TDWckve3BKjzX1Qza8/yEXCEIn692BPDEOaLs8FgPtq2Kp
sHqnaG3rqCrAkmkNDOEgYeIfghr8AubXstiwBPbLDBvzL3lXl8Ip8zOkmW/zT1gi
rlS6Eescb+5sUAdFd+8UQlr/T34MSD268XuMCPJfe/7AvN8x0OFpljd9KnKPCiLx
CG6x6mLLZRgJpJwlqug/d9SNJtjYS9SqO+tdpC0RBo91Qfq31Jtb632sbsPVPhg+
lh3P3De7IWbZHCGiFz3LW69IxnNFny7m8vooQMweJQkpYzPCfU0j0DTmDUGp8G7T
xOr5Dkl95UtP9JM+Icv6tA5zWSM+CeLgACarg6ecTYPM3oWnXb+SrnvuLSxq62ky
xHOPgArR1Aa3LdBSfOhOPWY0C7CXHIFwLHGtGE/xadtV0Fs/hUsq9hXa4ypeRzaS
yrDiPnapFG8mi8YSjMYEjGlvkbFzsDgY352QlM8N5+AHrfB9m+6l5SIaiNPV413/
LGNs5GqfSqrTIvxWHknrZ3W1EPdpnlMtoxJ86h5KByjYrrcHp1ZAex9JuYUMeNZD
iGHbO/+OOxzJhPMkwbDurZPhbojxrMsZu6YpDXS56vclfJwQeoLxjmhOPq7VJKSn
hg55m5GuqnjlzGQOMU5TpxQ7sweI+QS5kKtYayX2ya2aFrYqusffhsCVd1KtmO8F
U/O0Mr6w2+3Uc+DKkWA3uUVizSDGHm1RvltcB/lsB3/xZNRmUOUBQkApNWI57e7Z
iR3bHejmTD0ed0ant9NgjBAnjU9VSegu0cPtZ6pAGQVzZNIo2GURS9onv3mVtMxC
QJIcmPibXEhukGICQH/avhqejH9DOCnqwWLTexEMpOK0lUIf8GKKFQa25GId/MoG
U6laRUOa2ejq+Rxrek2Bgyi/KgGCldiau6L7W9j9xruGR3v+NlAfpCoG+tL4uaTv
7oxqC4XECEfVoUOJ+kq6MLL0anpCswBv04tSYIlBdQMHBbNGogJa8gGP6o2sjpWQ
wPb9mR0gJHjzgil6bHKoLhyKngLmmUAivqhpDO/D7tdPD5/ebxYwdsGyuX2R7DsG
c3vICE9q+I9tguOkC2Xil1HYgddNDDEzr0Xiq/4K9TEsnoEuGuQLJ7VREYZOtWCi
pf+JPidX8FcUcILrHdg1Vqn04eUIWU39yaDxV/M/xLR04NeANeAgiXjlKIE3bUuO
DsH3kA7/SdK1Wh51ihfl6w1slIkHmkfobBegJZ3opTYgMjY5fYN4usx/Q4qgiDut
5heyKxZH68RaeZEFhAwrhRj4u/A0BkEX52MAYJ1eawnxRSAFZNooO0Hr6QfR/tPo
P+wy++9sFxVW60Atr+5Fce5eyxEN/osfVWSS+mTT1GARaduMOka5i3DKMGPaR11r
tQmymPpjIDJOWeUL95JInyjaw6iChGYTXr4s6AZTWw8w58vvVEj9cklOeVF0ELVi
FuhH2lyl1AULnYJFC93zHXXBAAxc6OJ93ikgmCo9bDg1ck7y8dQqBbynANGAg0aW
N825dV2iaqDb35Cn9WH0x9EJtz2KjbGp5z5rLDN2o6ysnsMmArR3fYXtXEfP5nbd
FZ8AqMfB35KF5MZQR4ilSY0t4uEIuPP9lZdi8pzh98GdvvcH9+3MvAMjsTpzVoqJ
/Cr9c8yg6STYqfi9bEE6hEL930Bis3Cy7wfuwP3jI8a5dEp1KN5LGhvNhT3gFVGE
lwRXWmhQImf8cf0tj9zhUF+DA3rFa3DdANUvt8ZfmHZsxV4stGXdTrGuRg2zxIhA
wTQIB42k9yOwjOuz8m1FGzs+Z9TqaIHnAZVhm1M0O4N7/mq8cGQZL1FsMx+Zww/J
RcNUja5W7amkvOuO+yT08Oc5NvlrD2GWVoh8wiuhkL7CTR3A+HuoHgCiAoeS66ZR
wi6gxTAfItNEhTkyY0Chr3y/6d6WqN0xetcP3Ac1MHlSc/1uqI36Hqc8vDexeGfk
f0AKxLgtUsI8Ku4FfgeDANHp5xg9YV0ywO7z8rrmqR+AYivbRLYcol53+VgMAGC9
AUTJC+koZedagVxIRJtNHvP3YpH5kNJYsvEsoxGbxDmiRMHQKF+JHhhkE+sAmTim
/6gR6z/EdoAJd4BitdxZdGoFIbbPX1fgg889hSj8JgN3aeGSdyTb4uJQDP2GWxNF
UBm+FTgq+NToeob7Z9H+TqomzrTZ3w0bkWvrL8ZP4GGTkJCE425X3uOaZDTAu1Rl
qtVnHREbeGN+gQZy3nliighYlvcRGYIcYc6ywZ0jyMpaN/sbtLVfIuHWvDmzFA01
5LsDXtSuoU+JF+gnKepgYyhCCr7LYsj6bf1D6SEZbxV0shNFauJgA2ubIlDlFn75
1gpkrp/kSVZBKhz0YXmFDSpeLm9X0aZct458EEnC22XBQYsbVsWP41tDUdYtcUah
KzymcCaxKfTaKRzHs4c2G4bx1Eu8eOmkV7lwRO9TR9oeIbmNtmjofUFwtw3hxhn8
x+nap4QuQYAveyx/W165uKSoHYQzo754G5isd4odEEGiYRo2tw+Qh470G5yaJ/EF
RzkaWlei/RDbC8gw24cMVJ6ntMxNVDlJCdDoUGVYx3L6JE8Cmkjo6NEOlUkrYv+e
/uZefzKCysip10KC2fyeIu7tqeSuw3XDYcTrH8upsEHltg05WcumlaYLlbm0hs1i
A1+FgM+NGroEVNgBG9uyuPRqXGpZxAMRueeyTxKLYDVeuIMv47dihukMJk/97V1z
amf9Qe+e/UCHQBOTyu7b57+10ijrob9unqEwbMuLrfdI1MR+vId6J8359/Bq1ujh
SyHa0LLoIgytiWXrcSh/pb6LTGO4aj0dgrrKGULvFsQtcMACtm+oJ7jUPgtsc6Om
Atjt6eoUTlvaak75L5cDfGt/6AK+NE7+HUbUokWV4df0k+KfuFm7bVojM2yi8IvV
QBsAZNQS4J7hPA3XX1gIqvKB36Aa5PR8U8R1NrESXKyY3QtRlWUs5z4gaBnEo1XA
NOH0pAXCHm/eJ6dNDKJ+IHawonBXTLLSKXWh9QnXY9nRztnJrNSMn7jq9Se1HJ93
/xSLFWKx3QcaEyH8QKyTiRTTBJqGvy5JNxzApjQETQHjuSqqHciKzGxQPUWVAzvV
L7H9s1Q3lqbMYwk9cpDs/APOfzFe4C68ckr/xyVvmU5hqKm7S8FHNfkEXS72IM5k
jY4H0Qel+vRl/IgqfNLdxJ6/gYA3TyI/61eikG35xdyKQifFVJSqfhCjO2EdbkHk
u63cP0dko1IkILr66i4pqXOtD4uWZTxuy1mjR7dXGlfV3RIg1YPOrg8AdXBeACeY
a5Bz9KIdSpEXX3IuUQdGK9ggEkbO/y2mu0w68vsrB2S8HMn1dYxubl7Da7YlxOc2
MaU9+uaViPupouoafkVg8hrHdYpL372qRBeWUfRvUOTkrU/AAzHbKJLLpshQ/oO7
3yxrgtSVJPQSOiBkEt7kgsVckX58wxZHAOqs70Fy4vBKZDTjopuZaL+1pJ2OOuwF
gRP4mPslrgvUrmsVCNSnu+0lsg2DDZGE8IWyZ6d8fOQg7glLegt74w4We6jcpKDm
J+nD4J3ViDQtZzUpm8c04DpKNtv4p6Gw3Qn38TTs4zTrf4AzpMMDE3EE2wGezhWs
8e2sCo75vR6aHzXf9mWTsSnVeWBZWSfOt380hPW/U94eIdPiCsyEz76GUJM5l85v
g4AXjuM1DYmetjykcrHBOdMMx4GxHghZIzAByzohp41kYJ8Mb+myUQB8a4zN/ED+
RKMMTRBWmUFA/GfYlGMpKU75ddfOSQsVnv70RavTOh7Bi00xwf63zjnQL+NJWjHA
ZvaItGVaGzEm7OF6mjQlZk6XDbtSJjJ/GLWplm4a96Hf1wVv/TZPCRu9uT6k/pLX
f9/M6pJy7IzaFkhRF/MTPb/nE/+hnUiRCN6gUsNCzufcZ8jjDK5Md4YIiQcBeH6U
Bsm9uzV1CAMB4gB8T8axCv4lNwtQ2u9rBCgPbLOXhxAqew5JzukU1cJY/K0FNzGm
PTI7gSFXe9N7+CWSshmAjeOuxhqVTQHy6Ygf1u2/uZtH2TblFlRHpqno69T8fwMG
vt9rlRTL/14l8IwV3VtWWgHSDklRsbzgGVM5MT6uH9j+rklKjHcTU5n5+CsgYULv
W99VH2hYJVmb3JVJZPVXlIkRIST2nuDuzZ+ebOFsmM1UBjN7n31VlrqYl4TLQKBf
J9swe99CDZeUjKdhiG3T2ik1N0ouCETP6MkH4WC8B4AgsZuNDUF1RFe4wnNfYfA7
ltpJAaipjELHgdynx8fe8/ubo8pfHKGpueBmFjxpszoXmJ4BGNZJxsQLYDno0Wqn
i6bZndCzpuneNzGihpgoTOOYG7mLUL43rDaN4rkJw9Z9LDvw0l3ilhJbRLkFdBUz
wbPWK3qM0L4zVy2k7bWIJ1Lq9x+REQ/S+xXtR66b8JfSKYc7TKHaKbes9mosNHTp
fafxXo4pk+PwosyjhKDCufBBZ3GzcvuHt05EMytPaAN14O1DWtMPQh1Zsgq6lLW+
VGDezOcxevKH1zT9nLOP1BPPTcrte4rRJ9+aPWFhuXfRIfOp2kM2H1j7LrDu/j1P
4hDF8lDUJest1ES402zISR9sjlV0XTc1E+LltGAy1n4OPLlloZEnnwbZhAZsIZUw
360qUk1vUNVqKPN9zerPO3WdS6VcmQCmv3340kAjg2SUW5650HTgwB6pSUf2bZzW
IG/kzrBJjOfrfpGG5wpzd2f0iAT12cLmkfJQrL+3ZGasXrLcfB91vpCRU+vQYYKZ
yPZrQMF1P0NobKPnfIq9yeLIARIe9hVPlAHyXXZrXlmXgLvEuT4e8vyI0kjhRZlJ
2hsJ5nj6x5klsAUBBiPqwbSgzaxFKmOQ0DHffnc3ra2Bjx2egVoHRRsFmD7I0nEf
sisHif1Z+zxEJJERTtVfiMh6HZR0i28sAeTC9/kE6Hz6/2p0rPrsTVvAogDGTQ4X
lLH8Rc1meGaeh9fjhfWzBMHivpNtJjlLlU2eG+91lb1OTPUXLvsnx3VhXDyXJMtp
pJIFkWEIgVG+M3fSXOxgsnRcE2RUf3VaqE6ICEl3FcTj6Uj/vWUuohE2lBiG57Kt
6UIn/8vCHpWCSlAMEXYfBMoE/gtpFct5jxqBrTI727pNpqboHXdMJKNIRUYTjtJy
l8oAy8UNvQD608zX5/babr8N2T604KwPMJv3GrzNRAGZauhRaDXGLWFNJ7qg1N2+
NqBFo0njTbH1Q550p8U2oFZqLpgfJscSgxJ2/ROP6bHvTdJ/v1gc0HF3qtpL7Xvk
xpfFH8R93ij5rpfRia74taDk7P0hIX/HYoVk2bzW0tKv2AyVzEwRzc6Icz6D170I
0UCBOKvFbouD1GxBAm285+gXgfjf98XXMVfG+frFh7V0Dy7gXUMxBTBE0YNQ5kkg
56KVl4tNFazUKWIexSBQJURLzq9goyPH6nI98QTbMpCmnBjRzaQv8RigIv5bfX2B
e/6EHRxt6J/BggI3LpEYM4dk/vJwyq84w6kfdv8G+K0FD7mB/o3pVENs4MRmOBeb
09Xy/1GsQeiDOD2tw8TKXNRlJcu6mPRp+pBnlkTe4A7ViUg/r1EP3L2WybpddM7d
tm73Fy8a8xY0xnwUfui4/B3MmLbycWF8x1lX/LQ2YlUuSUjD+2zjnB7K7YJdUUXo
jN3FnXpD3J1TQSo9JuDyMlfroqGjt1RGT5XZjD2IXkTaO10wTYAIgcJomr20D5cq
LWjqcqQTOpbVKyUyQfPytesuzf71ZBqa2jiC/39LWgAIh7y2cPQZ1pp6fanATcFO
8UfxMHC1MdxpQ8Hqwqs3HyTPh61Bsl6YMhM0WRxpv9AsUbsCb3l4MiFcee8hsrqR
rseLY5925fkTFVPBZbfoEor42OVzrnc0XG2rcueBcKgi7LHjb51q6H/P+I7D44aL
qbaL/ro6w3rEy1WfWoLV0BbLhbiMSdQdSTjOB6vGNfl/WGw3gTanhlW//XCUF0h9
fiPDkh0t+2zdKkQJwLF4dBQfDt229OFofh/ZtmhY1OLnlne/Ae+I4L2RGcWIGZc4
Mf8E7+gRPq4IAG5tr/idzHh+ws75UoUcB77BOPG541Aya+CuAJo/7TS33YEbFRlU
7S6FkbeEvy/LSPr3aRo+Sc0ZZAWsndEw4fXupmVJhyBHISDXIdlggdYPj0nEVYaA
584nyRdelM714EVAkWJPcaPux2sgMbD5YxgsdNiJpxvEukT/dYnyGut898sq54ig
nDUUzF0b5cYK/oMx6EvhWlrqfbU+E9FQlK9Z9kHU7/jpHEOQvksC3dJeoIJf+TB2
Ymt0sioDEFy3Sw1SbLZArSFKnEbjBfnR93+bCFhz5Abjc4kUB26JCeJhCcbupCRL
mgTI1vJYAYEWz8qQZLtSltnYx9w0Q490AEn4KpQseHjlDn7rvGpa9dAdnNaA/zA4
pYK8awdXpuveZsz6ejwZTqIh4ER57Xl3woAoRtJw1n18vfAlyjzZBkw+Hq7s0wnr
Ji+3tTEHM2AkUqW3nSJGmDucjZYLhLCpUtMYZ+BdlEnkW49ffrU0fqOh3kdf0y7k
ws5QLKmf9hXnXAdUt1F+LweaZPYyYC43HTwsyKYXPCGnJ4bpskb2rJSwwlpC3tSp
y+IEmIFL27iFePxyMKZ1wGAHQ/iWnYOIA5wCYsUSaLkhlWq+ivuFAbXA8qE28pRn
K8CSC1qHplD4rtTQHvwsUubp1KY/kA7yhkDhWOBNQ7OC5XGZomQ7I4CaW9nl87Y4
ozey4rd69es5X+gdX6Bcws3MCze60jmQXhuUfFM+NmPl4U9vLE6GFOS5pwC+QIUM
dePqFfU0+qSS3Yn4czf4QnrAygBrT3yrjvCnYBAeRG19nDWZHjT1ypBIDTWhat+b
cPLNMwb1zXf9WxE8n0piUuKlKlC8qnXYlPw1KwsxZS+0MXZ+TOXZddFpmjGgRlI+
x1TWHXbrT7rJBkmBvp/4bkfQXsmETB03vSp9sop7HjpiWgjhKfFU3dVzYtt2/E/D
ePhaeH/+XC/LmBOMVHVE48kwiX9RtJcbqMTjD4rcYSIWj8Hx7URtQ61XY9rj09VS
/1YymAAd1lNMwePIOrhFb9f9HOV92y/PEl9TbNLnEyTbuPjD59Gl0hbYvYgI71nk
as5FDzRq4BaZzP2oxPObvh5LSJh4oKcWRpWI7sQ8t2SmwE6+0f0tqq22Ika62IJj
L0caGavQgr82jaoJSexuw7a5pPGX960fYGzrYYBg8R3qrfqOkfXHo+7ERcCcGRoH
8NzJd+k8bnFglO9IpTvKWIncDsalAF0sa5TEFc9lgqwNLVRDQXgfy7tbqGF645XJ
tScNx93rAoRWuiGqU7gdvgLItvWdzv9dOeuUzMkeENRMf99GFZOO4qBq6oIZQsgf
JtotnjHSJF/4254rHozm48nEEhDXl22wUWEj8jHDEIUf40bNSyKE0LPuos+XW6Ca
n/00rgwDFdTYL3TXPA8lny7trQJlyXKmT5scnW190HeTaLqM2ZlAzV0/zl506kEo
Hk2jHy99QcOrBCcz+t3BCl/Gj5wzgs522hSuec/ueXVgqK00QIM8Bd7qiQNt7H0D
roTxhiFmmW+7gd664CN448yDcCTo0yq1YeZCMAdc2rk3uHsXRWowxHhbKT9pqR8p
CeegbfmcZpnEK6oz3KtswBzSN/O17okU/mGScGVCFbn4Dg5E6piiWAlBW7XlQ9wL
R1UJsucPIzoxpwUEmL32tBiAqvzohwr+iU5zwuQ3037daj0qpwLooxFuP2dbN+25
5yJOcjN+Ta35qfGsaxzTGI1aMPrFf617aUpRQKVFA0n9NM0/IKWBcymuKUafY1gh
jUbLAFgrn8vUJ4yVf9vi7ZYvAfA+2tazjidRpm8FPvdPs5O/wQGhVKwzJCdm6M/Z
ANkF51CBI8WTpVASd5cVPohyrtoffUpaNgZvwLxWTbB931kjdEGdqqRRL1GAdH8I
ca7jMyrt3e4/b97gVahLAF5BX/Gbn1LpK+hzCNf4ua764GVGu7B2o7iqbmOnXch1
tZPUsRWafhOD1qrkDPf92fnQz9lrIH7FzlCTOjmywTvEv2B7dtHJOH6EaJjPCWZh
4vgaxlW7flo0jSkiLv3MOCB3d99Q4I6x/CWqAZPw2YGV0UKdbI5O8hDLN2vZl+Dz
DsI/rIOQISk+iSfvDQS+lROer/OkR9kG9osA/yHhh76nqxOUwIe7g1ogt8VhQG6H
9WwsHj9rmAbmtphKVRqMp9I+xIylyFyKYjD1eNF3rIn9BG5A8XDeWTSZ5VHJJhk+
BnOO+R2n1Ahc+6gnA7VRL7Ylnmnp9lxPrm0+2XCn+aFuwkfvje9BHr4Z5I2j+CvK
AQPD5t6JZ2ItnUavlIK2eRGigR0apNv5INVIurOgjCrsRFwDwqpXmRBUfFMgsSR1
k+xG6Ex32iNa7JhMyMocRYy70zUYDQHtGcG/lUjTg+z7EbywDJ5254UgBtqVFvZQ
AhI99N9E36WHw3jYp2LklM2OeZgeMnQPHTjGfrIr7Yhe3ULezqd7SX9UvjP18OEl
sJUKT33gyj5rYvXM6r3YpYf0VZpjDY6v8NY34bZfcxVwoL0IlIFdaZSXHeYcN6xN
w4jsLU+c7unISCC4EFG5e9zRHg5XfQzk2RYc3wksRcqYc1Nbm64ZUdBuHh6FHkh0
hpXZKmDbCI66rKIoQmXktA1Z+VXEpj7ApSq9wk1BKUylOBpifMwwaZanvYlJ+/N0
QT3qVoWZfJHTx2BgAPMFueRffGujFLPbA1oRaV9XrWWonYN9mvQl7vxyViU96n+Z
U4euHPeZtxIfnsRyNGANRvOoAstG4BuLT+/b7Xkm6t+HohFwvD9JXWah8G08q+/O
yxF40YxCuSo75broFxiNu79XVlsK++jRN5g/RruKLwwgZQs07oT/624xTfawPpRO
ldbrz9jwzkNvperBTjkACH5DYTagIOtAqHq+aM8S90xT/WVDFZo6+6YC1kCUdvZO
V/g2c7T1EHZVpf82u59iasC/tCpB5m2BXfWpQ/jCZJVB5FznQRhR+DvDmRR1euxf
9KA8dCzEE2loWft2wjQScCDgJc8hHAt6DUlFJ9deXV9oPbNIHoG6a52xFazZT+aB
KRjvWMjQrOUdp1WKPaK/oQa9VfoKEUxsgdBRLl0UkyM7P8tvingQeF6XjDS8dDxk
66zwFn2Vo0muFucZnrlQmQEJF9ANGxBz7N15yaUHhpiveuoyC7GC7zkXnUbHT2RF
VwgJbWTMlWumlJt6gqOQhtlUmx4ide9dhvlC40yFlJ4zS9utnRObXZE7aFNJ4kV/
VMrd0rtFG8GJOLLewG/w7KX6VUXL3W0+4NpkcGDXpJn0HGor+ug56BrvJBP67Qrx
ECmkbXYihn9exnjK1zmwua0jANXxiMA9akjVcSr9v+ThGai09UP2mDjLg542zk4I
AGYimYkjyY1RX6sN/NCMfWxu08c97riMWXvngiVvIBSSgU2+PZfLkXTSwNSsZaap
kkU4BvMXAA9jXslzOlO2V5Hs+YwiLqX/Gl01RRX+YfBrVAtgzYESKqq0cCJafE17
eEOan9KIFCUfrZEsWDC4BuE3iQNGblb3BuS3XJGuBw0JlGeKYF5eg/HJApBGBptR
hyKMILwEd0asp2IT2yFrq1WFzE4Ua5THIDVnwn0/4BwjtX0QzBSKm93txFOJrfIy
IHJhI0PoxC/zFnhlx687BCxSwGcAP1AiO3VlKqkGKoFqTDSIqqX8BMIDOAMhMG+J
xUsXvGIJOMn7Di8HYvBYlmoEIJwX4VTohV4ogu33yImy6X04QeB2pFi7cGjDJEd5
bm+Zk+8Vi4mkHuhlZUDB0W2RdkkVvzM/2KnO/Nwj8BJnLbLd1OW0/P/MT7heJDCw
y8HpPpNXqTQld6fFvTk47kM8VyxJRFK4Pwc3894P9PLseCDw5eb0+6u/xEUeC8wP
zbcNFo2xDkV8J8Y4ctND/mBBMfRjgsGjn60DPJR81D67bWfVkNyIe11o50K0/2iw
Kw6HAIVlDj4gHAQxiu21demN+2gcG73GJfJS7eLAhr93K4dsHjYZJGi0UgFDbK2j
SWmOAVDmRZMp8xFNpiQLkcT/3yuYIA9R9nUPKZz4XQ2kiM916egsaULVAj59ZDK7
qYdiRfgoN9oNRUIb8pqKtnzSLAg+alToPIi1c/IUjUgRScASh6f0zEEV/rzMeqgV
eMRCy/GZGycmrc1t7hzttQyaypVIP4P7Sno3YDtdPC3BfjVpuQznZYOzl5j3szIy
GlEBAP4r7LTV+NaE8X+I+9gAxzMjxX+V9VWRWMnE7CRyaG03Gm0KrxoqaZMmqRK9
GNI74Z4a6XMbPqtyLE5PjTaX3hrz9s1zmxYwbcR5yYm3eNlDAAFj+0nq7uLgVcl3
9snTBxfPeZadhwUMryyYg9k7vAIkQgrypB2T4sjd/xLlhA/iCSz0U8ilvqYspY7c
DbtH4aBFhX7xC4U9ZdeTtGDvbn8F++x1LamXwqy/DWjDBdUVGfb9hz/j1TUmduTQ
Z5tLNNhu26h6USWnLORhN0bZT+hh93ZfWvqeiOg/pto1NzK3CksJxclGvNfoPIMd
arjAP21KCYSe/boTpHIhOtNP+iFjM5hgac6U5UZ7fhA9wIQsVeNU9qq+kwPNg5CW
59rZqigaJMFW98VdNhTbu2pD4TFe+ryznCK6Z7Q1GWlMzn6Xj/wpkcE7Er/lGeZJ
p0U002wwY0ES8EKgiEEwTfIXqx0jKm22n5naoBGprXBMxi2T3H0xfezZ6eWhK7HZ
letay2qF6e1MuvwQNYAyrO9YNwYS01jsdzHjDaL1HcDaB48qZWzhocJ3q3Qwx2ZP
jbnTsA/UZm3hCUsuqrBP+TqKj+VYPbqnwsEFYO269XaBoTsvtXeaP/zqH+0rUqnv
eX6PvghQJuu2Clw4LkLXHUFnqAJ9Q+u1zZ+jXWXmc336uEdMca7b0/L5sWFnflgD
N1wpbKRlhYnzfUl03P5pCMpQC5+2bjmyx5QIhMWvqyQdNDCoAOlJKNz+3QleD3UT
ABySBkiCKab2dZFKDoxVqih6KzW2wUyEHQ5nsYXWT51Dj4LS5Biv+HRPCnr4tDii
anLVPsxMRY/JcLw452PzIzB5nUjvy699HJPDMfQ27wJRALAZVMhaen6pizRPF7R3
rmK1IYSutsSYrsn+8hoS8TpLacQXr7VpJ1PTtxZ7EeYi64/i9TB+jX9Mj4LFX5Kq
g+J7w3z1xZqitSw4RQ5/t3D8tm/LfQ8OxfyVlHvY/cbD/4KrYRHqtbEQMlhrlKvM
QL/rAUXsBjmDmXhNzXJD+Bf42VAKuyqVNPQq2ocPyXwOCWbYpKpLuBnR7cOA3lQW
o/x9aqsRitmUznrYag+FU50EtnurLWDm2kueZ3C9x+aA8zya3yFi3wsrYhLCjaDU
gJYb0zVpv6qOfVm32PSP7C+yCakX/me2c4OYkl6qQd9pdCxQDrAvlXS0O9IfbVqw
cmFeY4OyANK5pxOGszu9Q+X+aYDs6xWDGQoEJX7m7KPDGcazVvjHfCd5jN3GoXCw
w5Z86glBmU7AmzrfgwNikrfoQsNDubZPan6ZtLgQIdlnqG95MI3M2o4kiyHpbkLL
uZeO8mIWBRBbrwHi8HC3j7WwyGVarDfc60tNGH1CyRxFKFETKsFWTr++eyDbpxeN
SZV9DLCFhiZBR4qaScc2WNE+DEx2ugL++VRtjagWkQ80kLOsAqrai8UbhdS1UVpT
YSr4BAs91jDiazyUMgTbnU4P+W6MGAI4hOzfuTOEN2KDsiiDShwVXKbyKYJuwp71
jFfZtRQidIY9FiouXYs0pxbrAm9Gb4IKaEqizjgkFMAYD27rEFx9hL214o+4mmB9
tKtdohkrTYU9AzE0OqpfoatKIPi8n2UjK6fB5DIp2wZkq3XxDcXz3zW1tQ4RJLky
g3KoQcqtnRnQIZzK4/qhbuMJX+LV0jgzz1dftLBUA75rueHSi0XvmNUnjWkXXrPq
a+4+trdVkprpt3gWN3uCBq8Ci8iMlfElEDtEBX6L2zog7BvP5sFsfE3XEy0Vu84Z
MfTCy9CEDptLgWqzuGEL65PDPggzT5C92EI/rgAgKXDDj+J2kFgvCotfKAPI1JXN
F5y6SM7Q4Xf6ybyPdVnwRbG7ym0ED2Wh8IS/C6bJaaUnXqJnuHLmWFHHnX2bIKHw
fsLmW1UWNZC9QOVwCBwoWWNgBH4omOVxg26+UNCr1I6D8go1pfF1BoUDioP1lq7/
mQkLZ9ejq/nilPj8hmpbGbkspObmUbOp0eAbVS09gZoYY99qn2hBUg72HH0eYwEb
HUt6tr+C9DiqzH9Yp76Bw/YxiFtBE959XfCYpOIhorct5zsbPAgqBXvzlijd+y9C
7U9MbwXPQ8aEhb8uYRRFZ2uOyT19IyPO2R2BSp86M+8yCq/Y7q3h9GO8XIO0lkNt
DqdQdTirA5EzVCgAMoNMzSj++GBZc3KSg9uQW3psOnq3GcoXNAwfwUkDHTcBj7DV
1klnpeLSevuZN59QRfhTtKpuLsdhhIKj2GG4FAKfA1K14P29qeEfX9Rd2IiD4kTi
SpJACZgWy2yud6I1lUNjH7fA1sWt2b2oZQY4qmFvormQxU5hGo2iZHbGn68Um0En
d3sl57BfmwEa62n3TzQ6dgram5in/eZfzRuRSOcNM6EQQMQ3vdKYIgbevY0+tPbG
qOp28AeSVfV+kZvB4fojJZg49J4/sF8J4+CEHWW3RUHA5RmxPFKElx4W+i5aVmX8
zx4ilww1W9YOq0tecWEBCbedWgCPA+6JOTs/nevyG05E3bE+5i7D23wxp3uo1u7O
2IPzgmIiNaHb+IYG8Q7Qlki9i0ZNhQ8FUaDtE59PRuoha6+KjPM9ohtQRV53Y/hr
JycLO2hIzIWflbkkftsqBVWUlPuy6ZSQoYDRp9YybOpn6so7Ox35Y/WZjYI3Ob8c
3ixH1y4VbF1SLzIFIfSHICiy1oXty4ePl3aVSVDw5a21iTUb7gAk8kMrLYJXuLUF
WflkwW/viYBgOmA/aLwZkvR2sNU+xrFUtq3+j9es76148hnJg5sOrtp+YlekpkXw
G86i3wyY2GfKKGj2KgVjzwOY816YU+sTgZxbtFgM2qk2i9V7e3sJyZxRGmJ3IDiZ
CkrGHXodHXeOroBV50NBGll0H9bhy/qFJx68Ko4/buzZel6DAtAL36kAdmGlP+6K
HsyQMAeB42YNEnww7ZNnnQZUZ0t5a0RkZRhMjNhymMHgMp0wlO7/na1OpaprAK5+
MWtLCmeL7e1rCD8/Unve1vkh0/RW/WKPs65ul6VjxcOcOe2dYRPQ86BUbGBAg4wl
JMfvp2FETs65suX783tA/9UJ83pf2GQCuNnYZwlgDSgJql3/Ttp7SSBJR0B3AJLu
XTth6D5zIF6EQAw3iiG+Q3lHfiNKRVqhFID2wF6uMhy+xKl/5ykv8ImgHV9QUYe6
b2RCw7pKZArjX3tDqjAJd1SbA8wreEoABBfUM6bnCvXKW8RaAMZHTNwyHHTqnWip
kzHdqikg4N/8GnDVWA0vOx5H4wf/h/6QGxF4KKYyLKy62rQscCeInqLKoFb3VFd/
cBqlygPVCrBzepnJU4K+Uk+1WvKgJM38SKIglYhw5mlj78zoqGU0cLsOpTKGqKwn
n6QVOM21cM4pIUhD+04z5zvL829Or0JuV25lBRhEafMYzFhBfw6BdHYzuVomHTcK
VkPaEqzxiIhgvR3nLzM4MDRtX+kLgEMtf7nHUQpLx4UbKaDF1e9ThOm8S2fv1jnC
wC2QgoqHxbleQV5Gied7wLZFXFgaL3JIl+mhBq89mUc9UjE6SUC+Gv+N+toHaz04
/Uif7ja6rJm1rB1flg+8lY37GY3D1ZB2oKEL+07D2ewyuHmlSOWFH0UWrge2iHhw
1Nwc9ZnuNIgRRPfrip5NhV/CbTg0u25j5lrXVJDzHPLWVkChRLRvXVU+8PFq9+58
17I5m8NzTegxu2kLumnT61ZH/W5zVSTdcITKwExA0wye433FRrqLCpCr4Ya+qXzR
m8c4O0jMydPgSqQOZxVtf8vC8XWslvJKOUse8n96T2nC+xu5kHgI+qOkkYDklUGx
Qa7gV/E4OEpe3lQj17r1i84U+yghGWAImykPRONHHHPvUGC0DZMO5JOgxe/fB+Sh
9AXyozSD8HO7vVDdSclcenlwmhH/BaWvzX9tdYxQtgOf95FFuVtzqPjWrNrwNyYU
sFb8wainGtLsX5kkQ0IcRvhf8fCQZ+MPZDF5PQ1+SxfEna1gxY7jHQqKJMOZSR+K
64pjY6MU+6D4Raz3GSB+zNnaIgDu4dq7cPqX6sV4KJiAb2sy6GqkMpZ7Kwu2WSo2
GrbSR1tomrXsTV8fqMcKolhbiV9N9tZsQ/s3rIxb6gXTkAHX0XHQ1uesTl4jgAPH
+OckwITUkYsMf0ZpWFBEPp8w/Hafox24kwIj+kzkb9cNESFHwMp6FWiyhdw77oHA
PNjZEzZ32RX7OuxHlcB6UrxH2TfWsLeDzj+Dv84drUk7stfRX13z6spo/DY/7qsY
fco7+SI/WHPiKQ1CST0TLjUY7P/xruEIEHdTWryrtN5ef3GSaJTgeWeixttFk++G
LgVes/opdtbTySzmD5VOKEN6xCgN/K0nxx1TXoCOp5JaAou15/lfzXzjAiTYz7l/
RogrtHQ6jy7mN0D6a3pDLyBJNAi5I8v40K3KyBEQudoKh7CkoTGS3z79G2hjGKmX
2ut1XVvtPQLQUQIJ96VoVkSY0vHtmi4XnpUL/Ur0u7JgUms4JybkZPLCnZl3HUq6
