U2FsdGVkX1+jNE6oCXGw9ldMxm0bB0nsfoLGfd8u6T2glnEIFBgFcy1T2015ISBf
HwdszBLujMmmoJwyPy4I/aj2dFk7K+k3nrWYgxHeGeppO+c/z81TQAAt23UmQFTN
Gl2x0z1mP/Z4y5ZfKRFGXykC/zqG2/eWMoI6A0Oyg1gXBWmIXRQyKRmn6VwBJOmn
QHG8dXjZuTfNBGzqJZ6j16soyxDrYVR1lT+EFADvg77BOY02kp3MrNSIVu/u0PDA
9bd9Q2iKIPfFjcqJ0Uq05B7WE2sUc/6aLAuMeRedM0qrA0NyB5dlPCDqGVFDfrdN
ZqPb9J4MyvkA6yJa/WXk9oJYuCdECe7uTiLL7TLDf3LhoJc/PZ333Ngh2FazMSUb
5J+TvDlCkbKRAK+3N3OwoY+4PnzVKiN7fah1YPv7igHG7jGfLYFYzpIvYt6NW4Ed
c8kSH4WIJU27oJTCFW06ytnReklqG3buf0+M3m/RgsnUgtVPQXivmpHzQ9aSSksm
D+6RBGPrHloTVNZwSSofMYHkLMr8Zlb7pQl1ciWdWBifu6Y1VAeA0/OlRUHJ68GN
Yi1cxoGHmXqcGZ3AYX+3Yg82LLzXM/1rrLoKExbFQZi/KyHXadWEtMZFYQmW9P1j
DNAjMHHegGb4zguc5jOR0iQyJrosUycXDZ463UUxF73mUwj+tbQse2XGP2A8psBl
vQWLsGYwHRRkL41A7uzw4XK9W2CMQ+EQGNazQTJBZgo22Ww3InomD/6qdYD7nP5J
lNUWTTZsAzmdCFDVP/mZmWil3aNskW54ecRaZm/Sb2TdjZ9+2C1Uw5PrzmAEsW7b
02keAV2oRsfvAgN1qYVwbSvYvzGjZgk6QwLywNnVWV94edb4eglym6IQqajaaDjz
oK887KPRqjhvy6uTrJsgnxf4g1dhtWvDOjcOreLcgAq39T/Bn+kiQbu3ziN9bR4M
7P8tP5MpiEQrqU06PZzRLhkbdzm3WMTGpnFeGMmfNeo2JdPyhs3Nb0VaZ4gycprp
YNo4SpIBJ7FfsY/yogNIMdwmkSMcOnY/4q8VsLe8+/zDoRNdBo9KmlGRJK4tB4Qw
K+dDDIYoLPVMYAmREDZob09KsUWhk991sa/Ixf+XSJ206Y2MwNUnpPoGUup5v0lF
/7YWiKjPZXxjwIIlDZaF3Ub72uplc0jJdxsXiNaTrPL5CaawIZoaWODEbEUFP+fk
Hq3yQgwScNTZ+8rta77P4amdFIjJNbjsLGyTIVhCzq6+qcAV9/NB+YtKzg3EmFry
PDXFJ04o3J4ewx2jFWzfi5jbBdxCnaa/taNa546SYKEoqHdiw9tQQSDuSGilZhPa
zs7fLHreRi+lNxNwpxLuExThGq5O5HGapiI8rFg69ZgH3YGToz7P1NiHuHTDX5r9
JsxfLbzIvozQ8rFWWoTHG1Wp9YL6R7nhPLWWGW2ynm0xkOpg2qm0frx8Al+gbnyL
IcHUk7U+0KXKkD6vWvjDxpV5DKQhWZROTm3bFZ0kYo4fl+9XbX2dlFlSmrNMK6FY
v87xJ1p3JbtEzJBkWlWef7jhn5t6mTQ+b/IXle3fwEP6Sm6AxWHi7nhZt2585QNd
R2u5TxVkHQS+oQT98PZF0K4qhkZbt/Ch0AVt799J2+o7/Kv4JIgzitAHF9j8/5eL
UMvlESk/4APgQA8Siywy0+7gXGaZUqEtGD4boH79yGOE8nfnOb0ot6KUZ/tH0MW0
bvZvOW/up7+9VRQn2HCy9vrOE1gNUMEPs+2QOZWV3VOlBGeM3E02YA+kgAEhueDa
r3rUSHWYU39eRBPESCdp30ifIXDOTJ0+J8cXK4FqKgHqpwbJ917LvSJp5yqHXZwp
f0XmG4WpZgl3LmHcLdXOvuM+3XHvq5qoA+vmZ8+lfP72bhXN0/Sl7UH55u3CAR+M
gxuEMgX89vgJpgFcH5oysJQOyYxc6eg3/pXeKHOQ/BunMOSTpkl3gKl7+uhIOj0F
BnloBRkjeP1p4Dd6qnDp2TSII0d5xpjFWS5b26fGQJfQG3TQefUBA1wchoV9oxTK
fvftc2oPefw9TC2dGd8fKIWvH70xT8Xbmpf9YV8BkLptGBJvhpQqktXyI7/vAaBy
QSKOjnZExCTLgtjQ2PK1ZyEPt17e9ZFX41Lrm17WIsiakfG/ggrwhpIXKJe4m6LN
eOLa7unI4oWupHbJ6xgBEKYqBcznNE9kT9CvmWJLULFZ+lR+fRRl82YLyklJ06Kw
lPrfgidvtaSPdyn5yAZylpxg4jnncQgVPsKqNa1mO/9fDPvWGfx5Fb+JJ1ao9zTK
LeupE0yIzGosALtv4Z5g032SOtfMI7k9T5pjNINeRb/TEg0W91L9WdR2A9+habAT
GRFS5SuGquWPvXNccrfQ7+WIOGCxiSGiZ3ZMqw9WNxjPROSUnlwpmTxskCOmswMe
JEDA7tAJ5wI09o1SgWc2ODDEAF50cqQTztLILAS9Vr9ECFebpk5HhoCZEvx6iCJV
WHS2iDa3wO2S9aMFJGieneQ/BhZZfQm2fyCSJZ/NewuU0dbQaobD5KGDqhtK1bqU
+6l0bHfEdgUBxJ4iTA7cLQESs5rVMZBLcQpbu8+wMM4JpnTcnVx/NCeBGJGk2Q4E
Xa8y4d6j+hOfoauihZGkFt5Oz5ZvbeTqLKV2X/8dSpJ3ueMP6JCsjAfgJcmV0APc
WHwl/l3XUN6QHY4ZJctejqCVDRVqX4+iscTUpSHPMaCeI0QZ4WyTYo7YU5gZHLx8
1IABOjPiUVNIUT8qp78kC/N5odU7iOuWNMNTxzn2L7PbD06Y9aYoTUYkxpf1IR5f
Umfhiy6Uq9cWevBg5MoqDAHJxKXRkfsWYlQJ5+f2iEzafLlEellt0BNvz4aYW3qi
1Fim/25lxHU4SEnV054kWbQRON5MwT/v3fXfBCrgHhAPY2f6mCYwKBzJ4PqorRO1
wReLl21YflJzlWLh72nzNeF/X6bv8ZiBlgOZVROpEwXxwSVyyN8CLTHu16bCn0yD
7+P9Sy/DremcWroXY86jEwSeM6zZQSs6Va+xl8ec+GM0uli1ToxUcvzfy7Z2hPUX
ne0HLVyu8eOmrxhQ6NQ9N4OJGk4HSx1TPMCzvrZdv7WqDc20gE7kgUBFZX3hZ/YC
mwL2pFNsAUMI58UkcdhMrDazuTjTC+NXjEmI7uwCVm/MHhTrVTj5s8ln9hgukLMk
IfbL7LgiSsI1vVCVlSxWRyO/sTtNvptB6fKXZYIltn/7OxKY594nDTQRjAbneHMP
ewDv/l70SXyv7zC/SaP0HoiweMNv/Bi9ktvFnjcI+PrET6/Hx5y/27L2BhLXCVya
h+gYlGF0UxqJyMlCX9aIBUhUXq18RYGy/fpKwn4flDf3LYMyDzvo+zsmJUE85vVB
S1g0Wjd+JdsyWgwFznJzIHslWYateD0alNuFgnixLZMxB8mJybKwa40OFfSdGQlC
H32bODi/7J8SUNOfkwnfhuQLrF6yv47bZRs4p6k9SNLlsPaf8+/iGR6v2zzCXChm
h4S7BMh0IQRqpzTd4WHQ8fISKjfv8h7yIHH5Gr0ttLjbQFi4kIE83EB0J5FhTn2v
yRiINRctsIl3lf42RHEK2fkQQLbIX/2gIPQs9cCwnIMIjZD9CGn+RlhNj7gv6OZP
bG+3HFYUdTpBNbwWCbeavIDEezLis7+LQrxEiBsweoDx8JSOPmsMp+6qqLtYQ9kQ
pG8chtW9K+EFLlBYRKWRXSsdFyOIGTMusj/X5nUJnXvurGp3c2+RHaoGGyj0MEGG
27nXzK7gj3f0neSF9ckpIDdscXpFhp1eLoc2oXxORIPVnxcYwnttWKOCGHlXeWe1
T5sfbtFJSUXbRa9FvZAaAmNV9obzeBbccs311TQE9UJJp3g1SNNA9nT3L/TeE9XY
tbLsS1j8v6xEx/sYu56YF07e2gU+JcV3Qyw7dIZSzAgV/VyNCcH0MaqQMZsaTnio
QT04SOSBgzdaV+QlLPHDGf2d6+UsyFTB15lllXpHuC+idjCI4DYRRNZAS+uZXnMC
pvozkuzz+GPizMTPFCvWGByASg7SrotKMR//UrlVo0TP9X6PrcPU4alidsfWk5P3
DlNh4wp2vxBrgot6nklWUXXNI+OBKTL0yhjewhuN658rNhIbmTu+LnHzixQ0Ze8h
dQ099X8SNexpw1YTASSo9p/LwnptJUWb5Yz+tFDcvBpz+0bXkWcLG5ZCd5UVtRmd
nsGt8id316GLYU9uwhz3tUrGx9cd2evFSTO/lMPkp84a7907GuVPXqdzvqkC8ynH
Olb1CQd6+SKYX9UcckCXXbAztBbLAMwjT6e/WBX+rck6k2c/tIzkmOwODTPfCrEC
LwzFyrN8vwb9PxY2mcOwnpNnvTKVHZ2kIaPe2KL7u9gag8HwkLHrilsLZjnZHURD
sGow+Ndp7ylxI36FVmt41FMw0vJYbBAlltsCA9+8LP4YQgXGB84ocHWf5dhe2lpQ
CM/4VM2fNrcpdEBpZj3/bTE6LTcZhdccSP+h0oJZpOejud4AR/LewMcFIP+Q+RGX
ErvYgFW4rchhRxDmFMp1bB/bNAFBj1JaEurMtam/bZHCUDQwnDlIQjhDSLg95nsi
C1k1zSKS2jv/8wrGyq8SY9PYDJH3yMtjbf4aeNB77Nom6tlHr08ROr6rj3HgvLEd
xkCWPMYWhcm/ZU/7SzQ9OV0Gb4Z7j/zfxsOCcuFNHPX19Ftz3vkI9dug6LFSsNPq
49AM23BvW4/YjNZR5hr3qjJyw7EWeOsOouUQJL6f5X7KkLE6gZ6LN+rrMBCcVbYU
M70fQyQ6lTz+YEQYgHuJMCpgLl3dTL09ZMQlZ1UMjhb4Zise83uLWFxyj16Op/sv
ykrX+SnnmjuZQivM3g47x6nMjEb9nbZ/uC6YW7cdPAwSP+FgzTGVx8spS+gNnXJH
8kJDgax/nLJRNXjw6QWm8cGuTcH3vk2RR+NUm8qcX+J4gQ/JRS+S67flPQoKqwBo
2c9nB4799IBDNHbuQ4cSqLR218MLgCve8fla+solyGDRtrkDXDj+fV1kkrbvIfA9
In9yMoZbC4875nIuHanMFPm3FOXBbMnKVgOMFSxqz5uU9U89sLwGtvN1pBK0pu0J
UEbX3FI84Zk2EAJp78bz5TrQ5AmQJHaUcx2jldmVHcTPTSwo5uhvd2SXVO4O7Lux
CX5CuiXJhN7qQb3x3LudACrJRrJDxDd5bjcOntwPlSfX7uX73GnQ2bzPCk9pqPEi
A6ILs0HEgHemlzGC93l9cW56KIxBxs228m5+43r73Y31jo2aw79PdeLOZl7OhhKT
vAwWdZwJ4mxZCS/EeDBXMHbThA/rj/hjS7uiPgVCzdfdNymNnV0+0Yak1tSoClsz
lZNfL8qYbVlaCBGCcjrBroclpHLsEFVsIKZKAjDXTEFEpMz228hGHyw/rq/w+FTZ
F9u2mIcu4qBRxeXwg9zGB/IyzyF7vHRJPw1+3SBzae9dd0nKEMjM8WKJnxSju/1P
B+4Y/YZtk2OCslP6bNQAFrivItEB596QCCBGyFVN+t8wAQr9HLDC1ZJoGp+Bie2R
E8nBhCH6CdFzPXp1AXVmQnwNcArcdln1aejRvFmTsh0Zw/UY9y/JU81j8FoNm2j1
a0imfBe+UoUqSVHm3DlCNz+gMIXPmfzm75GVaSge3e/VNoNjlSRoHhbJj5v+oQqP
qXqEpHOS8ASupTCb7DHDX7/MjmxEs1IxPjXn3dYG8V9oWYRxuyqpPcCc+QLikmB8
azl6Bce2NMhkOSvVzFO2S94DbeaUa2577ry1sF8mNELM8ch6hO0im2I6uBD/Lbew
h2B4UUfQPQXQ8gcmFiioVwHYEtzvUXfjsQsDvIgo3i0D92qIUbqtzVKxnar6HWFg
QW+e6arW1RYbSKsHCyOnQh3OZyS0kZSA1hreildaJyAc/1xHmoMyas7L2jtGyYhk
BxU9OXE8zkj074tn2iPZwiZLIDUVoyPU8Nu92dmmj5LYVkQeBWuuQJ42WeMljOjM
ANuSkWdyIPmiR7XwOF2a64T0iwtsheDqoXGXnG9CuSCoc5vYV+8y5zcn7rDnZY/0
ZzHL2lgJUUzqpHjHOhT265IrBCriF6MpXrMv5iROE6XkfePJ+wugu1hnVS3pvNI2
DioJdUr1AkaBz5no3u+ROlQrJCcYbSjhlfGwRP1Y/HD9hK9lxqmXkIEZwsp5a9wo
mtfEXBNWrqZyOoZxBKgEs6cMX0cZ2iR/CgnC4MEEq1grgCcvuNdZkZRJHL6I7uDf
raloBWlnWu4HhNhhdyTxS074+loxSq1RLPQNRt3h9IyE95u/bWVjXQV6NbM8eGmM
wjEwPPVcFhpxXq6QhLvXMKRMYnx+t088w/KIYlhJcsRDgIPG4fK3nGwt6FRFLqSp
bXa1xKOIMCIsHqYc6jiwsFheqfRCeD4vTT3eFYLYDObMZaGIw5sygvUQkr0De7jm
2KCjsNsS52d+uQzW0pD36o92Poqusv1SZi+eiask5DhzIRQVN7cq/GcPWOQ4Omx/
BvHKNJEsjlchO64ZMEzwPBZfITfDvgAldxhXVXe82kFV4lzrc3RFkopdRYIUT47U
U8wuau8KLWr63SfvYipznMZniDZTSACHljFTrD5cHeRd9F9vgz2XPJLrLpQ35IEM
PQZIuQXM3O25vEcHXLX6cuMZLxefqSm8i4GzlbLHMsYWqJl2QsQJPiQyhDhGg63g
RMgqdcopuGL/Kbg3zopUF/R/SbLBDUoGI3xL4C09kO5z9hBzoaKw+EqWbEr5VP6P
pNIqgfLbq5YOY+Wp6+Q43qjI/QRVVxOUuCNQqydefbWK6AAjElvcozRhXnFNFTjC
xOZP1awzOeFJl8wdgxM8gFtbfZKAKDDvvmqQ+aLPDdZT3Gg0qHrAw1z7QIVCb2CH
4sjlq9jBGS4FWEHkivCxdxSWxT/cuvV6tJM64O5/rmRCBrDLcStygrn6SghKihIT
U2I8cyHI/GEa8ULfdTcXeqh+4EPAlJNfNU6E01RXj3azDYDoiFqPUxsyEL+3BFkE
BvYifCTBbW2YkVhz6pQuC4J56B4au7yM6ig0k6XDpySE8qPpNzuz9WbgQAFy+9fx
1Y+p2rxBzUT7nq2ahw2IDUXbTwXQ52VZRJdjy9lwaABucKPdC33kG/BsO3UKX2J8
tf9aydHZ/Qf9uoOWaaQZr6I8VuuaMLkvEewXiYE8aEKFsazF/m2k9CzGeVckCNHu
ozVdJSluO7lzipoXeYYoLmYRLqbbiIaCPI3fTe/09aKvrcRx3SZ6c5gH/VEqlcP9
jOiZ/gF5xfb7HvTFjl04S90WUWNrm4J6PLDJapYXeqH7CYuzfhrJx/kreyBk8fQM
Bnpg/PbuLc13JMm4V5uhpefakZPUvhJ7iCURRIQ33AsRAcg1ZWF51HxOA2DeVOFh
+f9LnJB4DJ9L79mDkITKDxMOwYxEuPpEpBdVqAoZLVbKFlvJdp0pdLEvUTDvXBej
+bU1vzTxIc5d9vNriBc6QcFTwKkXoaBy2UwOyH+wjUpKLu31c21/7eaSMiOSExZk
fmOY68Jwz+slKMRB+K0rz0pXZVsGSDxil3jSm6jlazhZi7fpbMddYtKPdP2rDbqu
Osz+HK9CFEM3oyQuf4py3bskqaeIvgR8bwn329oc7PSdMMallFtnV5ZrtQiitxJL
stVDZ3YbjhUa/Fmt1WJ/E4OyRj32TfW7XwIj3CqNjhAvNtxZo7yrRdTceecOx1Yj
hqXaLHiRWdvAGmHU09oks39yf8abaUDzfJmnkGDcUI370atYvLDmIwqMysoklr5p
bv8C88FYDMkgg+YBBiAKo8U+h1Ee3bn5J46bSpzYw8PbpVt912ZhGEbnVTJKY+vz
S3qDh9FwioGaj0IDIsjvegfddVokLHJHMVAv+3IEqAgFGvS73OwAvlkp38M0V+Jv
CzXiN3MqYcN8EmTj5BwoL8RIMUmNeHpQNxyb3iJJUyJh6qBEdzPh+QMvDowdCfkX
i0besfqg3WbKb9k60VR+kt4zVSeVX9yi53rtztGxRq7LbGLOw7ZbNnKV8TS0XLX1
yct2bh+bsEgWLfmwbpiGpNZBXJscjCcsyL7m2Lvif7zreZZxx4t8NbggUeHSQxEU
P5rWhvgDDegAb7Y3EAbEjNffbI7K4qTGrgHc61ENlCxLXDADo/RVKFCY3ZGtuFvr
Hjf/tcSXSAmx9lbVxht+4KhK7sM5nb4lbEe3g+afAIOefTWDP72hjZMy1P1TjpvB
kbcYKrbHP3+e6Xx7S/cZH/3ObA53o01yvltLS1VLaEmXeaCYXwtCOo5JPdyBBuZw
0ipYxmYBCajsP9+QTBsmGkk/7l9oUq0hfa4vpb5gv4kdNQTpRQzA7zoB90Bz8f14
BT+oemcOt4NBSohfI8D9AEEZDRkQ0OVTwE2DR9yqZqRrprr4d305SO16WZKmfkrB
aG6AxSUxTz50XCEEWp45GWenlf0ryffzaUhib0JnvqKFUAgNcGmgzy8hoOEWoC+j
2b9RICmPV4K8pP2Y4HPe0qEEe0JoN5TephN3rHE7hewanm8RY5WVR5ebvxlqVA+5
O8UrTwitndyMr1qJuhcZKmx0S62AJjggzI8rZINRRzKRQiU5p+86TTX0T0QWlkHR
07UepcYuLCdWUBft/8d413JE5Cm15vzWliWcNUcaSx86mCNJjB8yXfdPb/mNDL0Q
qg9NlDj6M3Gpf6t1C/BZ1z4rJ6vFbRzvjpifU4J6infsrudhQ4dNebmPil1AXNhC
12AqBzZnqlJaRuNYx3OaHnNqoTv/V2OaIlo2X05QahkXgyKtQDj5cDnvXWRGbmZb
iKa4jF7iTvT8z+xwyRrRn5aRKr/Tljucfd3jknJcjBcRl/32dfgMeGzAAYkZyyPS
4c9bTEfio/9X8QfLBQsCcfuV4/kkurXwT6cMioObbLcj7azzcOaLrifff4admsC5
zvEl4jZG237W11yioW7nyK3kZ7p1Ix3K8FIIoh5XxTXNo828DpuAT142uh4JTe9N
rsGT02567AXL594vgGh8aBsfgT+yEXqpM5EwcxX0fh2tX0nnExrP2ulWhVT99xSZ
bIqvyE/HfN+PZLYzse3BIRSeOB3jYiKbwMnPUuPiajblPkx1Y5PBg/AInMo/I0iv
bY5Yk3ejw6Rg46RhmorCssk0uLynZP8FDOmlM+CVO848qwYkIJfQHQMFPtwRfJjR
M5s3qy6mtw0jcocVk3a27mcP3YlZ2PRNAMy4BUZcWsh0ehzqvJl1sj5y2loOzYK2
FfbQ4DhcwwZIz5mO6+kfiP10uvzf4NRfPdmS9Ervpzyr8fQq+QRSvsUvWMPpzHdk
HIWSqkyoksUO7xN0hh5/kgxwJYMEYCwVQaGI79khmGp7xkj3baZ/SLeoCiTwoebx
y7Aex49WdoAsouYipl554T48ZARV/xkUEfdRH1XAKyr7OYQD8gkVY5QKbGAzENNj
FzpDDAfvI/5LgxOX3aiAxBwBj+Wm2LZF6b58dGXFFmpxt8+KYqT7SKSGDeSWKDrL
nKwS4/+X+lDutBq5CGzC3Q8hlw7OFjkoEHib60mD5NJ6QuM/51USkrkP7QYSTRaH
R/Db7PKp0fSkz5C58r0RwVCSqmN/JbHrB9M3eGgV/zbqdqn5i1NAks5hDDY6U+Ed
tWnjws/2PUaXopksyfnewBuvKmRagyvhVFYK89FLwWheDSAVijFZ56DHYghJ+BAv
CHbBBoU8iXmlPBxxTumBhEzqZrzkNBdSohHSGPEwubKDxqNQ+HX6firFA2T52nRf
4o8xjmj15bIVGyDeHjUAbIhXK9mWso7YSBNhnTJNT88x1sRwq10nMr6sIbS67oAg
ij4SENTJeoBKKeh3uZdr5oq3FW4FD/wJHVYGDlhRMHhxtwhxEJQslnpdtHIxiaAY
QrDyxjL7paD5MSZqjhD+4F32z9zCsQCASBEnZ6m3ZqNmABEP+iNhBJvlYHGgJP1w
malkAbHkI0yDvKyXSGmK+1FRuMXtuCeaL9dpmE3Xk62dLzVfvDdeTLXNW748NG6H
d2r+AguatNOXobTXVJiDHubeiAF4/CjjS/3HOExE/M9GqlmddStdTnSZPQDX/jea
0QVSiZte4wPdeuEZsTb89Bf7G8mmdzXETdI0sNPGTmvnt01PK+j3L4JmSjx/smVx
kuvEhiK8Lfg88MQ7GC3Cnoj2V4CrIZF2o2wGPYhzzNZfSQUJW16M9IXeE9lhdFnM
DII0lUJzFJbjiTO3M+TnBlfNchqDbUfaUR+rK1Dx6d1ovZ0ekaxPvy+0kyR0/ZOn
iIP76jEkPdkjKXiL8EuOEdUEOcuOdootj81LcuCm43Sd5PYbr77z3Xu/l7xB5jfO
2qMgVR3MNVRvzWu8x7/KD1Zdd+A6/ytKTc3DlhZZ4PvuD4uRhGBNwHJDh/d60RbU
fk6LtcQaABehp1b7IbKJxgxRWtj3i0Fym7TZzpuFHfj7DirZE7IHNFOP4lObo9mx
MkzULbT6amfOa4wI+i5QSX0pHDOzexCxTvHT2gPFHQS+6QeCs0ejsOr9WmaRYUZE
xgvHNJqpEiL8UUqYV8ls+FLa2Jxg6YNVlPD7ITIBQNyJsfuLJIYD05aJYD9gFWNn
UXvF1PNpPVUkZdBEjOTU7yQpbakHIxQ+KGeD+Emq8oKajmOiI+MWGo+/ne2eiAcD
xfKDbRHptGTVxXhuvp44HCejm0w7/7xarUlHVVj2dbQmSokedoHJ+xMoBZ1q9m8/
9RjqPmyFVb03Mwsk4TroONGlUzkgt3ujB5vWg9vkcdebgJKDXcdtlpBKHTz1sdTK
UYO3ctzaL/0Z2GKXIt5dAT1IJtEnpwLHz9AwwiUFz8oWq/15uiK5Gj6GqIcDuHEZ
NugsRqFj/xJGcccgSFr8MiUaRB1HM8Um39R9W6foMvAMVFjZzRkZ9qFK4unoIuBm
aVYCF67nBgFHlQ8+IR8twZ0mYRRChYjq2RAUEHWsAiMssxbCJTyDDWSaadS8phbh
7wp+mKOBiNhLKSGQVLXpXwmDMJ/StkbF+lIryXeHXHrd3lhfmRzfwHpzom7VGT9o
SS04anx2dmL7ZEW3JU2Y7q3eSMb9Ox6IVMROjpmZwSCmOskTZawj2yQKvV7mhzWH
ssUfzdEyyzz/i2ZA+Ic3W6Y/hlVO0uKyGHYNIwaanCgFSoLU9sdoHo8EJN2OMPIJ
2yQQcf2qGfdzzjEr5uf0Py4CPq4X4JfC41eNpign95OSbokJoq+V9XwNi8asLr3Q
o+v8LwrgKe7qrYALoADrV5wmd5RIcKUfy32RLHua2muu0ZN6xBG1xA/GQE8Lx81C
oP+MhZrv/RDPLfOAzABS82SN4haMTsbK2BREgHOHRuxttGqspXkehFPJNgV10Be7
2otuo58b8gfC4RkJa5wuOILqMG8dU8a/rlYrVCEddsj1r4Nn9NbhPRPkuCT0oK94
oqVWdwWlEIPs0AX+WS1dAi9Y8FTbaqPs8ffZuB4LECScLazBAQ5JRrR6d8yYS0eK
tUt4jVpSMVEtWxQ0hXBEB2Kup/MS7hvX2y9RXrFo+MVqaRjWp1pLT6MXIm4UmxkK
Hfqqgo6YF0EEADxpqhnNF5YeEOMhyZtVSCTuJJr79MfGP7VO1FddTpavWbAiFVUq
hToP/RnmRNRuO+q6Nf/CpjKIG8X6FZVePY8kvRCo2udRUTsybITn0wNhCqgoiIkE
SDjxG+1ud/2HFOXGQW7MH8jtuD2qelYkggZjr/Guja0zJKsnDluAz+bskvzsI+hW
eth0u9jyu3MYFQMo8cShm7UFo1540LZMXKz+i6LOXuRLVnTbnJKfv6qCAqJai5c5
x2fc5hsiOeT3NbFf5J3p8cSgu6elzwg/tHl5xB1wYzMQZ7ffUVZyZQd3jo/pjGhD
/HWbuLyI6HelB6NDNrA5eoqLFWsInX8PQgXQr4UmizxCHn0EZIJZeT9ZE0l4msxn
+vHSHQk0KwLleYigRotw6SGcLftJcvi0zMOrW17em0bTVyLnOCMzbwAlJUzTanNG
ktlaj8+c3NrIZheS4Hv/xD2CeWwmDN3NSKuLRjs6RaH2EwOv65MIbEQ9h4qfYj6i
T3EmHUXXkLk6kQpih1SRTyo1WxzjiN9ohPfWPI6BvUydinGYe6zbA/Ooc1oa+vfw
V5DcsQjECP6PYwl/+1Nbo2TuzEfSnOchfagwR4s1fmn/kG5AyTKs37y3roaNRbp1
hfwDWXsxg3X7RQ4NMYlEReqgmvSqQj87CnpjBQ2XziiEavzDEPceX48aH9/I4yJk
Xp5X4NwHSBMrgoOrdb5+XNVpCcdia8hfx/rIE8XlUMRtht/hPG4QPY2O5SpT5zpp
pi4SXs0ZxT7sIpvVupZeTn2+SnqDpdWAtMfsX7VxAxQKCYEGLXeTlqupw7HH+0il
PinWICO7o6Td7lpf36iNTN+J5IHzphtiyIcNEQ1CEEltjnC06f2KJjQ5rL9meJwW
XVS9RPJcVy2lkPjBX320CMQ9u/yeOzJWJ1Uw87cVLtQzsmalDWQ/bAewx8HixrHo
NwbxJWtcdgN4eAZepox0QARKDT4jOCcVKRnamJ8DMwiPKTGfdQMQquTBLMP2o2kv
2K7ydsg6Wx99RYKttYzb7F+TJcP47w71sn2h/FPCmbDw1kk4g6uR0lR2OTh00DqO
jkTKt3xnVFKmN767vNBFt7gRXx4eeW9Xrt9NPWhbF5YU+LTB7TJdh6/dnZVbhHGM
9mr6Q7HJkic2KBjWETA4gIzA3NzxokXBGLaxBvXIVb1ckrr9jaICzaDZiFKzToGw
vhS4jFHbxmifAIMdTG+o4m9sfOmq0xKzyvOHOZqts31VmKnfF32c2Mis+xXglK5H
iwqO/XQnYJti4qaMbPYrOgh0cSiLLAwuP4FxTJtGL+g8REocm6AcVwioemLFiZIM
G5dpMvq2vfkTLAqFLoF8WzZSOtui4H6rdrHgJASRMsKGRdvtxDMEar286THMLxBP
IFH+osMyfR37bnRJZdipbRccrVshLxciDjR6/6bq2LjPEzTIc61zkIjGPXQt240X
A6W1bpfNHCogtOLAMQOvB8b4i+/6/8YatUjpCwhX4/WrqzLAvOFY0ayQgHvHruEV
XFyUwAYtGRt4FR8sDFzsZyLZaf7lop6Ah96IEBESyjjrKOxDrLocuEIFo4c9durp
uy8K4YvGWGAnlQIfY/uQxbjkVWT6wkpF9bvxXfb/Vvo1+vG/GohziaEtfvzvsELL
wRxrJrTTi1+EBajBaaoCS/rpX6ZwJX6S++XS+pus3tfOTPFu0NHYNOsfjJvdC3um
jWHNmqj7jydLjZFvZCFd6UF1vkGRD0xhmzPbQ78mmY4lcSAqxz8gt2gZp5s1WWlA
D/F6EGNBt+290HkR98xj+0FKu6xY4esjZ06mac6c/4Q0BNkwC4umI4J6Uk9MtPnh
4+uDnes4VHFM8e8b3gzt5hPxrXmtpWOg6H5aoXAxi2rNBbU2Iw20lEjPx4GIn3FD
LayUbXaIAOTXV1tprsLhTgyfuwB7E6B1I3d/kWQzZbaVbsmyE7p5cm4wu09ayGAm
ycyB21yvlRnkEKBiPQO+ir5ftpCNe6duTvtZZZC4oZ6iNOKRyt+drOUw4KdMEEMj
Mz9xfrPwpQq9h5/o6i1lPhaNAOHHCHwxdO6QrhnBaJ5yOWVt2a+u39K22q5dLBS0
p7yp1xkfiZKGUfvLBI2jmk7CmHg9ByTcoJKDz1qA1rPtVqOE6hJ590DemYGAbWns
RJBht5sSnP+uOWT8LaSNEU0cH0K8DrvUHx8kiZm8pnthjFSxfVHcZW+xSl91aXHW
I7zdOcPs67C621/HSLFNwMsSVZ7gCGkTwOesbvW5PrmsAFSXr2Zxj5+eOO5zI8tR
7j2JVUcUACVh4aLJ6GAzEZixJLkSTMedqHLPLn6D268hcdrx3Yvo03IZWagIWhZ9
6PoCil07LqOyM2CXVh8Izq7nx5isOnOW2VAEFHHvjjCFzFeLNw2k3bpXffS5k7a6
L/FkioFuwNl55ociYrGJFIsfjlym2aHKAbdeoSMv4Z3lc3x4DhJKhPBsmPcUMgjH
toqKy/cGNVSJKdLythl9eq6eH/EBMvWxbZUBlgWgkoaROAPW14sSfPN9L8BQ3LRD
GUUm3q2xAbnohdP8Mr6262CWPugf4Ghl3pMkf5kK+hq4ciiRhLO6gW9u+J35Udpf
S0YQGpnSABfaJYH03e9YKiGy/1m6dAPYrcNcPBAnS/MN0j6QzdoQgKTOTkNTHknh
VQXUmUggTILap9WfvGAG+s6BK+jJ6AidL/XVPAtKfGmEO71UxjB4noN0RHLFqTf8
UQYqGReoqQZ8chUmhbiGtRQXnHb1+3RwKed4i7YTWtAeONHbROA13nW8uw+WrL3V
gi7kE+iom6gGlWknWcI2CDD00bc/SH+cKHap+xfY0B9vrnjfeKZKxtYUyzd3iSP9
PTZeUCsPnseTR0PUoFAayL/ZUnSBh3T7BhjnDlBUw3BAOHYnE3ddHkQiPGMX3Njd
FPG0gPprawWckENZM/QSiw66yXgF1Xw2Ff91JEHa+6YeurOQzHf1ihP8KPY4mCrK
0/1H6R8rEAiuZyGOK8YztiZR+Vo+BmXk6Y3dm+HrVPw7eC4OeaippP1TBB5SL/tx
KqkMpzwiGKAzV9OJ1nnLcNaE3wlr8nTTfvVbDY1H67PzE0AzTnS51tkep5aF7LPZ
QQJxtMZCbhq3HGicBS6hNTf0gN2jVdKxu04j05LI2kGytMlO2gLgxNCOgyIi2JZA
nqVS7O7fe5Yym8gPfxuAuFMDT1U81qhBhmbqasuspiLBBgu5jmAd73V4f+AD9cib
AsVxku1Zaq6DVG4ZSxGNVD8EJi/fyKcYzJVUsHpgWD2E5+bAAt8sPZIhx/V90rS/
vKVSnfSQ11pIgWu3rfsZo1iu5Gd5nwfsfgca1BcLLsrFAkRv0pb9MWB/c4ps9oM2
9TGu90OVRZikvTBWZh7DM7LMVk3PM8iPvq2qL8bcq94g3RFJAyenyRr64rkO99wS
D1FgPPAyQpLL2ppO2sRzVcJeG/82u5Y38x6NsZ60LONAIep+6Yu9h/t9pcmcmPUa
D8sldb0utd8ntUL0zMNuc+foRxoNk7CXmVqTj7tUzLzld0h1uOjJeMRnKYYAG3Ux
bLP3Q+NVL/iKokHQ9L2HtOS43drwDw/z4YDfelCVXDnOidaIXvOKg6zAOYS6+OJi
SnonEiaE5TCtyAZYf98sAM4ZXcTZ7nLIADUFmW5bm75Mn/5rjGsUxV9EX+iR+ik7
hIpLtVIdlCgB9bMuFnjC410rNE6zrU/ESlUz6y4TMda5B/iOkvDDJirVApfS0kqD
LLk9IZ6KU/nxrCVThvdraTRlnjeY4OyT2nNNj13KbliuJ4GVPh2lkmNjh1dq6vOa
RQz1+HEVTpjsvY8yQ2CzPZjtEpDSg7ZT4SXq9NMYTDgK3HSesj1jU0iCE4vnLQLx
bFM4lrBBLLX4czDkAi5Ibg0lqNB+m0ZZJ8HIEP3sVct0jGG2Li/MeRPqmoYTjSLw
/9nUYCBPR1OH0vVLezjiaHOy3h1jpjLRU78kPaQNPzQ8mXk15JdlzRP1vNvmFP0/
uQ42dXCuQ/Nqd8s/ZHPTBXCs2HxCncXJyR430jXXkekoONgOrbubqxL7e4GzAz3K
wqL+VcEMvGonZwIimDEU48fYKG4etJ4gQ9TnTeph0JgqcalCxSk8ADgWI/FV38QB
DjapaMZWtXrszd+t6orS09FKnNIf/h4io+pJA1REs+QgQdQlHEM0RQAiU8LXHaf+
IxPRdQfkeMWFv2q/rQc3/OCub+KWtaB8Fqlfv5dNn2TvYn6FRLR9CzUWo8bD75KL
h4OjvSp5/vCV7i7qlcnizsra9my7d1ArXc0q0MjNUplkpMxXUsuebA1Oeq/sxdA5
lMEvnmr6iG5SMbHtTX2cgftiDvp5j2DOqWX1HRRvpTwknNHYbqNl4CallPkmxp4X
XMR0b8G/uwrKsUFvsiXm6+jQOSI25d4EUS1Ivxg1G/TyoBsGb6Ism3YaUq8D5Dqs
tVTYWAF2NK/IUqnjzeU9JxZ9TCUOevkHfY+2+PzgsiNrGlpIDiXCGu/zkk0Eexsf
mo+RYnKIq4QlXO8lDmdFX9Htaqk4SZFiH79rhWDX1nLSMuIvWBAJRIRKQO9PTDq1
+qLrrudpHietW47SVZelb+iBKHuXSsP6z2kh+McPK0zyLp3d0RNRxAaQfpy2BFfA
QDTzZ3b7qREse0AxgT4CbOtvy1mjVzBAXEWGseCr8uw9A2aMzUPp80LnFFK112v7
j11MU4RaJav5Nw+GUEw5LJt/uO56SS+bdEC4sGHuOVKJ04iNW8cE0ktqAzLO+X2f
4hhNaugnmG8orEmhvXgVUsErDOsF7mazPa0FyWHsv2BGRyuWOhsYbOyCX47nqkxP
+WHwBBEO2PYxDj7abY+Ld9aZ0lPZwBH2tYVXcxAGXpU7mA+DWob2Z2D1y3PESOxx
WGehM3q1O5p/1JB4fC9qeHiKR4cS+rs1l5FsG4I4kLpdvfwCxdCpP2c3jcgGrkL5
3px0E0cnPDMr1KAfTUCKHZS/cfW574TKAgtUdOZ7fjbIL68v6Ngo6JoLvjU4hsVu
ezIJ43mH35FJmkrBZI/EqQ+EpvKXtn8RYVzLhLeoh3DoFpV6DVkgT5R8KvX9TWd2
kVo+Fc9WGYne5b+BSHzssgVt37NY/Rug6PUqp0IcDF3wbxKyR1zUe6weZ2gAyr15
FGGtPHcyoqUc80oylhK4WSHY3wy2S2rL+kxQ/GAH1fhqu1VAhy/XeOmAfis57sl5
udaZh8Oe6JvaOWQTUs4Z+tKe/6MbQWYuPZQ6tpUkKgzktrH0O66+TVeEOUUOqt/C
lYCJd7CisAEH6UKyovt+6mZjWkJMkku2RBbPKUFB9ysJgpkiUJSFuEUM8WBc+OUA
lgCPWCdpQIyeWjffVAXO7cACdnyJ7IkTwkWkm5mIqspLAJdu+XOIYwdUIvqyuBL9
0T6RfWT4nQKGEa0HIfODzS6CItz21O+eicDk6cANVGNVXEApgduuzk/Spzb7BkPl
iTmrMHrlF8NpDrM5Ep9JI7RA58tN2G+07TyH+1guq6z2i31eVaY6LnUybKGTfccK
b4xzyOt3qdU5aSwnreDhunCl6PVt1939k7nKiWEBqp+b73NIm1IU4MzQAtAbnmpf
Fp9U3ALMgOLTxRznpvEJBrb5X8acREPvRZMEZ6JXs4hUKEr8qtTN2c7bO7MecmJM
FAkYW4cIDL018LN58kGayGjlI3mIp8Ig56tvAZ2Ht0klEGfz4skiMcV+rdp3ImFQ
s4uUJ0ZsmL10pZFUNuzV1IaRWYHTSHeK5bGeWNVlLhNdchhqPyDLawlMgFyx0inN
y9PjnTLSUlcin/EEhmJIQDeiR/oHrrDTzlEYpriNs0aYx3V3H8RQPcU1IjqYFm8n
uSizAPVbYZ4fQbvP6U5fKLw9OLmcrKFDUfMaZ5rVcfg6Ed4VFoWua8yl/Ii/2gv7
3yoITcbCavEsaz86Njbh58hy1K6VriWSCJPVz1t7YxQozuiiiBFnKA7sAwuz5B8W
zk9jnFCXt+J0q59rK8CBg67AvnLkud6yZEx8DTQqX9t0KsF2+E/f1rgpEAazDwcN
8F4ctj04izLZ2BaPOaf4duN3mFqyzH4gXK7+oULNVzqbOLBSRWIaXOt6MbfNMtOn
2CAqTCKgi3OZHowTW9guTBdqHpRaGwGkVNjc3sew6qSKpqloVmkm2Faeu/xCoeTU
3KbBbYfiAsGMmMWNZyN7OtnjZfY0QP0AdZ2whlrK+ihtEzlWFW66oaLeqqLHSvMB
MIJwBaRdynX3JjKuEJpe/cKDVS7vxweV7ko2Ncnk/Q7zP0OjcIyGIqtVEJQi1GSW
IqFDMaPMXXqrJDykyJEOkXFC2/PuWzIilGnQU0ZyVuPcMN2ng6Hhm5XydotfosqX
UjDOZTzl7Z5CS7VXu23dwCg9MyiJvOTZF90Hy6CcCs/DCaHj2pFH8BabCANSIihQ
w8Jgwwe7sZMIJ3LpdSTHvp14gmVRa3SsgC8WLLV+OVU0eJ/cI8ERzK9FZ27hXGb2
UTvYQinAIVefupMb0iHdan9yt4hpsyEBTGEw0ciQxVo1DrowgGWSzfzuLgBKJuhT
f4rv8g/5onO+egLBSQEfgBe/EfRLqC1AssAyhlYjNLbFpAcw78haHsjtavGql8Np
dGq59kjgvgHL3VWi09bbRGTomioF3JwuW3NkIBITDD1GxT5iZTpq8WgMHbxAbCON
7/W68KVTzMw87nkAm6ngU8aJdMCJxbFh/kEzM2P0CsnHapomlOLtqn7GQVziER+F
NRL7dRWQJA55WjQSgVfrUYa/WNHm3uSTEZzPVcDCwqNvpjGZ605KCL+/Ds6+ohgs
mz/lZ9CnrXoxRqQOqX70SOSnx7qAeJpyYLc+YJNWxdqzn2FiB0zXKb7m6TYq/AJ9
YxCcsNR7kqRW9IGnrQmjBEBDUAIQZvilbmR9EjqljUne7NUh7H3rrEWIgPGR4/r4
PJpRsabh9/Rh4fSeAcMo2VGt28whwyWdfSAPgl3fD4nNtt4KERmMnq/JRImg7mYE
dmvaZ/NoyAro3r8/ukdMFHuCzJsR+5nSVe3e0fuMwklojlvoZMUPfSadXZZIoeRn
oun3IsaVt0uyefwjy/lfwwONfuQ5pEXgPTHcz1r9M02PmSSE8h00rdYAY05BCIJq
/wwAJgTxBqXaMLwJzbLxIdJixCZOQZL8WS3xDAE4tOu9FVBDOGZ0iODnSku4xomh
KuPIMMwE1suUIhcbv41VDmzTSr5dDf92PGmUD/ccRQBUMtWHy7YjQanRQrA9tTqP
NT/zMzL2D8r3W3wQwuDOVW5SSAzf79ojAhlBvhDpF/34bPG/Qt2H5cg9dw+6LEmX
j0YpcAsI3opKVD+nCdyLsBOZKCQOaOmeTyYNdwJ/rRjGDQUEvfLt/fK4IspnxqZc
v2IdfRYvMz8SiK3aSj+JCHHXKNsVSdo3f2VJESrAV8rhoKikw1QYvkXbXvTdtsWY
B/lvVXmI8plH2WXGaLitYvCQVJweQqk6Zxo9YD+O5dFk5pWSz6vZnwfsEK5NLJo2
tgxaEbC1hgwmrlFpotk31FRdfahXvP4JKNN5qzSiT8F89gu13vmknBeQKl6AeJ3q
xXT8US4sZTN/yt6vOeo6tCTUk2mZhMuVycVsMR1D0zYT93tt8YPxIjQWxh+3wZQR
yvv55vyybVFMTF6f1B5PvO6nJST2CaEzmnNaf49vzuoiMs2WaGj+izNmwvioCrwa
l91EOicefAIFhjlZjjQeQQ+a22Y3HGEoGzE8wDh4/oA7HLZ0M5fXMy7IHifA1VXd
C8+zvy6N+T68JC82C2AzbGFKeRSq3fKznmv/appAXYbvkpQWXVkbs9fJ/PlZl3kF
+09pNjqrIZF4VDVrH/wYC0CNmGQOKgzOgzcKIB8V/xqj7a9CMBvG9ge6G6Nbpim6
9B6rK3H5savk3LpkmenE0LDQ1Bv+GGu5qSeTjgmyv0J5ZCaZ+YisuUC9HkhIp1F/
DU1IIyFRuMPFUV1ActiaOmzAzipsVBVjbTGVtxIh0mlZuDkBIvOuxIqS7l7pvQ8A
9Vg2DPadNvhi1JYE4wHcW/LT5yh+gHA2RhWSdn3pLzB183ejTEXAaIsIhRBJBA+5
hsq5nxQvZ/UWMCXAY9A3skYzwzMvLvMIA9vLqMYUpdRCK2A8j79HmDrUEgwRp3hO
5kZZZpx52WTbRFVJS+n34x7EN/hNRJs4SMlGGSPGV1TcwBkTQN9afpWy4ppX55eQ
QirPazeSAGMGJQGbYlkPaSWz4Eeq7FJp3rXpUkBf0Ri4UYetvxHoJ6Xdnq/b0bLg
Eke7n5t/T9F4RDw9U8X8LavuNUKFiXPU8PU38uSQIgfNTkgL+5lHrJu9L1yqiOem
L8zRxNIbVnQ279u/Y21hZgRb0oCeuqW4Q6e2mGdJyZTirsFmM8qbYD3clVove11Q
bn3mwssp5nRopxfzWcAzPJ5bGDMiPI9bZ5OrlO980DQp06RNlxs5NOXZt8axHRwx
MDqb0KlkphlX5ZVQvr21s/xSd99fAALk2G6oKg5GRkVDeNu+9/T6/znoaevF9bCA
3/eXmBKP7OrR1Cj2cpWUzLoUL9Nog/ErXcC2AYhgeocVgRxtvyWei8+5Q6hC0o5z
OxAMwZJy9aS471LzKOf4FOHuPTkY1ejMT77opeYnlCzYR1iyAEft8vWRGk1UEIMb
Dw7HV7KhsKxHdz7AjfoXrMElCHI/ni8gJBsfeXIINSSjp+XAgjkU0odncV5FpiSb
DkhLOBCo+k/1BamuQEBnZLZC9o36u3DgyoNeULquiSQMemH755E03Ssewn2VE3Se
vYeyfFCFbH4xK/M+hkMwY+S/V7d3eLzHTzPs8m5kw95Jw/9jYFHMvqNvekEb32PJ
byH0+TWNivuHbE8n7g3yrvB2g2sAtvy93G1C2jqVOGKfahMnDHiiaXgQPqP6yho3
VsDOLr2IVDyYep/uUPMIgVQQXl4VEkOcaaiIW4SuN87JlYXJPLddhBFkZFs0wily
EQO44IxBau/7lVDeZkFG/Tay38f8CYk+q0CXBKBcT57bKjgA1Co9N5sFgUaM6yn4
VQ84iQiCwNHb9OAW4ZDXCaO1DA0fV4DyOTWGDRRHmikqJ5JeBftkz/CLsrvTO6/Q
yh1RwVHm6wlX+fVIBiGQhKj6n37OXyXPYw4sw0Ls/OV8hMsO6lDwt9HHujWCKXQY
KTL43lW1H+l+9+PWkAeWJJi7XyK7WEeYFZ13uQLpHNC2FFvZ2qTRiPCuRLsT49z5
zb2zwImcpOWqHz3GcIvJ6BrHoHD488LH5ypQtQafs5yeGaMnxFb9rgv5nmYPHupV
b4H/SpAFm7F1k1sARduOga7zCIB7WXo74BalcUrwTNHM0VOuquobT7FlX5vkbkxS
mO24NL0YYaVWeffT1FOASybiGYTY1CBfDV5YgzNO7wxN67CkQ9+hKRvzVwhQzUSI
PpMHaW1Z6IT3VLdvpzuJ/64O2SrpzUCadA3Fj8TZ8QbhpmZ/mp/Mm8nO0QKRO+PN
JmpHm99jwzet8OtYvJZSGqmv2kXome0Wk/wDpkHINEPQagCYO2S700T5opUnQQbS
zPN9Tz0CAGSXqttiyu+VIMq8R5VI7bjRAQe1IpDYNLUMGlE7BxE3GFVpDAZOQqva
MXvyjGg7AfYQyP2NKMMUWBvmgxLyRLlZAztXto5dlzRpSGwPb40P4dPiD5r+fWcH
nwT06kqfOVDmFIk872qfVSOqUBTF7BKXx70m5FEtoAx0km2cdDUAq34D86w1D4T5
KY4W0AvStGvB8q+g3wQuczoXXlZfS8aE2jVNFYldOOiOyEnGuEFz78ua7ixB0ALa
1TCFXSb0D0HIJixaMSNcKXMk0GV6r4gbMOVBcZsrWuUbSsMMG8fXK+8x7C9i09Zs
mHXVVqzJYpJ+HOVBEdRYHcYPce8fSRUw4UApIjfLuUNgunJ+fHAahUu/+MZcGAVj
GLhn9Q4SQi6BFPmWDaRzkgSOBOlrFI8a1TMQU3wzEtnnKE88rzZCBJJ4zB22zns/
SHiIDh6HwrricmOelsJuzMhKAd5YwKj7hU/rgqtZb1/P4SAZP0/hkrUMe+QvKgXi
fOcEuJfIwjN/nfT+CHM+A1B7Ke+FG6hzH+Zp2EDnI2FwsmyHMbGKH3gaI7twAEsk
4ihS2JZa5dvMBt0NrZl6TscKWNZsCyLpI7M8sLEMQ6xiN76Ng/07/0kRZsBfxiyn
yMrq1pFIUcLX+rAWtbm6z0hCmNAMNV/fxix4Gb4SVCLdly0s3WPOO2t+H94O0wjF
rTKiqu3nFmz3CA0y6VkcxEwO9jVULUJtoAsv21en4bfYuXE3ZswmOfkM1jpHndv2
fwKkAwKQPsUVzeG4fHJp2d83ZxROF0OjzK7brxRbgPXz8eKkSL6nTtNiX1RN4UHX
5RcFJq0NWLd+wWbMYLwrbhwB/IPaQ5iMYOfRHpMUnFOYhFmdloWUOic6VIBy3Pxz
62J2QWBeNdWTUdqwz70R2TXjvxMu8LSrfwsbiaMxDhQ9CDZ842TYIhxMv81QZ1hQ
VHbm6PRqDVRgk0lNRXu9phnZAO2wIJITpTgel7MJvn5/JS6Lb0NuzgHskM8ma1yM
+ZV1wexbtw8svM7/PXK/p5g2P7Z5CpbVXa8gV4s0gRN5JfaswtZLSdZe20UjS0hW
royZ97xtn0KVgpI/We0DCpStSflGhlSBs29DXnTr3RFh7KA61dY9YcPCidGxsCcm
guZsUwopybQZ7pA5JnEKKQ8u6POBjWAdzjOPh90TBoy4VMZxLqsj2tjriJeqBtzr
nu9MxobrC3BBYlkVjGct+yfpwDsLFNf1/EP1YDQEAsiT31/f+EwiiA+Rmy+OPWS9
5ftSpvuAja+InTZC7LePfzxgWxVnnrQyzzZjoOsUERnxqxzwiNOqaxzHORh4gW0s
PIIWH8dE8/F/0GahDli/6QIUXc9/m4qrpOPT4BakqAklDWHCrommbZUVvpXP9QK1
3pqrxzgsv9uz5QjUqOlQV0M8p7Br3SW98tAWgIQt+d6QjfUAVdJODJJcWG8rGp2T
t1kpu1tYCdO2mYh6jolrEfG5gf3sYBTYMnaykxibga0+v7LMU8eXMmOG+jaDRqVB
cyWNXCszuvZiZi6Ujz6u++CffrF0XZ415NvZzikPylXqwwNZVaUotmFdk02yd18m
TbWlyrXhM6IW7XjUULJp6LJy3zLFvbld1/9GjA2WE9pSiaVsdbXT7XronZK0TgWc
n0UogtjtMDz2iZ/quZ60NJgk+e6hpIvOTkQwZZEtqnJKWoN8K6lxtqzCUGmG++QS
UmubvWgOcCCdbwmZ0tJZL3gW1b/XwwJHT2DRXpn6aKC5nxqk0tXGLgxR/fuL1sZH
kDzc1byiVktG96MHaOQR8SeRy9YEa/pacQ4TQse7JtHL8vbXiAkV89o3XuNjy811
RqbwfQdtoOcvlHuJqFhB0MszkDLT4QKW3arpjCT9/nD+QtbUCDB17byOqNGIohxZ
DcZ+QN8YHc3XMpfki/4Iw0U4XJPsBYxD6jj3iA0r5np1eF7ZdbQTq3B8MxntEoA9
Z5xvj1pEFuV2d7hiAOd2aQAUZn8Iv4GRhSmk2Jdf4Q1vKjr0uhWw4oOil7uD1UKp
X4//fTeGNGPIslklVV47kXIidJPszjef2pC15S6t981XpWRxm+HW7xpC+MRf5KJe
1LpOLbZECk1wcZq5WW7foirhOAyQLoMZTwV47yvZ3ACGoAlP+IPuQBh3VoqE6B9X
Vc3S9TwCsMkr8TcjMUYnMr+5NjssVCjduXrEmM1X5t6moQxPwD/yI815ORpdAfqO
Cp6T+y5wCxk43pufNl8a5xo7rh+WO0PwXeX88V1mBo/5tVJ2lIROHHVdN3hS+2OE
ymgqEaz9EAdPUwhp2DYM7kCXAJDC1HTFEkujwbdf4eu3Q8rhGgbO38fjv4nLGZiT
HZ5yPCV8mue7jLqZzuFZi2cHsYnSHKied+PgGjkIoCnNGF8y+DwWrGtlklGDq5OA
+g9H+6SsyBivvuyMBAbukdGvGhpMeGK8I/ew3bP5cfM3nZeriRhjnTCLeDUeWTCk
OsoYhkOvBlIVeIZdmZZZhaG4Q/5qlnjwKTxwH5lHM9a+bODSGGzpiby7XSYvqac4
hQ2yVUGBxUBG/s53DyX8SuCjjV4KNgCNsU4pQpLx/pl8sbY+idcMIAxzC0zARk+O
Hb4eF+KiZD8rfkpFFh0vZ+IR7EcdEhS8hbngnoJ367Aer08FZ/ScEz8uoFMsX1Hh
x8HnjmRz3auMKdyqe6OWlscFjDp5mdF7fXu+9w3BmKABD0JWTac6/BkTLA6/Vgm9
MTnTalM7CYZ3+Hfu/PNb1S06ov0HTlQXGVbt+ZHI/d84w8gCTL/3pYmoTx2ts2yU
PmJuxJSyeE7BtDaATP5mJa0KzA+++3cpqZcSYJc63SKo1Yt8Pr5Jzu94jy8nGrdN
89ZKngW14L/k2xwLMDxLsptfLBPAG8mM+7LY/qOVGkKIIdk7hmiEfSfQFafWly34
ATutZBhyA4eN0Ic3E65NYGYAKRxjejaVjNEXXPy8LQlf1Ukx2rYIFmceDoqCZGTX
0u1SOkNPc8PrZg7tkX8kJN5lavVsRkQmPvWpuLfXYtsHzSM8PPVFSmNE7pXERj7o
+nFI0GZbTHL7LJXvA/gWXK64lvh4Ngd6pCCJ+977lvUBYKfDiTteiaTxLXUI5kJK
/2ZgRJGhbjOKYZD3cey42G7kcalKj8JZlWWxyW0BcjlXctO7PIYECerv81UgzWSw
VPg+imzuBJOSAwfHgL/4yuqjU5Ko6xet7T+EO59BiVEZFMq2fkxppvqp4b8Hj1bJ
yRUvwznKXGsu1T20EIHJ1kUaH4FJfKkIgfaM5DlztbdjvoKy6CXCoumN0L4WHSRc
r9Jin2/pSESkiw++Vut9d0QdYn0AjrFaKP27dJh0zXJ5b/gdvse6oyaPjCMffmzX
xobT1pfeF8FrDxhqSyqFrqlHCSD/jIbu24NKnSq8Wf1AToEhKyFc4bdHegLPEy9u
tTOudTuRTSYtm8dni3qo0baOlnRYMPSH7rDplCenXHYM/yZ7FxideP2xDezJEUjj
kZk1W5cN+1C6T2Wgg1rC12Mu6XAoJdFDZIpoOy3E6DbcsbtmBtqMa+6RglDKDZMI
zmTrvQhuJyuiDKQ6HD7gGtUpVxRXm0EPsYv0frFLZuK/BgnddvFExIPzetw6FN6O
22sur5/OhA+s+lgfv+ROWDTtkV7UF85qOhFrH7HGZ2ReZoS0VNlsHXRaKorgWcev
RFHzuJucTL7KmqjKuKMUMoGOfFTGLLb8R8aAu6Q3aBCRIscrr2EoWFnGqpe/IHo3
04yzZ0Oyaq1AFRoJ893cC9LmBIUx3NIT2yUfr+Cy5knpPl4R2xkwz15N2+Cc8Kj0
w14KlDQvLd97bQh8KpFsyyzHLsJBPBXuyOq72ckIUVlqWsjnF1qOGBhvOcF8yL/V
G6bRKz99f8/M37jhl6yaXrg1PQZE3IU1cblA+tOpeSmevc1ayExYwEtLkI/iSBEZ
j+MQQULzgonkd3eR8G9gl2MM00NxI31arXwSTs3fpFBeVVauqW+yNcqfa6YqSBMa
XnZvkdul/3oSetxZSSIsEttXvAD8pELA2oMgcxL/w8jW7usaWas+/IlswlM6rSYo
Neyz30hDxI+WM45rQBBiGoxZNZ5WLAra7Fg8o5z3jHGdlWVpNUa01GzdSi25cgHi
ZzQ+R+An5iR24l7HMkJvSW7uKprUd1dvsznWcFL6bLQb36Fm5DX+bEnS2dLZVrHO
NbH9qxXrh/FujKJN6wn2wORa3Pms7rOR4J6+9etusn7hPnZpiOkl1bUP+IqKpA0l
3Xn7jmgaje043GlsjKhoXPH4AoKKWAJyLYVFLIJUH18USKYofiQROOf1B5xY/Knl
rateHwzQ/RdcmVflNURDaR/GWdZwxCej06TOachdf0JJ1etzivAeUHU8mUFqtLGY
ypqp+gqDvZJOaebksKZqyYlH1MgQYwF/V6ynb+XsNphgMrZRKmBC8MsAxcxX9Cw1
0Q0evN8AS8YP2nj6iZ+ncUXSnB1Ze1G3EpbpQ+F1UV6d1BTNuHLKnCb1GAnHRn8h
QAh4T9A8eDmwdwmC/I9ZGAnyXiE+ehHAOEIVXWv4SGf4a6JrV9Jp3aibul1Q6e04
NVZwXXufyKb4vGJ8/mRgdNUDdWE9qq88QLQsm+wzWlfQZukVv/E6Nn/SX39YjySz
O3MlniSfkV4c5pwaxptVe9HmiramBvk5xXawRVqhjPoHCIooH7HOqZc2a/3ufeZG
t5zPyk4Ajzxr/bINoXx96A1eiANkGmt5KPKICZpLIAyL0NvZxXEKDHAtxWVXkQtg
RMZFb4x5QwhHdwqzka6g4Qj7Dvr5Kmj/K1Cr5rL2liBNfWCzanQaUdq7HM9E0IC4
0SrD7+qbkgZ/ULbrAoARAPWkGArC8R5F3Ca3rbgbHGyn8IHFhGDaEVuY8vx6KDkA
N7TUlkhanEipszl9e36flIkFofqtZCQDitih3B1UQV7BeDSWyFXFykSjYCym9ecE
Xe96HqTtMDnW9vvdgVIv2G2QNDG24sxOjxhlZ9U/l5GbLiKG8A1EzSjJ7OU7Vqnc
SE6sPiSS+Vy3jsgXmA1ZDC7A8EsWvbkXcP8v1XhOhbmMPXpnbe/JMmVwkuI51f0A
jsuCRcanX3BzK0VMX4jxF/mXqhE0AHGjOk6NM0iMMYG6Ee4p2wivHK9TuS3H4CEO
+xr94neICQ/Y7Jrk1+5jN+ye9AjMgQOsb+cIWazm+wM3eUNOSmIp28AXCmMBog5/
K3yoPxlnPW6KKf6r+dUMWfb9q/yB43bauGUKWncSKiuHdtPIr80OsAnpJH6eGoiG
FxrBC6NxSpECpdAbvbtckAiJTMufwTsMtQAihU61/FonyfyG0j0F6Mylzc74C0b/
Vpz3JrbgHlg0Te7XVdijxZ7XP6igGwJafAVEtAfrqa0VPHMI/QtCF/s/J7UgMbhf
e2HQ5BNijj5O3nVIEmYK2ImbQaIkArMfTDIovJd9X1GLQHMc97MDVwIissZ7zuoc
4G7ZMfHb8mKXiWYqUOpFhOTdnQmhyuHQKvLoeOTvLsaLq0Y1qxHIVND8DaxJ43Eb
5mOV+QWMzvTl6k3qD09UTv77WOH6EjlbmIud0Wt8omDJiwwc776rvgTCbV5cMPOL
yRnu8csBoa7u5cbW8kpjzu2foPEMWODMaF8wkj+j++Kr3zPytrVnh6brsWWKqlND
ihVeROpVPugazdIikDuea7FVZ0I346rs5BEatcrukjxgdVuivkAZqY3mtiKVj2zW
I4P0VAoOU6jjPC6XGeBV84kYn126ZXyHzt14BaMjxLjv++DV9GR04kJYGesBjBd1
/ys8hQgqwhP2I4SWyR5KGoQ5CkkK3/HADsmxNTR8Cjl5JZgPsUTk7URTxEcbwUGk
mbUM3X+r2i0Zwi4RxqvwGcraIsITsj2VIXzakOrHJyzniJgkfvZcBl8n4MGuMQ1B
7TY0/plwH3Vh6gMIIhMgbOkWMapkrjZT5fM6mkAWADpZKp0uX+1oqlRX92TF+bMb
jHx6W+Alc9oDH7Tvr/KGPg7cW8fYxGOQuu99tmo8jNp9xPExjmDTBzncJOdnEEiK
x39o1xoDg9suOVgl4ZECV752tW7oImjj8oSC4vVt1wJzdB3iXxSj4u6paDBcNIum
GpNgfZauiIXeOvSCttwqrFn/+1HX+Z93Ts7dZnirXdG1UL6Iv28sHF7x49wt7BSQ
rHNJ7vsStX/OgyxmdUGdUp/9JMEjYVNS9GvZghoftZKAC1gVmY9vwaxwjsbTrWi9
2AYro7s0UTBDWlxCyuLYrSGg8HkZmEGpkMZxpfMkwYcx73PSnAHg0TsB1IjQi1bh
zpN7TTekAVcWGRlvNVD2KAvyYCqHfWQgkgVVszob096z7hf+91hrBmMeiYTZPvvw
hN+/LTPcU6H2Cjh+eNDkpCHhAYYfDAQqCFhEToNJrRr+WvR6dCcAB3EdHIb553wD
yacEmS9cJY0Q9erJfA6WrslDWpY+ywUffMwjMoWq2D5AeGLhrywA9QorcP6G493p
CAgX55QUm4CkfTdfLsvYVwDkqRaY+9SDc6RuQX7wzET0kXk/+S1EWsuvOo6s/pi3
Svki2zZq7SsBqsyRkmqWudkCQClnGgVhT4pLgqQXMjhCOx5IjqvJ9/XBrr+CSceX
F08Sozt3U1vg6+1II2NfBaN7ydwt71xMvy9gZcgu3H+hLGqB3G3Mx7UOkTZdmGNg
MCm7yW0GQHHYNp9pEB57+uIxX6p5v/CLIcmdmBdkdl/JnBn/2HyiQIWFYOLxIz63
wAWG9DlgDwCsFK2FSJeH9Rse/OHRNuKoDEzVFjz3Ql+r3uZv03AT99lOGz8Zymd8
q2aXcpmjWVZaF5QaGn/MU1Hr/isOM2mRFj9SSqli4IoQT+suIZPZEHn2JRLEFgQY
VAfm0oYfWdl7ShRO7q2aKN8butJVNWnAHDhd0lxvAnyHigW8GHZVNsBy/H9oUno9
Wwd32rFZxuaFlBW3MQXAtawhX0beWoicW4Ih6I5xOU74ol1IAtcLu03PmaZnQwCI
2fsmTajUMzM+ZOfytOgb7T7aQBSxEXqMYPasV1FZ2Pg3XAMwyymM4tPSgYk9sSs7
ypzA16z7Oh4d+od1Tyr9gRYtiHEoE8p1FxKiCpSy8jQxkm6JaWXq/znG25k8b7xp
YMfLLa5arID7a/HewNLezB49HUQeu4qT3Kgq485xPp/G8lmnyivPju9Ci8r5dVz4
xB/tMlhazSOwHIa4ALY02ZjT5YUHhdg9i+nSXNC6Tpu8rkCTPiqMNPffUZrqW24z
Mmp5fyoO1LVqKY2unlZeuwzPQk4vkP9iVtrM71qF7dxWgbNkQC6XXQZURUl4rchy
fltfPE/B+ik6uXyAluzR1RHB1DRrFKdUiYEr+AM7Xgxcsuv2o30u/YXne+f5MrVh
na4+TAVedQxYfIwkykuzkvtBGUoHLyzmFOza8XiyoabB3weLLW3v+vmNxlcg5qtJ
phCnTl8h8Ri9KA+KRkHptvZec9jCj0trJUWrwtfl/mMFeBClx/8dV9y1xgecB8A3
3OVRH7suhAbs/0I+sUzMzOTVKeRhst9NBVB9l+mvyNNKFZWiG8HWvbG2FWzitU7k
M9d1rtP1xk1RbO+VCfQ0CPEvhASdwLPieAHk0mcJTHb3BWfMEUWpQrGnPKDq0pgh
4qWNRNIqdv5O76V9c55g7/63T6Q2DDWSBqlugT5k3Z8N3588w8wPAdXBPLdmOPSP
deUik8yjSifIxlWxPqbCwyqO5DMdoP3cp1dKhKiX2AKJXX0XivvwzYHZYyiXGHz9
Us+yW89sgCu6qieNlBx1bx+B1zIsXTj+41PtobJ2MmvFgPH8CFAuX8NGLDEpB9+z
6DysjSW/75hDm08aTinDmOTohCgXt3ahYxuNThJllKGmGMj3xRIEBDzPcmZucRii
MphsNGiGzLEjoTK3AplXgx+9SLW9mrvm1erwHCJJspmubAYemBKA7CJt7l8uwGmN
1HQMOSqH+/h1mjOn3jqVHpjVLNk9GvWr5pFB3uELTWdZH70gdBRoxnVJGCj1IGT6
iu+PaqYPlqDxBhCGpheJK50eceG06h6TuDTQ2DirLnwUPGdzYpNKBwAqNC4Tr/Z3
IyjMksYSLkAiKIdx2DlXip/WklY6WzRsAI5aYI0wWA6D9jeTVMXknwivUGxSZiYo
UtEBERI0qhilrWbR10DXBuSZeuuOydbBwKmSOOPzeCcgPIC6/deni3cw/VwlwMO3
y0o1oT847rFUiFq+9TbBLCuS8Si0ocHYx74wW7aBindmnLfOqEQLh6zO5meN1POl
b2X5INO7MSCZ0p1Vjv7L7Aa3TMo3d8AHYWB7Rc9KrHGQom4cNo8XmIFwi0GqG6SQ
PdjSNMWnnAOdTO2Pnk+hi1LTJFFdDhBHNU3OizxBw0ORrDZy04HrxnGhBQCXS4wy
hrzdIXNWJNbnht15HNL2cXPb+CNKvBvmbKk3xAAPVFvORFSwQt5zDGHNM2vhOUmg
W6tG4QphgDgu1jVXxv67wiQlH+cBDR5N8InNALNabSNkglQHt6VFfCa7HN1iUuEL
ZUtTtAN8VDDUkCpp8Tieyid4+t7q6+/Y74W9yJW9Q9Zj6EQGh3VG3CC0sxLWxNR+
aVxnMrTi+BAFys1rTuLXJGdsmoj89m2Di755zGlttbr9mnhe680+Mbpu1p0xTfyE
czDU7NGjgiisKtT9haJhRjphqKUFQVKfzoXZE+DAX4uGdqQ4WQQLEN8mp8Z8Je2V
5rIrm0SWm85aCyNrE7NOF+XRVucokRt1HzY4UPIyg3wIcLrbtmVKX/mFN2UM8utY
/EBDuCj43++WSutriyDTC6ahdvAEornkA3RZ8vY42R/VXAKbU6QdI4jqyneitoDu
G9QYR9wk6ujKPrSJzeUIouxt8Dz5LsFYWhYdCZB2gbFKicmSTryIclWE09CBKq7R
iFX3ECHyOwSlJw7U5uTVcFhAKXmoFhACssx/5CM8uzC9yu9sJGQkxLC2VSe8Qqt+
UfovQMQFGPKdOIsCSIJpceKF69sTEqAeDOpxxcvI7l0AZZVUnhqX0ayhL0nDUjKo
HC9G/saYrRKsxGdOtDXNukEtqx0sIsQKdHpTBdG8KNTRAt0g/yC6z6l1nckrZO9z
BA5qFQr3Jef1t3LJNQCUAfD7vK33lPa7vC+4JdFGEIs1NeQ8v7WASpOWlGGIdKqv
9W2qc11Sx3dUdnmGlFElnGfLVoFMMlwLputf52V/Ik1veZTbA0D7scxTYWW7bz/A
yTpnSPTqHi1xKSQFF7YgBOXom6Sd/c481o9wCPcaI1iZsB89KPAMPoai8DMlRfnP
53BUdfZ0rkQ6UiyMjCGlljdiOpuEYyAVuDF05WdJqtoabm01oayeIdDrLV6nFYDy
4isILDoSr6loQ2KNrQR6KnuqB/C0SumkAD2QX56+Mq24mD4V6huEyhoMsWp9imQy
ZtB/LEVkkWmWoJyFVLcnPf+RCGD8pqT5qc7Hby+a/KXgpr7/HiOO4ISbYHgI+hnR
OAs+7Mv8j7s8dHhUQh8e0fZbGgSovoWN6XQdVVrE5aiLyQi2U/MzD6OvTpsOMcWh
Mh61sCUoS5n9eIKkIZ65BhmQehhryAh48HIKD+2peALpIDta1dJDI/ckfPmghQsd
8HjoZO8SpUpR0TZb7D36QRZjdPYvQZPPn37hOIE+E/R4YvOKbfC6s4bnhRZeIuze
n4XgsBPKnR2W/3kuvSNq9ruKXX/NYjRbsKRN2DcBlUTrWc5sOfMbK9zR207kujm/
2vAC7cAOXuCWQp/Bqouh/mp8jOtRCVLbmduj7sluUqyaFajpxDdf5pvrLVULKww5
EegA7b6zApoI4uyXNFuBnhzy6Er/hldjNqfm0mv127QhgcACg8FRFWJPA/fJU1IF
l5WrVUFYl8GMjjv2Z7iQkc22T5K0BY2iskOeJ1WTL8YbHE5F2XTFbZxgs/5asTob
9866Gpm93GIFyoa5up7cgfm72svdw4fC+1f/Pr8m05KcS6HLagSAYbNzgtPCs2sn
wzb8jMsdOQkJqIgUxvuXYoNxifWNgxo7GBmlN+/ddK8RQx3WiH6hRu8r2ho3HROU
Uc6I3qjqvYnGswWZdbTgwKNU1OGdH2isSK6QbURL8RqkQcnte7vjBWcnxNlCShy3
YYp04nA4EGkr9c2FtnwjDPqGFTuYX2xrD7+jPT+r/NWBDdIXIdCnWfHaMlSjPCSP
XvSPcQr3IWvKIFX7FJBaIUDKZNojWYd9AdNaXoEAjVOiAiY3r0f8r0PGAu1HfOFt
OvdJPOh8ZSXfkAx0eJxdHpO5DGw8U1k/WazLaSLAiYy7d0DPpGq8vhfQWtaxnONd
gf/E5qWQHsnQrsbPYY1Csrr6Kov9kjEKmauHjruUqpZ85mDkPnY78kiHPsvG1g2j
R21a8HEBw+geoY9rMntK04Xu6KcW6DyGAxz+7NM2q02K7AznXfsJmojWht4nmC5e
uu3ZJTw6e9T/YtJ3T95bLEoL66v617CYlqR6EE5FnVZSuuU86nKfQ9eBvsicFagd
fNwBW9seRspfYLI3fRT7kJZT7vFMkhrGY6ThroXE3NEhGK97dudCxhm4b3lHWZCG
dWMb0WZfB8CHW/9uSFrTNAdgmE0ofvoXqC9KuTitR9uhF7aydZphMdmyNTRJUVu2
1ju0yDqVv7TotMPsqZGs6TZ0r7DNMqdraabUvEppFu2TgjiB5WmcBfD8fruBFITu
fHGIh/M1jBimH45HLKXmvKdWUG5sNc5vBXpOWNCrKMAOqhW2p5/490p85tNH/nTs
VDZeOpJv6Kra1PxchJFpYxOvEfaONDgsvo8jq8WbJ26Y3Mjycjo7QJ3Dpi78y0tM
NRzBYWO1cq+N4j80eRmQM5OIY1TLrYhcunmJA5skbyZem/nae9S9fpUEPuJeIeeQ
lEWFlwlmLa3orBziV7ovIgK5BO+0kneCCdULUiV0uHWbBHKeq1UWRWdy+FRkaliy
Hwmy99iqyTcy1rlsZgcEeIcVdbzi9Kv9os+dExdM+H/0fn6B9IAVVlISlo5zjz3U
9RBqvRa4TgP0fqA+DyX+rUGX89oz1vY2UZy4Tcu+lvPP5Br3xKmKpJmrE854Tg+A
MOtHb2oFoUJ8Wa80yovmQ7ID9C6H10UssbsVeJIjcetv5HE3zUt1XXvl0UHqk0Ut
Cemtuk246r/hO/APDtpaEz5XUpi2kqM72ab2Sn/+81fR30fn2Z52Bl+dNIh1HbX5
rUo9CaC/Wrr8q6xCPQMcEHGYcZD2ovL3npUQmy0szPkf8rpVAWq1BWQYgMigw8La
kPAb9jB2nDbwqR6EhhUxgCjIi9MY+q7yPE8KXMmQY0QefjvT2yzJprbyamwjfc85
qcVp6Od5td70M72cNEzXS2lz+KzzRFp6MQsQFeVYLugZPOTVPM1CFrLaa5pOCFMT
0HlLT2DA6h3cpWJUFViBuM7EJMh82Uq/zwlhAManVIFuzblXOHIdTs5ZCMGlEVV4
Trmu2mYGIImRNsm1xZ2Q5SnyXIginbrTFRafTn2p1MrWk/XUz0y/Pax1kupRW8tl
fxr7LlEwAprF/Jzo4f70Kb7bq2hx5hsDnXpR83Qh+vJoe1ddjK3uYpuNWT7Rkbwh
FMIudIss7Zi3JdESAxULuZBBBd7S1GZEKxXtQZNKag63JPab05l4ESn7IdoWmcgT
/L73aW2Ps2jncEKM35g5GaQGBschzcn6fKm8ZC3YD/wjwFvFa0kEMvA5KUk8M9Dj
8BlnFMxOIkEzOHA5dmtnfFKQwphnizjPppqrC540Jk9hZ2tZyV5lvfkDgeliwaFi
fPP8x971TtKlUswxpR1LdqIkSgs1TT+UHB4P1XSR9xxvTL2iIfo6VODPyTtJ4yP9
OT5+/RvF9O+8OZBr/W0mXK5870MJCi2O6QEU8AxU2e9/IwxjmT8GAOISWl/6lXKf
dEP7EGVXwGXGgpsL2phWSI7sDGF5FATICkPaMHj6WZRGzn0MdFxPwxU2LgG+3O9R
2fjkHapRtXsQZkIyXgCwIX7QRqVyJWS5c3W5N6igSqgLFlxd8Vo9LtLKv3Co+y6u
CEWznRjKSy20y6vZlPwj1F+sWpS3ZHWavCxQSR0ha9YKa6CkwTiuELTC8PVOIbR6
c+1VNTaZGCzmG5LXWEHAAMHMTPi9etZmc9s1eTS6/hesg1538uySv5iHMdhkjVgW
4ak1J/Daph9AGwt4yFbvlgU2m6ItxR6qxqCt5TRMtYVuYPq9oAunM+13u+8jahTr
PxLEQmkMUuT0iye1ypNm9ZlCBKgmxdmAIrq/B67E9cYSaK3MJaXHLwAouVGnA8UM
hLMl3qS2K/GU5Oyp1Gyfpqu2QEQBNOBUmku8tjr1dHfr8FKBDSnh0BXp3RVLbxIk
HxV35zjwUR/KscxOE3lZsl2DVHJwXWnPQxWf0DgyfWNs7oqyj28Lv0gS7buKFBiJ
jV9izkRK6INxFSjeIq3Rb+fwHfa5Zz18Hok0IpD2NZEDg74T07jTohh/sI4fR52p
N3VQ/3WU2h8VaLtzz0gYRh2bTkOfVunPeGSd4nRl/LEVCdLlz3M6tMGoTyrFZAWz
2jeiJG1SDilfLfW5We63qmLc66aBJAZPdUjSypgpAKU2otVhG6fFZx+WBp57QaXo
kBrqUEDBKFdGiezSPDnxJhMQTDMsSGC/seL288jCgAChRSxaFmiW2aChGnkpkUbG
gwDB9DUJG97PIu9XPm0xPntk8IncFZAQHtMSU8o6+Vqy4af580hfv2BeCGA/XvAf
KQOEGeQGhpdXvJiwr5FwWtBw9k2Jldk7Y+eVaift1+1ZjTgDqH1kKyDBRCOBJ4c7
149c79q+mg3SpqEteMQpZF2ra6rFTJIHgkXoMGr2X8cw3222+wv2hmGdDa29Nr8o
DfwEw9qEDpGL/N5Emfvsq4GAwP+KfoNiGpEpTQGd5ggSbAtIUjzYq9AwsM+NO7Ml
dQKL39Ej/Ljsg813o9Zi/4Vvhq+//qlKmI+DFMJWlLNkHlYgRhE1EubdF4g1z0LS
exEb3p1VaPiZUMvgn6pSICgtzISfV3cNFmW2QZck8yiVQ1LaBxLZJBDYKCUmuwpr
fEDbPWD1FcE4liNl/UUEk1dGpbjO/iwnQHj2DCRgl/7nU/3x45FlXPW+MeSm4pnQ
HSlA+8GHcni97S247BuFFyHkwIW2RqwByVMkuFlxO3t02xQW0qNNNTA1GOmby46N
5gOguSjal7TfbV7JBhF07/UGeIJZk1urPstvXvG51ab1tyFdSFMFC7863G34mEYS
Ty8Y56HmMOSH2qe25UQUtmvQGsf2GWn6T4EocUy3PrZv/QP3zK5MtWUVI7mG2UNo
YcOy48yim8WoXo9bXZJJrH1oyArQA1TDVpglxc1DP11gvhKwSFSiK36imQ+Yr3Uq
dLJPwRRBR8oMC5ane+EaVeX9saL3eLDksTSpgoftWs9Pf3vQWG0k5AUJr9BRhrdG
Fs0TfEGFtckLF8yUns0uQUdcDXsGT/Y8idAUYH+08I6q9fq4dnjtc95TlvmuzRdj
dNduhLJ1mUD9GGSPa1DtxH87qbAnPiPOp3TbNZEq2phx0sBuWLoe4ktJNjR/SwZ6
ktGX8TmgpI++jJdiP4vRDeSIo0F+UenyDG4K6Al1rhhznkCoH7CDvZGLnDlQjjam
KuFnk3Yy45IOsdGv0SQeO4SodKv3Dnsgs8oEPMLyvgaL1vhpzOaCfT0ZMndptvGq
jchdcs/mi8bf0EvtWhJI61yoVBaIhN1vX54fR0V/k1hcFMnxaaSBAuEIADir5K4Z
J4UcGkw4nUw8PGtYxFkOZ9hhiOaNrcDsdiWqbCNnFlgYbc3X6tjHjdPIhtQms4Ht
TXPd+V4uKOHPH8raHm55/MIPy1gQ2WV5O5OYxFz52txaKoWzrmRZjFqLOgXDXYFd
efa+N7BsHUVxgUsPVESfKh9FakzXOM6gp99rG2gltgy6MiDI5NlvT0lPhGPPwLdT
Eu5MqD2WdKW+wipSevrPTmEFGvHXrjsmZPnmEEmdRqe1SsXXf5MfnoD/gZ+Bdk0k
8kxG+zu+qxk72UtGnJ44uVE8hgXpvi+LC6OoeqIGhBcJxor9Bx3qIThT7pQc6OVz
b+JVYiCBKJPnp697A4PgxD29U7ehpZGIO1Urq7ir75D4qINln4O6lJ69NyZRS4EP
FoMlkkeQwxeE5GDuv4H6UH6fF08VR1xyh5orD6otnldZfJ0D52D99KGNtzuLOYA+
iFbk3MaEvNPj0417dxf6T0ePppY5RGXxqE1uCz397a4oXFBui/PQD7koFtyo/1wQ
4E1GS/nXO9/7cdtuIkFHGiSjg1Qqei1VX0DAs/6WleKHk+hYU9d5G2vcj6D7PDMS
w5QZEHCaE6VSpx+ap26p6ptF86QOm1jh4smH5/JwJeAs1B3quICVXXg+tjV3256F
gEe531i+3gYX3FwPt/JUwRk1hZsAJh4ouyAcPNhX1D0JivZDj9mXH029BspgfjPN
/qOeOE/OjN9Xi0LArnZt4mSLq3Q1bf4/b2t7LQJyZFh8egQqrgOqJ8PI1GUxr4uM
el5/rg9tZ5aCk8sGUVszZbylTdx+F7M/SnNWNDSylhGUL/naC3a5f/2s7w8zsBi1
WtukY1hrB8GgeXQa0UjQ/C+CeB7sX2EUI2NgTB9xyXskOrf208j/JgxAzg/cHLGG
zrfHNp4kPHgkZLloBJGM4rszCu1CvtG9ZM14D04uRVY/Sha9+NtRER+XOLIerdw6
qxsRR6o97dz/4W3nrPJT6E6EKCg2IrqRxsvd3c9U1MLc3Z3f1eG046uXcr2HcMH7
/ZxJYsxyJle/i5yn6Eh7cI8O67j/tZLEflAn7rfOJYgc+OtfOnlkhNBCAHl4D/Xk
WcI9WZZPw9XEZU/bDpGTp5K9fczBKHExLSqNdEZQhx1uXxoSoy6mNSITW5sGAlR9
VbcTUUypWyd/mt9TeCUM8RFx6Dphy/Q88F0SA1TzmkKWHs+FGvjqcAoomN0m7FF8
fwrp9Au7JB/VMCQa5nI4efzr6bydp5DgmqnIHg/nUjjgc3TnZgI+hgx1Vno4RsnF
HGkkG7eYSVZ14zHchuVqmeIi09dN73et3EBjZork1D7wa1lyke7Db9GySjqotp13
etrSiHpxwnP35K2nKNVYPVgmEiuL6kMMxfl0+lQPFsh7xWD85o0cSQbGCZ87YG3g
QiiAEa2mNaj7zWXJf9F0U7+0sO3qN2i/C1iLLkvI4zZJLMlT9pooJZnB8TrVf8if
1sXNL4xcyx7YPCoZ9bpwcqEFqJzGe8X6AgybjcjA9PAMg8apDtimAHCbZXMEhiUL
Yg6rruWZC2h5DSrKPV7GtYGwAaH7IhE9Nx4ZPAi0l+l7OPoo6M2Ae3mtIpJCSrFh
kEP8JTqriXCaD+ocZQnNUkZUUddjwNfdTgR3mdEtdoJuoLCPeJrES5Q8D37ofqjz
4+qU3yx1nSWr9CF/J5yOGdo/f8naZMYSza0cPeBgf4z+NDWe8Yxkgqozz4MbQ7l+
SVbgDkRGLx5Y/82hS9kko9YfqHQegATj/4N2WY4nYr/Ylb0jCGmvLDKq03ZJxL/d
C5g22YSibdSVTS5wTwiNld3VwenzAasAuZ4TwbVAohLgB6qrnHKT2WtWmrznwtbh
gAblO7qjWIqdhJGZR+53YwVe6BTGIAo6fzvuKgQkdaeZREjUT8nQMyu2yw4Tdhb5
1PWM5Sgl+lxCUzjym3hxVRIaxQBAZH4W+7CHoL1tyhTnttrXibS3Vk5cVuICTq+l
VWyQFfU+fgPdn/3fzKM0x+bIAW8VocBxQCkIXNq1wOmkfjgmG4nY+rK8T+gAbgQd
+grXoFfwQayHAOHB+LeCxnx9bVWWIKMrjNlAUa+xqbC+SkuMtLl7E2CWQc/Rl/nX
9rgQUWc/dDLXidak6bAmI0RgdNcfOdTHZZxsEeCmj5l3BwJ4X8nsqSRijhIymGuY
7bdIQ/4ThgkrW4TcmKMxwfm5rhZ17g3RkGtzChHBM9nyFRbc4oV2MXchY/Il1bU/
hVR7u83Atzr9bxdVI4DtwgzJK9KzwazHpCoEkj8ZAG+lz7xhJO5SkJuh6gXszAkJ
J2hCYb1ApBICafbX/Dl1oaD4HWAMnbVh/A/MvIgM/qUavjqeX7uCvU60PVx1PHXX
55BQpERwSBcbP+BhM49Amd44HKzaRJANPFffgcpRmWtY6DHV6ennuXtOiviU/15N
XlNR93hwJpz4zuJFtEpzlG6JPtf1fLiALyqEoxZLobiwqLP0D5Ru948qdZ4vCZQU
13Gab8erYdpyUZ6/8PDOO2d4a/i2iAcdBfHmA0WHDt8L3dsz3wc5P4O75L0HmkjQ
TvrukA121iBAJ7EcohFQ1QFhwW8sjtT08PS9+xDdSrJ+FhFQVj8Obb4DMnIh+pHs
a019uf/LP4HhGdxrjMTRACirFQ0NfvWw2xLGGYWi8dVy/xt8fYQhMtiqWBpwSK3+
gX6H9zGYM0sW84a8AVJxWJHEzMf9c54Oq328WI3yDC1ftRGjIlGmGrqBln9yCwTT
syM8GnQVIU1t6QF8IEzCzTH0CR+6ivlD2QQuFYxjv7Cqrob4f4CvU8zFXoguxsBf
JMIBlqgzQL4YnlTNT6/wJz+CDP485bZ9Bm7rJ/cesFVWf8Fp+5Ec0WHcn5cIsgS3
noiIpsFO2US/gqldjDxU1X2bJscqnCKCDg07ER/hDHKMTIA2a18CCPKq9WIbok3g
w/MtA4blRcAsP0B7o/OHHfEn9nB7+6iSHIw31NZTntKUv4tz47m1caaisNZ0UAAn
LYup7ZlliXPSkO/Hhsj0BOnfbFjoVBRqiJZp0f//uLtphDOFdrwDnuG7KgcbnnN0
+Ka6nBSXB7lIWgPrGV/S+G3kT/oGkoq9ZFPSdojDxhdJvLHl+pMvwJcC/xAQB11C
kfgnf6Io7h/PnK21zvSuMYaPmRcdotETjSPMQT25pPRgST/82Ll6cfM1nmaJ3RBi
SCzUexnIUrt7J7Xs0U+WYr3xsIkEBne7L8R1zK5PluHQbF5BZQ9YSSrBWw3iv66k
LVi9VKHP/KXaJZCvOmkd5xJAXWaHgTr7/Q7PJDzoad6IhwpNy76bh+vgELjTYbye
enTj1WNLQeKtSlgsehT2MgYoIRLCYExBw6xdeOrYggtqnbPodnlsmGudO3Mstn7J
ThM7hMTwECDDCHGMzQU2XYw86vEbS9JYMmgbWOQdSdDbQHimKIaKyXs6YWc64W+9
r0eSCL48JjCc4f7hAt+e6wnwudIanz3uLBfWr95KQ4oUt/LgEnDhQAaWBUqonhWm
WJkqSMv+ECCONSggloMJXI+mcEMuBe62sdPtw7P6pqC0a3TPUxAVELxeX62rkxSt
9cLsKIGiyB/7KgmVdRg6nxEHiOqQ7telcyhdCLnQqlgt3vOuS6BSPln8z3Fcq5iJ
mrLTUkbGBZ9YV3u//q1pk9y8bBqGkwx8sVSIJSnGumN2DIcC1ZQOk1VM8MGWODKh
Rb299PzdAI0RfOtliX4dD0eQvugLBKcv56kH0A2jg3GopZfNB/0IFxc3eR9HyRwb
9FPIVAwHIhHMEA/Xx+qDSAc8bemsBhBGoG4uJWcGdycnEi4Hk839QYn90AN1HhQc
OyUw46Of1GDld31OS4ci71Voi3iYbHCZrY2T4XcWLjHJFlgQ42+JPh9MQ1uA5ZZa
x+qZCLD6eACCMLcofnYf/+zSvE2EENcmX0drkxsqLli0zuWaE8Ezpf7oDqTN15vY
f1sB5FikWSf/717nR9dCll8QTGJy9YB3+W5QnVjWSl0XG8SP0wovxfxI83RM3I2m
gKF7MDMWW8xZ4RDVFMyaZtNkisqz0tSrIn+QAXwN7ZWOKGgM5dH+ulM46FWJ/2eh
++zG0X3SQHYvGtqNGU5Z/3IFENjZ4dY1m3guh5KBrF+GOOyEr1uoQRs9sDRlAAjm
zezKzbeyyjWxjWM9peDGw5AQqVQdGd5Ck4Si6U+kWy5Y0HAEzG+Thqhs2/rIMNeE
izFEE6Sig3bQnAaGs9VXXUuMmgSlw51Tw8T4gaUPiuJZws7j/oX4IT3FqnSs+6RI
z2ZeqA5nT3L0Vzf6nSic/lEa5a17VgsdTnbLbJRDI59mgL1aqbt9m8DhFkCv0O+D
sSI9BmeNDjEV5wmmmBzxwD8wwvN6NrQZlwJ2TOZdALCH1G2v9wtMLPZR1kWcTWDh
DQvTMJJrE5EFZWpYlT+8Xgw3Dd/Dcmw95/idu43twQfR/b5i/fmHfEv+H+DwXMIQ
Kkmt5xFu9w4uTyHcr6pTonYZxlc7KYNT2SyCN3nXnuhMSGDLj8fn+m/KJA1z+VqJ
L/JjXgqibA9mYVPEyVUg6dRdwNm05jTw7sVPToitd6oNFQ9O0aS6ASxtWxNGeSCK
6YONmW8oI3XaXzxKIvx/7yjxEAGLZBCaWvS1z5aRZPQ4jpYShIl5kThm/bTAqkXk
DbLryXrg322wcMn2uVI1VZcF2HTvdymvKxrqKC+OjDAIRS4YdvfmcudmsTQTqz8L
5RgKBxAElWJo/tHlxJSqpT2QPMGe6Id/JIsvcyEsvGvplPf+5zTI5LGjkj/8ds4P
uSYqlV9WzQ/mVsi3TLpx8aJ0e1uBs92YMF1xKXMsDrRnUmA4Hd82ryUk5g3yjOHX
yO8/fkrEc8c4Rd7/dRMht2si7Ivfrz2OsTIEJIbMDwhII4dPR+6yUN0NtQaWe/01
zxYNYvmsoVjsA++d9X2WR/bCLjlAwAgbXeaow7GejmecyqISKqLBauILxA155Uem
DMPyKhQzdgdPCZX9GRX7KuLcsf4ctaYNIMGr/8ca35A816zFgvxek6L72uPfryDh
6LWe0vCkYx/xLVWDp+1ByNWwBnDMrgVaiIrucjS85xEUs0euPJ5Z3sxmEU09sw58
xOTJALdBoLCCEO986Aaz2+KP0B9PGZ8FGDDYoUvrhK9vdh6KMiiQJ1/LojRLH5vq
AdNbCG46amR9D8OhH98+kaPbzQqV9vdDtVptzXuZeFpmE1gk006Xddi+L+nOuo70
UiLRN/m/T76Mu7cXNXNAOCgcUKEPm0SwWixMwEAoNghxVsJNFgOx3JT14Q4DVACH
R3tHYq7qjzDhd9GG2l+Uy0AcA3fErff7nRGJ9teONXhSJ6CaS0RV4YJLjvNAl44h
dX5saT1EpL9jsmvDWap78SZbvPtPw0DCbvNNIg28ibRAAwyK7f882V/EJvhRO3+4
TE/k+NYXGnp1zz8ULq2FFBRIzNyXH4nZCSdCKe107f7EmC3vf5UQIpnb+4joUT4b
/smXSjqRvpTtWorE087Lez58NYYsryJTNTanQxxwc/2KGBSVmqNiYXrn17KGaXDq
vP0Dz8kiN8frvn4Aqab3eEzNKsbimIWH6w+gP+6ncFT7Qf5FqHgf65aVVKbLE+Xu
IIEDcfshVw/lkizf2MgT8suXEBNGRJYQARIxzMiOS4C7HIdhGHVZNm3P9ufxZnLV
CFEMVzXLcXF5PmcNaZZja8+HoZypV5tNuvMmWH/F7ku6k8co0Svu913NQXtkMHPc
EzDCMw2tccQ0aOsyqokGWzccJpyPFclmGBK37SoG1SvFB9Df4GEAsaJ0yzBMKrBX
MRaGzaB8opW8/8yh8R4n34yPCHOR5wa/h/ffF/p2sJ2b1nVHj21fwufjC5TJTGce
ageb0UBgOohZnfHgN25/CTK+kICLfu5psBSLDCJAms3HeZZgInMApDoeYzS5icpH
rWEp/4axxxxSl1W6ZMAvZbh6l+gt+y+9rJ0UZEB+xu5OInrpJrUbODE7aHpMocrM
6ZXtTIJACPT4TdkF6lzfFEJjv2d5evWvQP3Q0/jU5hIM/KMhrww4oJnc2EzWkF0P
pC8BAKVOK2ZRfC+5Dduf6KrB1VMjYSjs1uM1tHfj3QLSG/RfSEdoJOggF8oaclyt
XPGBdWGDcY5vSF/s4XOJ7reA72lwziAxQ8I2ZCuZ69gq1STvR0/L8rF+162y598i
GoUk4743ZmyHkhYNFYm+km7DGbIscX0qW3rNCsov2tewAbEffWseGigsB1RBNQET
/RSZKCHaneB5lbexeTgcGKOk8HlvFBHYF/ckWSOyHWW84w5uXTmx93QcfDm/PksI
UPKL4Hq9NJrpLKomMQVz3Xo2qiTkpx5HHHDXltn+62xd6LhW9w4j/obxKUPm84F+
/tMV5DuEteX50GfpZe1cqCyGHBIrimbfJV+rULxVYvdMZRuGGmUOaLlYvs2uKiMU
OwtDczdNSgHna2vmRa1kfqtVMEXvneSM1ckvDNTKBsvDrL+cUNPLndqO31GsRWH5
kf2d3Bi+aBZbYbvlX47VA5CbBlpnqviXEzsg06thPq/hAIv2oc2m6ti+Atmk3bci
3M7egv69ASFobK+gi+LFKzKic02tLl2x5PaeOSkXJ7tcH4dtVFcuBCwzPOrCHSUP
ZErgANfqhYxC/HGmdXvDoKqhzQbWQDZbxzrb5IelpetDt8XDl6dSVD5ag9R/QR5c
6d1sRyRCoiU7ot3alARrSHcG/B0ZPxeIraBmGW5rS5fW4J6dVDHp5d2djqGuRH+B
/wnEOiknixywNkfo5l4zi091frxrfqRiXwvRy028c1tAw5k998rBvtQMLLbJnxID
pr7Vgju+pde2rdwMNWjomBA5cUHbWB3g+DGK9G54OGrdTqJMopfF2Ieo/QEFuM0f
guzGrtYwU44ekBbl6s95d/bwFKZyTbI20b6vLgXEWNEjVme0rAxhcxj3bTgnxCcE
yaTuZGFwhUvM4I/RhCxVk1Uxyo4RLgFhoGP+Y8o5iqw7w3UjCYCfKM4giM8ImhpC
uze+zPb6zkJ8sHkXBPDZgh10crtTP5sUw8S+3clUQYXgZHKmLDZaC7brPcjcXwoR
RWCU8m3pLJdBqxY8HxuwWGS+QIZSjAgf7X08O1rFdB6D/F7o3bw0+9Fado3PgCzp
isRmQpLHRArX4N1vX5wzR6hlszlkjCHUADzco18O91A0C04GmglKtEauK44IVgAg
7IGx+JupmfqeCpUhcqEMfybkTNns/1XFNp985OHWB/KNrlh9Kcv8pfMPYuEGsZos
WE+WKx6pVJjF/haxh/jHOSDPE/v+Eqbvroqj+oFaPtat+9H9BRgIA38UMQ61Z0KO
SJaOXYIYi/cmlfsHUOUZYF6caCzLuRsj0A0ivLsD0sQbwFr/SrP6QOEGk5ktz3uR
6HVLrZlEglu7V9TisFa145xN4EsMRyUVid6VAZrOru0cW5CgC01rEg0qHmLxLXsX
dhtABuNDNkUHisnVbgipLvxyXc1eqJqqLK8BhDJdXwWNiPUTB013JRaCLGKxrr//
Z+GOg80GfdHkWwT3wTWWcBh3K4whpcErDAK+nfg+mcfrJPGR7dOG8PC1v0g0v/uj
Nrp0GZCr2IFkcccAyOEBUzRiHu5ZbIqv29eJFahF3O029XoIvzodG4xP+8mFuOq2
urPoSo4nANTaElLHDBGDHhXm+j7RZTDYgMcpuG5UEjwVcXy0N6cV7MQX0EGYCD9I
sH0rbkf7vaDp6U6E0e2Ao+T5mr2JlT0lgiNe+SYpqcSPK7LXUXWMgRngR0m5mj2k
5W3Ajknc+IoJGuGsMH2DXeFJzNwYLRgM7Q5Nc0/dVN4Bl8+ESEmaK2s6jrz21N7X
MFeqSs207zTcYz3SFCykCVrtI9x7asFU+pYCoTNmF334kUUZ3zlh2iVavvNdlmJF
A1BetEfPJJB8A7MwjXQgnsZ12A/3bxVBVeyUo+MAmUoFllRefD89ynk22w8R8I3i
8rsPLLmFtQC/rWGODNZapG2NuYOdt3uEI3/dtJN67oc7J7ILArbV0x5swmuluZMO
IGfjILYzcG4Tn1y+FY7Zz45FamNZ9yUHZ49u53YQss/v95EbXtC5/lmpFEnG+/9J
r1obIKCqBt8alpviscG8Qg2faAn9Vd/PiVbMPa6yMy4LuteeFLZal4KjXXb0R7gc
xxalp/WnB957kewowVk+gyNYYlyaikNrvsVyM+V0Rt7rznztItOfFagv4oIccHtj
0adGXWP8IhWCb+y5zo8JROnt//2nztVpcY06EtmDT8lSMBgyWfSrJC1gKlJHDTWs
b7Jv9J6HLfajxDY53X0MWf3nnnspu5zeCtDIvzD5JVZq8CIGqqpPvFb0EQzxdFLG
IuXWyN+FrYxsKPlARSQ4eLXomNas8L5HSxqlJJInDr1TOPjgRG+fNmiabay6RnQZ
fapkRwoojNZtt21JpbyQVdo5PwOCPMuqhuGxuGBsc8j+g7WLgVItXDbcUXdla4yO
1poECoNxMKbs4En2mPT288TB45i4KP6uS5OLF1c2R4Cu6kl0KSuVnk7wIH5Y1uXK
rC66ZCQ2p1RSpGPbSabIpysNX1kKEDMrkGcBAKdTEdlpRIe5eG4JGn/WJD3mQVcJ
fT1cqyQKuXHJzwQAiAKlvQK7C/LltpT/gpLz4aMb4vi8Z/7+oefkTSwUF+cRbzmg
xiyrfEtFVLhjR/4IzjJZXp8iLAOibM5KKhFlKT2S7PcQ75ezIYiYKHxAzOYvfeeT
WH1sJbMsfqb61PyACAjB2WEYH4fQoaSdIFOuMrf+OvSPi3VyZkexQlrBHC2VuC6E
NDricFJ7XDMn0PN2cSE4zu0FoErAgtvZrDilbJ4sUeOunAKVt2NXgaQFmKMwGIqj
+JdgBTDiqcYACodWJxNxtlxNv7ertJeOdEhUNJ/t1GK9wIeaDXNqMQpmx46LVQsZ
Yd+nydKUBdiSCm7zrPFfBjZvcQdXU6fC0HrPtcCeAGmD0GU1SVpvLn7G0i6j6xEp
RPomQ025i8rPXUENQ4UC2Kj4GL1GoU1uZ2O33DX7Q77vB+bDux+yf80faSy8SbHP
rDngrugYLLmcm3i25aGNLzjiNgNTmXHyb6X/7NPf7uHx9otQVlUcL2p70I4VrLq7
SeEAjEwgGrLzyW1B/mdEbAEfiks40Fu/gSpiqeX1ZjrjQ711lIe2DB80U1tKj3/n
F/TQ1j5Ee8YaRLxY4hfqgf61f/ghlfIUHW7w/vAZ0nwPI0jZyGy0FagPRJt7TOcy
1EAQyfbwBVXxFEEXIwidth98MbWOBOBK/vsPgK7037Yqh9u0Jii3bpHPNNPyNctn
zSIEnFlbz6kDVN67JQT+LOxjumkcKV905dZ1Mbvf6x4GoH20D92gOnxFUM9rKJAP
SWawCQYTbvm1qB0OovD2dOwW+8bzzM3tWKROwx+jCGg6dx8lp3sygvuxSGn0ltHZ
2Lju2Y+xXHStdwp4b3wLtWqUMmZms/vamLe7+/Bj3rrq2vNWZFPH+BUkPxJtV2S+
hn6h4AJWO6z5dVCCNw9ZrRNUY/Gqyq/V6ZhQ4FT1vPHIVWj7hT00TAQqUXwRY8jQ
4v4eC+1yNdL14u43dI9jCtZNDbW/2RYpuNeJHpq+n5PnfFyw0wI0/STP1xUY9/0i
rUU+EqZemdhYPNACqqLef+Ke2u5eP5mTJF/1T2HFi+oTECgOXZ1mMmlpGQoLSPcI
OQQc1BWoXNbQonhf4+q8sEb1SSkoT28vzc6Sp4vj88l1nqIkyqRgMTvkv7oqkfKS
Jmd+QVrffdfUTEEWRwCmRZ/Q/YVIi0n7aLGK9+qnnUcieOW1Cp0U0f+nyhICIXsz
5BxdVazpin1sTgwRn3Rwjwqq/npgjDLp7aXvkr2+x4/7b0ySOvuVexxLWqqo7XPm
gdt2CvRXznDyRF0xf+u2snA6CyQ8tgm9430WEzkagMswHuwH5Q0f886C/cVh/0gm
BbfPieqstVPWI7Lndya2IJ0mSR4gVCAnsyrO8S6CSCxKTJ8Pksm/QFeZxdJXcZeu
ClK8QBxLmLnPJBYkkTIy8Xmk1FHg5r7X9MJQhvcNlzLMjTte6XCWZExf/t9qKZjH
1CfI8v89fIFTpuTL1fMdbWdLaFBoBVTGwGxp7FBD2k949yc7fK+H4CAVkF8uwoav
MHcMB7Bz5BqUGIu8xeA0/MWSQWCZfx96+wlLe+YWfmxQkL5vp08XUtWnojs/SIzl
9/5se7NZiI+5ol00QTXRn1kSQGOTBgIcJ4A+d+6FGB4Bo4R64mfICTLOW17b0ivm
hrYwyIXSid90tQ/4w1XxrfnySGfPQSJ+1+w2bO203tiRoZkGsme4HWUBXk0DvMzd
9BOJCblEp2iCqIkfl2kVXYxpQhL2CvXpHuUwPuEItr9tt53IGDTjplya4WUF0jZ2
xS82zNSeFZYcGFEIaHnA2YZGMkMf2lZqX16z3nkwbBbKRmJfBX6PjNimBY+rzHO5
SY/4Pussqyesou7+Hv5eMGSb8NPGp+gBi3SZDRyLJ67DB5YIyk7dYwo1pOi/sAjh
+1cyz6sNFamFCLDns0JhwKtwhwXSAgCpeLDVmwD2bd6Hth/8EFxovqF6GskbGjBt
7fDF7cGdM5KLbAp6F1MWnXb9w+gXxtCweLtQdDpUL5bBtIWx/XvSoKYDDnxfZiv1
YcLjYhXpHzwxEJ70FIgyT0dy6lt0pKRECDPBAU9dJpjAZoNEwXsdTFi43Ckccnwg
qHjh7mG8h69sCMMZ2OrxHEIMXlMopcO+Dstjio3VSKCyDowy2bqSQmqeRPaHEyJ3
oinqlk0AQ2XI/28LTmm5HJPrP6i1hkyZJ2JnC5FKAFKOQdciri5kZwxQVi4CsDhb
IfrpilYLq64vQn+FrtCssLKjtmD14AYHMZLGRF3NULs1Hj0fLguZU7ZBqxWspWaU
BhEXXKZxcOHOZonizzIw1TjpBUHbsaFFbo7CIflQjDY9NEI5zvz3SWwsX+1dCImx
N/5+cp1S/3isoMZsg05kI6sTkPZP8OlopIMaUXCMw1cJbCmd9dr3rOBYAsdzX0+c
3saVP9NtIzAsAj6S9yQveSQy22Kh7ZNTU99F63negZrPjF7teyBYFhz4egQoe5mb
Csaq+yCinsZ7pWlr9YYzm9z2UOUBnXxATOs/YAnhN+YTavaWYuBOyd0gK+WXQFth
J7VUk2dz3J44bdqOGj3o1OkO5AV7/McY/XOVgWvXAeiSLupwORDRYA9klVDUBRI6
nXq1GZCH/ypk2M92RMzD/lK9HIpxN07LALcEKhdVZffohoPx+CY+S05+mWs6+lqx
LhxUk2Z3mh6EJDbkp7mKfl1Lv4IJlqcFv5YYRFytKh7XWsjEFNW5bjC3TEMELqg5
lXQsiGWSFBkB9NPsDqp5XmYeRN8Ms4zVbpX6CTU2twNZDyAmD660eTqJR7Lx5gv7
hhbhI7LtFg+Vtbz6d70rtiBWLzLi7VUQFLF8UByZ/oeM099fCKoOEDG+DVB/kk6d
1XzWiWb8/wt8KbHt3IMVs9JbQf+dazmHFW+Hx9RiNwZ5QS9OFQXQ5JVmimUACTmL
rIdx/t5qM+N1hluDE6HyoBPGihtmoA9wuVcqVV6zrKB8lF2qQ3Fe0GvHngdaYSQ8
eR+JtYmL/qZvJ+Sy234/5RElphtv06Np4GhnQSStsIolYrvnkySvZIYdYxKTbUCO
AMpQRFmoSSygjQmlofZMEp9DBBwSHHvXSvaFiHGo+FVshB5ZOUnsg8w/oafLg7mz
V2MKWOVnL80f7wccvF/I2Td3LSqRwaDIt0RscjBIdNzER2VhTlrmGDG868Qy0u1H
usbN1cK8x60Y1Hcg+jWzeszZZUgmIO/9Y5lFfjzjvdr7KYO+c6nrP5nVeaIfx18U
mgRO1S8TvTLTPVeiiqw0DBPTRkbQwacJBCnIaX/OQRLl/TwbZsePvw6d+w0ziRL1
NDcvTrcRhVXHujaWRX/lu83QHHp9/Ynr9GqwD2kbYX2MAGA7ld2rchrI7z0if5bn
Ypbd89oG3al9JTbQQne103Mgv50LJuveI+L3Emz0s7j1wY0Fm5+n8n3Dcr10szY4
kO48eofrfijOT+bs9rIYPiVtPsv38SHbk9F7vC43Of4jhvRNxjCe8lkM694/MmrC
PqveGhkc6SwZrjGpMvKn7r5D78RXn2TKVyF0Vhgns6nBdsNVGEfrs1w4QTFlEZl4
63QFshQERBm9FVSptdyBjPSeEpv2WLcYnrD2U0f3Y3csy8KTZqi/1H0pUR3A0+3p
s6m3mD3Mg56tGcWih86ly05iCHsKInEyIlDORXdDXIiIqo4GFQlQx6p46RQcRKkk
IGCqB2j94saxlj9VYbv9+pze87gWD3nHwtxXRBV9ilfcT+9/kVUkj8QX9PS4zwy9
xomEG9gg2KNHniciCOMCWkp5HMLF0B8oQ+eJLixf+RcktE37GJyzFo2WeQL6h7/j
rfS0B23xCZSVlJk0tx2M3i0fBxdHdtrAPlOcnuzTiMB481hG2H2MyX5szezM76cK
CiWponlRFb7rjmE3Pulyn9CAt25SzLiI96xyZg3SguxyqEOyIkFdkmfTmgoFdUSB
kUrcLdtt73Ngiof/Ad49TtLYPudpwsaFVehhKpjTfM4RwQFfkTk5HVctdzySdU/j
1yNzb4qhyJDb5jTL1S9Jw7COVfzsjkqGCCI6qO0aemweaCNzm/EMsNs99QOATMQY
ZTw3t77/DiAlqaTFeI0pU2EZlXOf7dLe1vGM/XhR8MDMyoBmnKffOwcTprBFJOB8
3ZVYrBztQkFeWZh8Pyh1CFCKv2BMhVvRtP++jgu4Z/9Qbsf9E7hK92yLPRMXX1Oy
baP6Q4ACRDQzNWWoxRgqIBpMLNMD3YNOmdH/4k6wleoG10+M0FPYniCNM1xDzw81
jW53OvwgQerLpw5A9iSZVMrDbfxhJAa9azzuR4MzLT2ukFIo+cK8WPN9b+3m/HFt
xYo06N1N1Jpl0mY+AM+HM2pmYeF+jApZ1Kazk/HQGODZh40K58m46zWs1+A7sxIe
vPEqfOuC9RthMClejIJqkm/qKqXb3RvBL2xepDr8Jqi6zERcftMwpZMbW7fuqcNv
3YEWrbIkoX8SfLnoelXTw59J9Qi2sd7oUTVs+5DD93X9DgJB9sWA5lah7VwzE4QL
VXX5e7snaHxEZJUvNAjnDLi0Z+2ImJu91c+nuColO1hJyqnTVL6Bkpc9pTnYn7FP
ODYiU14ewKW7Uaghgh/PK+Pps9SBJK/PVO7mRGP8OopXR6mEhT59kqEU2mFBxddm
sq4jozKz5hlrxeA4IgH2QwI5BABq1xncW9osJRptTaww0UShnj6vWul4wpt53Ejr
YgbsCsoJJGDCt5aK9d4jNDyxZ0UM7ikD3R2QECKxiHjs8lg6FZZWwATLN9aHx6YJ
Hu4eoXjsvcCgLMqB+Nht8gTNp+LAkpfUsEaS4r6mN9KFyBORu4nlYtOXVANHHzzz
DQLoUYr6c02eVz0iCKKWfSedxMX5wAFXgCmW2QUvO1wvNmOaevv979kgzFOQbLk9
kAeN9IQ2iVCS4tPLMaQcPV1fYdkr6J+bnj1MNqOMXchGOuv1cgYi2OMG+RA2bacg
tnEuOCp0LMvs9lSOCK5AOfZXwHGhpE3zHLxmMC5zbB8G6nBznETsHc22+vLfwwye
LdlpSl/jmnoVetQcGcycvDeHhouPQJx5aj30DFa1TSIg8gtV+EjxYgwqatkIe0Gv
3X4p4oh3ztTuR4p4TdliX4pP+gPEOJjbfO/ePinpDl1qGYEcj4NcAdGhyNnVdUTg
nxfAVQrB0Keje0vXOJXVXjP0J48jf1/ntmSmUsEuuGdeU8qrUT259VunDrgxuPy+
QkYBduw1VWadQPhnkzehLdqQczxvWEtf4iW+LOspK64wOu2N3SsuUN2Mx1QKZ3ZC
BxSXBa17M0iZPdTJGSr6DlFfTAsApm2J4oI2bqidYG9Y8oX14iWeVBe6GaIczI9t
6y1nL4JBnMw+jeADGDeRMvoruh2lP9Ylgnlf78V80Scwcl7XtxvlqFYUCb2OxJw6
yXwp9XQIyC4/yZtWdVqm8H3jILC96Ik1qP5pzgwT7EYeukXLmd1uXWC3gAuzBclK
zibt7myZFV5gs322fkqz/ZEScOD5wR9weMiFIRzZii4lQWXpXna0ygjJibg4T1iY
YgnxXxxkvpEMcUSdVHHCqcS4ZmH31osp8w5EYrqlRTO6+CdSSqDzTDl+PHn3YqCQ
HPnOiz6XC3ilib3JgUtrmE6TpJGcnsjJRtNwGii1u0ct6PLzjwR/gQTvcozCah+B
rr97YCs1C9iDNucNbYzVpsfTkRJz+YkUU+cQvnKnEu7uzMccg4nuz7N8y0PaW9AD
SgJGNttH4kE7wvYwtS4AnpevSO3x1iX7T58yoIuMyVcsfn9ha1ce1j0o0s6zLjsj
vJfndhUmaCzJ8uX6T4k4La0GBBsJFbmcf9bO+cq9v/U209B+sb3QF+fXtvg/JAAW
xfMjnOZYS7hQ1ZvZ19z9W/iQ7kMwlInXgo0sYV5ueXJN9rTmZjJsQDn5qXkjyB1i
0G5G90YUOMMd3XNRp1mWrhfVPsk2/sqfZMmNuXUYF2pkxzdrYbzokLN4DfQHtaOJ
qQ6oPx7Sm6cJxHD8kD2xDYEw8t9jXMCvL8kLLfnuU0MLJkuzItCcSl8wSvjtj9gV
zThnZBocNavo9UB99qbuNvN6vu5IFvmhKJapOgpMeWePFuWAWOSULyiXpiII6rGG
khYY6yMIccU9ItkQ2mTpXIoNhMbVPSHGHMhLf0WfEmstGAAHAeu3d+RsaMqiYzta
12nZk7/7jwEg3jMqKPRsjnXQntt3eY3t1BMya+ExM0vYeQIKJHsEandfarI2qu2A
MUpunUp46pnG+Lt+rWodE24NM9+m1BBJgLnoEcoJqAD20+vnMLur5MDBY/dRDmw/
rcaycmdRJEKesDEqQRe2CBEWyU8UaZwYt/nWJ9fA9YswxrHO6ctz0qX2EPDk4F1f
cCuJhH2/tJPj+LQEg3WTeYCJJzmeWwdkdjqkhf9PJWRZ3R+QFAB76/fBIQr1j78z
YDODPYQ/Zmkw6lKDOrMcLl2pq4/uTtAV/yVawjxOqcXO7VgbAnQZHx8PybUBQd68
E+7XlzdI2UnhfnjfRbuOWM7DoI6/G+LqmVSAb1eLQ/koG3OBfjr4fD3WHk2S37SO
M5e2Mn1LV14JGOVIVpyuzoOwma5vtv9bLYyefjixft/Y2+om9A15PIM92qG3N9rV
n4496KQl3leEBQI932Um9kJT2c0IwXYkINhlCNO0c2gTauGsOlIEr+/8rHnvPsJP
UWs0Qidv58wbPSmtb0fnTm2vYA+NbSK4HBkAPQ6/ZKOaSAA33FBUfH1gttP5s4QK
t3MhKkNv1YikIRbH1jhNNt+tX1C6qE3eDa5VrDnPxzzq0iVOhsHwjSaUFT2tm+eR
2WsHFqBEuFOz4ihf8QbrK9BrEjmuk1REIPTEmhF5XScIpMgMl6LI7GVuMpUbDChs
sAxT/O4Idcq+TOjfo30cx9DBqbWGoIUvr8jtl38XQTSniN8F1P4/5fkKxKuJsyJ1
N+WBhMJYiQDfaoN3UD9ienSJ5sDXrhzlxGCok6zsIsSvmkh/HmSDQiWd2w3irfT6
dEaDaHyiKqkM8ADMnxkuQz+bH6FW2TRhVlu9SyKPLB7/DY+SGXs/hpA9ocQEuDPs
ZaI8bVK0aXCWdg0rcqDkvGUkPekBj6PCamicBLzcN5QFLpnI0bA8nmfdSdU929E1
yRKW/sZSygOnagpETx4QdDQL4y87UFnX8wlEvj/wstN5TkrXVWctX+alHb4uI7P2
zl2D2A4q1+As2PLvTffW8Xr7IpKTaN7GfYY0jZzI+vh6HB/Uh6IXJnX2XI9oR1L0
D9vqZUeHxGSubS4x0XaMDicZ47KH1EuYHMR2BqVjTlrNMG1eKlRvIBvX7Nz1Vtr8
dkDqppCOxdV3iEOPBadQnMPzdmSE+f0Lr8QCOScMEHGdnajjXUQNtDKOounAkhZb
wqJbQ9Xsz2hME/bk7dW94IuDj57i1Pd+zFoj+udpKtq5FElbpNjtEe/kF9p+b9ok
3/NEcHRwQv6DnL8fpQJbpqEjan6io3/xBvPnjVK7S2Y9hY+u0TVJcm1TzspxftnD
zothaqreE6jbGX5ZOxvkU3JNW+khGbYuvdtVRfDz9oW/1Nl1VDa9trW0bB6/yJoP
pZ34Z3t37Bez+V0tF9VTNy/gH2ipcfvbuU7tOgrPipLsLLKHdhuSpLY3D75TQmi0
i5wJfRgG7Gedq3Cyny7i/Qpdp6Hq1cxqgOBd60+B/zXl0KZbvYJo2eUyB5b/SKsP
XMQpfZ2iZUngkIEx3r30DQzi57gridMSsgOr8JcIgUWWwe73gxU4b4xs41duR3BF
3QkQnzFMxS4CI08A9qoD27a0HJa5dDWd0tRfY2+nJ3qgp/xqzUlFiDm5zV6pKz52
6B6DTjtUgxqdGW+spnrTuHk46Wy/PbkrmtMn+JRqT60o5xuSnLq8AYGP2+D5IW9h
+uQB3IjFsQlQ+ccB1gKHATRQkxBZnO5IgJaIinTE65xJx8h43vxOFZlo+O9ec9tq
0lMUUibdm34UJRp90F9SVnwCQCe3y0lvD33fkOv9qsjqUQmcZn6CT39s/zP6Kvom
qIEdJYoFx1NWnmj+gSP0PcxMt9M3gX76rtEDMamQxU+xOb0/LVPI2glk7rup3Oqq
B7cPrnh03aqznW0PNtXq/04FsSO42t+FXP1pkbNlFynTvmlzuBUt0+ud6+WBbLRT
DTjauYUOIu17nRjOlEAkP/AWpieYsGYOKZMJgm1rZcObBG6RBY1BlDdpbAD3YIpU
r2mmPi+Vj2ILkK0us8Jlfv7S60y0A4rptbjcMLSSftOEwbosxam02hBbB29wUkLc
Sid15Zqmka4NPG+qdRUNBPoznNf9Exqot9txE1VniyvAbNAi9CODmgjDf1AVXG9k
A3MkBwMksfcluAbD3bSGhKjWINGKGnJrwHNqTmoQUdnlCkecXZxZ40pWjmflgy/h
djwb+jOu0S3smJ66IBgv0wPSGsrV7ca4QYljtwMsLBCzrV3ohJLziR3LPm7N7TXW
nrVbkQEsoR/T0loHYCNCqcVvezVpifuEqlb7Mszd7NAMLipQOPm12GzR8gcD2b2a
wMpwlEKLQjPvW9CH+vs/sLVxEWbVNUbTJcaLRjYzt51UNM+BB4Yqt7aXTgTDkUMh
M2Vjx5EoboA9gpyzYkRSoFOziP1IA0q1bs4f/2gQIZ2OU42rE6GOeHR7mBmWjQou
6BD8op4x8zBCjo8Ec3pVFrDMKB8vpPZ55ScgKRlvNyT0F2GFBm+hW/Qai47J9Z4T
CjdzzhJ3E292yR9ZQEHRtv5UADDz+AU7JoiPBNdUxOSJrxCyk4GqeRUvMPQdy52F
Ab6sNZbxg4RW0GpCZPtSL1SMO1fKiJzb607oPv55TPFZLVZpOCQD8fqgP8YWC/7/
DgH0TZxxLkXSs774eGYAotnh1XC6qCES3BtJ7KCpqf879aKfXwjbV44mFAEsuPTG
tXigfZSKDMc58/rO0jYO9iknAZqpKeSeQMmXhwHzLm8SzBJBNbU0O6XVYMpAabvu
HRfGnD+IMrQL3TgyaNYFwNval6erY9o9YvS/Pw4v/B2tSYqs6t/+bLKNseMjqc6O
w5wBfcD+fs76oKs9nLz12kdRqAmLHfjelgOGbo0DqtL9/zlgtD9/o0MOCM/Uhlmh
UpxfeGYd+dpH2Cwt8sFwauhyZzWi3HcE1OiiI2B8Q7+JCKDHP76kX0DybjXOO/wt
UhjfPr9o2WTQtAu3e2NIVGVh2WYF9z324HGUK9bEiUMH263eDs3LnYRt5d3QVxuH
8LsJMzuJHAPuIDMqRUntu1+OLEJSIHPqfDf7Fno5KYjzJuDYBSdCcTXXXNGozOou
tNcZ4E6WjFxgTDLmEqWreMQrXcaxWiEeZx5gATEVj22WnPJbjs/MBARUnOlDU+c6
JsWCm+BPJek/1WPF6SGFF6TeGB7NCWTJYV0iPr8xORg+OO01I7sXppnq3kLIhzuc
s2sJiz1ZBNXhVcpdOQa19eetu4x0Lsz5hsqBNJjn19Oo3lJx9Gv9ORZjP32XwSmW
V8u5VXvvyixTPXTqveU/bqMdkEHUqMc9zqsIK4Hxa7R8WTg0vCsdX/kdPgshCO8B
NY6OvacKFqm1tr54+kO6KB6/Ii6e1Gy6IJueYa5/teJuF8XDeeEHtDCt0Y7NxXDC
J1ui0ajqP2GbHrwamjeNLhUjfo6W/8N0/gS725/mZ4Kd/uxEKvyh7k6nAk3pio5Z
Lvt9jghiE7uxLCxZX/U1rMG4ylGgIG6RBAPhd4dJ0AzrRfaiZ1AwU2+UtgJf0u/O
V/ElRTZAAN6lGSZWm5d75J9ml5p3/bXgFue7OObRlU/pl8VHrmay8ESuYMK6cU4A
m0uYLlMM8boWozqaZAlNjf58idbRAUZ9BM7QAsCd0m70upENvbdMjh3AphbBvxud
pYNrkBko4F4S//kIUGSgmRS9JGQengUJz+m0ongnrivgHyAw5VPBzr5CZl5ALYPT
mAPoh+XoJ7h9DeqOimLL/KXWnfkNX+/KL3Ddc03mQa6W3Q9CYJtVb9348bLVAA9u
0zgjdy4G+5bjlurYZ9VBC3DIPXuSyRFPIZAx1tVsRwPjTWKvvF20MlolLQ82g7Df
wy7lfoyyL2KgWeHuK0blWTAS37mPi0r2JSLZYl0Lv0/PsqfxBJsK8Rkw3yes/PJq
Xh2ED3eWefT/BhocAOTUVP/FTbAJCNhNpewj6osgCHd94NywyTr6GLbjrQ+Zsgbl
C3uJCL3dpccp+RQoaNcVwGGb/ZVB/+yh49I6Aa7biqPSyvLiQk1NqmKCaAYOKuCy
ONZ5oJSC9B7kFWhiNB4+wrtbwbi540bIYaMdn0Dt6Lrd9f+FmbtvsfyZbab9zP3s
BTTe3hiBGCcpHK9zxt5uzL/o1y5SOAUYXjsa4yS+IdjJy0P6xxwm9wcnhYqxtc0b
qu64D6urtI+37/YNEu7vIujyri08LL8r+VQcX7pux4zFYEu9uXd/Fm1do/MKuGr8
964/9CiSJ8IXi96QvuJs5lnn1Baqwv6GcJc6LRU/ChqZmU5Q+TcqABHoz7pGncl9
lzxmgrXHc3/XW2OD0MFxkLQmP8M3SyRhdyeTrm922bMjPingyBrtv96+4JqdNqWP
yb6xs4Q5j21bzKEVGUGVFFrk4T29MeFSDAWPeN4auO2mfO/r2vN62eghlZHxQt2P
7y0BwuaIB8QXmk5MB0Gmvqf2OYe2pbEBXb6wxKJDVd9cMg68L5bZfrBsN7xiM96h
26MG4JTdmqj1RnHnBtS6VJ4A9m1XO0Bkw/+yTxJ6oNU2NwyKxL8z49PASl1YftbG
5t/J89NiBIRqwrv13hY1KQ==
