U2FsdGVkX1+jNE6oCXGw9oB17ovFCdIZNVQUeypxygM8pMMYYv081h2f/G4moLCk
3OY5fgIpqlLxWH+IbeWGWi6YO3YEzAt5YjVJvGV8h9PBzyQ1wC7ebfXYhAmLT6hM
WNbLRHCrlhL0Z/rRCP1EYKLTrC4ZpDMA5M2o00cHZmIquIHe2xxm/9fQ2jkClbPO
AX5Suxs4X3JEInsn0FrGc4haow37XDzWvOCvQF1L2lgg546PZQUSt8LrKNxFcXn5
4bq5DHVt4t5e7PWTvzU41YlIF9ROzxSRB4rN4uMI4iFLpn7koONbNxTIzs9uqYwO
C17Da6QHRHn+i3UwKXKiTpRUBXXMmTFx5O73H3GbHQLK8F+wAkz3J+0YekMEpJ9j
71GOXVOC4cllc/iA7CFpL3hGPJjdsPQQiqeCmH6INwKQralzvgnBfgFWTcn1sfGb
rpCsDukHUY/LYFiCG9w8f4F56eM2jmPy/dXW71TiCNNtxZikcKhpdDLcu1RCTDW0
duA3njaXUgtNgzi04FndVAQf7giKXRWJPsAhriz1nLqEFKle0Wezaa1YDzlvyyRs
ezy8/O2FaoDeOxHQpXOetByNYGECAWFGeWY7F+FfkfOhRfR+yUSsdaz5Txpe6zyg
99s/IRQJrHeDWEXARdPJlUkE50bn7fZdXxvs0aek2KPC1XZT+4nzJjaycLto9u10
IW5a2vG0fiS3bjNejL/xeOO10zTw8JqBs1z+m6wkI4Km2fAN4pLWJAd6QGPFNq1W
m3YT8hbySTAkhS53lf9b6Du5NPJn4I/Sjw53yMWaYwTBma6HI07FShXXYmeUSwZt
DocwT8Th0zbg6aTqUZ+nv/GusGGqjYf1kOs2OMdWZXKDw9yjS8+NSv8YXcZp2MtO
dqCIFtasGvREJqy3H2AawfjLhbmSihi++6D8NNPMmIcRvy5ClrlwHntXj4WbGPIE
biKVr41oFwPLX8RBLesM3H7HDvrScbaYTvZjhMQgsdTDERRHswsa/AgTiAlQRo4y
+NGIc1+O3npZ7Fh/6p5OUiAIpRVou9MdRzQHZi12ONzQbu4kzjrr38gva+83jD/z
3R2eDOdQyXsPv2llOKsP60J0Qh96UtTQjMik7QmjyQbeP+SA/HTzlMr6W3EgVJ2m
ToXGyAgfBl45lKsmNYO+2NISyVF4mmWyrwv7CAievg5L6M59Sccn9dMjJ1vmKLGa
MRvWJEFZVLj8nW3aFw5HRlRQNtv+t+1oXH6WkSZ/qZP7ShJU0jUMOGGPnPIRS8Zq
Oa+Jco12iv1B6jcYsFS7GGB2F0aVTt2pmdpFPTtrbSP8++A30Tku86zmVPj+OmLc
VNjNWvvxQYKDpPeo1NkA9SwUh5F8hvKX3nAaqZoSDR2zpVjZoPTyGPH1KgZSmk5X
UXj3wHtvPSkuJ1y26qrl8Qp+0Ey07wpUzAHqa5pCjSH3cVjJ7vemiC7J1chLeep6
czngHVMX4JUKXkQwqiu9oC3SO6g2COj8pF/GOBQ7Aq35DO0luyIoqe806ICyIrgA
Ovi1ezGYNYlW70GBR3OJFmFeuDAua2WGmEkeybRGwkMDlgK3Db+zm8kBAUOLq8ss
y+NP8D/qJXOMD8f6nortaY2DK+OqOCsKv6sR9pUAbOr0UwxeQ0t1XuuRJK5hdzak
ZqRpUdFLUBns0wMhmsdJHzYpMBOs1XFsDFBJHDMWZ+qLw68dmpguzkJJFzZLpRgY
kZavZ84l4LQJ9z+vwvAo1SRLCp/Pa65MC7jokVa2083EItrImuDAd+wcPDQmj+tp
kuVlET58xWQ9+2COx6PX/Y2sHFIxb321j0Fh/305wVGB+4R4ywjn015dfAcLLJBR
QRXyIY8fljzg8JlT70dq7i8SSjAlKOI5qejQx78rd6oS01VeMGDZPqawh1xu13r4
npcy9/RHWYrXy6Ayja0VBHasNPTRchovXCoYMyWofCozDXB48K1f8zcGeJsfDwJe
fwzJmLwHpLuFzfkn4AbQzFa6Iza6OpEI/NoRLYlM6uIPNHAqP6GAO512yEGvLjkW
CJSVR1waqIfe8NRIiyOy4pZKsPHw65aP3mWs1dRqdE0zvue3W4da+HnguhBdgyNW
f0UEAdzYQtWgaocwtH2N2H9RP7F7XIep9znYb9JYKwF4ZsA/fofIUGLb2lBQdbmR
DKzQWnlcKrpIGguKrac5brj5rGkGn5tlk3samRMUNuu76/ak3UVo+qYta2lAdywB
wHwWZdm2Q0i3tA3XAU2+uvZF8WjItd3DuCshMFy9nkcFaG0xygupUJxgRf7qL1KK
WI+jgyNNO6G6TJkDckXdHCMRSA2xdqRogzYLAQvAOIxS5EgczIs19wB6qStazMOg
7AObmwdQyYIqoG/b2OWCKXDOLPfmAI/fYlOY20qu5yWpWsKPWavj8NSK8Ko252xN
KWs+CzTELbAP4DRyBIR9EvA1HD2euw35b63McM5VPXkYV5ro6i63oYu5NIj4VI9i
it9t/6l8KF9l7RGrtxzx+EQSL3wPLRPYGhrMjVL+8bms/X6jg5yvx+bIgOkmUATn
zCoqc8KssBzhILFVlXn/xAp71v5B3ZKk3nk4G4+9roOPH567pXZVrWMDFsk+F3Oz
4hjY7BCdbn82wMSNIVqWxJE5sB65yNWzV1fw1TBRn73JLFpUilwSCPkIo1vP+8/I
zWcQts46uAbCG9e6Sxq6Ek96URX9DdCg0xjRXPHP4qhgqLEzjjVcE9P/cL2RhK0E
SUHnoS3uK/ps6F5RXOVMDpxf/XNHu3BinKbk/ShZdBvsAbd0Rf6nAyAwXFQhU8dN
l67NOU1CbzbyKRIeMojF5/sgmLziI4JhzDZg25ZqwwQs4ax5q84Gfta6FzmnlvP+
brqBPmGHXboLrb/AqwqKCw2qSs6vGGdMEd4dMh3wyQ9eK3z38da9S3ceA+2V0PVE
9BZlImhA2Hwmkt1ueXv+z98i+6PKi/0t/+XSygvUIBfQzvhohvIFyakzB3G5lBnO
YDk8+hqwgsMWrliE+tyEvwUnjkEFYHtVetAIJU0RqHL5UrOBlaXyCzXHmgUk3LxU
HbiTo0qGs6G5/ZTBwdO/WNHpS3IXWl/uknfsbe1KrUDyXeuLwRTiDqu/5/rQ9kQX
aJQZ6CN5aKwTHRTAZBD3XXXnp35mg8BgiQOt1RY0SST2wYqcVjVlvcMfrOxCsYKy
tl01aUT1OpugxfnWvrTn+O1CpjB8+XB/kxHbmPkNkmqzTGJJ4i0DIUrzFas9DFw4
MQ2VwWfV2zgNpU5FKNfRDtcYq7eSXpmGGps/TnLLXuKnTHolysX7uoY1Kcc2DeGL
fRVhcj7vO9tPG7fuEVl/PdtdM53Ls//NUB43UsUZdSR9aiNW+1PryuqJQMu3/roK
8sfKXCNB1at52SjiA5TnJv3dPgS8Q7fXzknpApJ1ufW/stoPhGA1LXcegOmR5d8M
sqjAlpuRNvkM20yPnUCRD+ALwR7fVtCMUzBXesJnuik3il6BCEcl/PgdmlcJHlWw
+mmyuEYehgQbTfFyAcEMDpuewuGDwOzaO/GDGvkPObDV1Vd3CtVMSnWgk0+evPZH
eHF3jgeHk5ZqepcdHUkSlLBmw80g2/vB+tzP0UVLR2AG1tT7ImSF92V+d/rdR18M
cTR6lEkWNf2bC3NVAKBzviP+45Q84GPN345eJw9RlYcmfXi7+bRObcmqSP22P7Ne
a6+F55kAjiIkQtKPmB2lHakcmse/O2GvnWhtHrwqENn7OVFkFO7n03AHyGUiq14Y
O17FYPv5n9aUKjrg72sRGpggn7NmgmOwrxLxeVF7x4/mEKSSBZ4FHMkcslzWMK+Z
VgMGu+kib7oMej1RKO0U7iXYWxOsHLr+Wg89PIL/3wbrGX9cNWph1hjGTmM9Dz+r
egCEp3hmEv/4JW8KC3tjnYXyKRE5ARQFMj8vKtVKSb+Ane6bZshYmvcT0hqyu+QE
IJ9uDxYDUnOiF0VOxd3bzhpDG22rmgtK4BkjMHl6zdjOgfMavI7jYsc3d88BYKjb
YZ0G549BolQHwqNuONwffCJPloZVCt/z2G+13IS/2x59U+tAmnWh9k9U38FOu4AA
J5GzlJ5c0byTcyL6o6FsVNTc47Q9pPEYZYLy4pPen7CKizQInaYpMvsEbBsBfiGu
eXWgt5rF3/mfkjQb0OPR+flmkkKA2jBK6aZGnR73UDhv4zsrIM7TSVdAVQy2Kr6V
XcMP4IWxkzsOhl3rVGaDruxdU2wo4vy3nZl4bCO3N+5zEkwblroPPCCFrzkWSa0H
41U5d9X+D5c/2Yq5Xd0HCxvHndTZzWNqr1nfqdDCe93qUruOMjNERqf67FpGyPFU
nkTi7/EhdM1qpyVTEl5XlUgLkAztI5fiCtCpTm+WgL5MabkYWKA/4HAs6iplDmUf
kJxyZNCU0dYyxj9zxwYnQlOR5hwElGAOT7lANPBlNo3CEOHD+sygRsUMd2er/YdG
jJEJsuZbiCWIsypYul9zcqOjY5hwp3lOMFoDgyvqAB/LANbIy84bHjCoAAOXqV+t
q0j/lIuojXVY8xT1FT/gjH5THaW6JJ9KVkg9xPJe+Ei3MbTlBSG5F8UmXJ3hzABz
L3jMLXlv/Lh3Fr4CC/Jvcvic8CwRKq2+XEdHx7pgpxaXa4/nSYsdpcvDBa0ZdMgU
n9Tf0/6YVvUL6PACmil9q74NJPqcVOZ4tKOlAem/WmGuWlyuBb7NE6LYzlNs+Qly
kNlQ/g6tTT1t7+TOoYqGK8IFQiTwN0yaeaf3RFhtu2CR7MrYEv+84ID14apP3BWq
Q5w5Ceb6a5a4MsDUwAW/abq2PypYCKM9meOb2sqyDe2bKP4JWcmfZdsZ8pjWA8or
Uor7zC4lNJImh/M/wagKoC/svionHdyXP/BUGZdi0aloG/VefrsTkSWVOXxn5CfK
qZquEk8TASmx+spBGWbZiwweD9/m/Gybv11ix3P1C6IppAiLeiJ9alavrYnlP8UN
QhXAhBzsZSR4ibNXygNbVz/iYCegV1IL6WrzUzNXwfInmpr2bIoSfrWCap188lqA
KUFgFB1pkdrHf0xZYosirmgZQg7ylOBlNRbK3sKJ9xDaFv6vFlk68Mhah7hoKToe
oLscLpJPRxjuLfdNZOr1LDCyK1ZPHU84UqCbCsbl0/dwM31E8ubwRM5vG4SeMcQ6
1VKTa8d7jrLZ/nUrML7OJPKljoWV4aJG/EVwiAtl/J//1c6Ow2kOpgsZPY2tAJIy
dO6eXCT61h53ixso3KixvkGwPh2ZUeE1kc61VWfiI/S5X24MvdLLlX4/1Glf+dRu
yenTT6LOPpukMCYpxOtuo+qG7um24aXjlBQKT2/tSyG2HV5/o0rdgkrxOI3r7OCN
Hqrl9hvUbYtu7r1WSb5VmPtLOQGPEv7KC0BW9bDm+aDoiif2Gc/0+6QGv4RilDUt
Kp1nCQIy0QBsoTXbvTYxpnDWgupknfzl+c5BI9JqBudfEJB/xglG1gLVNz3lzp7Q
BKZu+66ZCnQDxvLZhuUMphQ9Utpe2kZHGvr5ZCmyizN/8TT0kvFDt7u9gKCgsYqJ
ZQcSyEBvhkyvb/Uvkt2Nl07VQW8PY0M/3II2MC0jeOyf13Gau5xK3RFRqeSxa3ig
SWJql7S0Tl3DDLYWli8M/+42s32Ik6yYjp/MxVeBvSmPc+r/8zo4+brTvejTQcbv
ytXCztvMvSH4V/nDZ1PRNSZNOJ9LUyPfoww2Av2Sy5I1w+s/gLOrrk01ISE3JUP2
8QrXE94qxx1PfqWrasmS8W9CBcbcsX5TWElB8izEIJljQe2eTNPO65vvypn72uRY
mJ6DbCg74iCjcr8MAmufrYYsGF8zfqBKUvrMW5874OeAoeU2DAbFVXkIFbjjk0Iu
ZRKPgdC7pha4MHijf4eCPVRZabjKBeyfal9bNFI2ZOlvbF7OTmFFPifP2QR1Qg+i
y/+pXIdr66AIE66zks9fN6IVcLvsOA7x9Svu7NwlV1yGDV51PP1C2ecTiG5elvpy
5Cpzy7B2sgHzrKVnG4+I54JWz2K7P8upyBy9YCRLK4tn8gkLimszrqICKeZ6wlmj
/Yerf2qlk+UMaEpx/Ogr6YcTftQy4jjG5EfMLRaXqfu8yiUsUJ4YbQYaU8iwQ5HO
FL3hTYlHzHLQOYof1QuF8AQPM7Olq6oB1TvkQP/SHA+3vVeYH0grgqJL6qtorBKu
755xZcvKBsDkzOZ1Ijp3FK2nNMiDUPWQjcpkehpb/oMLc1adP4nKE6p+UZ9pa9ne
bxcdXxxcFpXIhrKwBKTELu0S2/QJTelo9mFoB6D6d9bGUYUgrmokIEheWAEtjBhV
85L9/6tisDlWqvxGD8AqEJaPP+CPJzHunkGZPt0EF956pRwM56sDj9h3iwTw0ng5
2zsTTPLawQgvuqfUe9g7P052zztxFitLvZCkmVUkQqpUJpG66P6gvdgMbXw+kyMZ
TcPKLHiyFEYnBE2fHZ8nzaAtiQl2JgigfI6aDT60LoSUYmG9e0jhXkcIbq0KTmEh
/pwboqhdZtRXAyn/AM5KxDCmgT/k8aWwadX4QxkNTtGsi4NrVhzeTyZx9vRX034v
52PxVqPYf19pY9pEHf/aAcw+D05K9Q+WgXYrPh2xzko7xHSTkKS6GE+Ghjwy7Fo7
iEpzE9uxw3RqwJXHwmAFNEXLdm5XP1hthBVy3gEdngkJG53nFJ6F1Kw7tGEsBSTk
6GaqWMmP5Jb9DYZ7FEHXePE78Aoigv2GxiceELlwCgNtviXiJp9riw2Vl3EP1kDt
zVMAEUhsH1sxhsOBp2XRhNAMafr4gdek74/cW+QhKz+LeLSlviPfrx0owWi+vTTV
hzo+rGUoAgqzQVwxKwQrhdNZZgkGkYUXU86GLL3ehyiiI1nUgt0Vzu99N04ZG+EI
0x1CRjS7sPFpK1m3DmB7jwdSjZEVq9snDej5SCRhJS6onYkMHhjy4wUX9GzbQodQ
C7vrhKy28sqXN9o0GEHlrjn1UTl3+zyt4kt4b4+YPh9dfQP8OkYMZBQKDhVRHtw1
d2ORZa7ITDNtwl6craNDmFU9KrduEkHjEc2guaSUkNbAOe9YRxTl3oORuJXrUMU+
Vh/uLfYAIyKuBOypQhspxuN9ZPFyDhQJ1uCYU/k2OfA0X+HiQYGU4BScUXMkthyz
+D7OvAi71u+K95qYJuaE9BITYODx4pp8c9s0LF5lXQttXHE4cReVqebapWBXmLcW
PKyl8D/x0epAR84xnMQzqpHW+eVfsKBPXBRSLgeo4cgZyDQ3EtqIT2Hp/7LAaOj3
Z6a+TlK/qeQg/JRI/VDmA170noTXjKKvBALP4njzbuGbZ+0cHd3qsiYVcU6yOTaA
EW8mUCK5hCHpjZ93E6uAxRKU18q5HHNHQwqBNpsCsY0RXw5TiBxo5ew4J+Lwv3t+
D05hhQH2WEKgtyUHfOuspyMaRwLzBU9RxxML3ecP53t/0EaI+emqF+u9pFYi0wYV
EEPHTDHe8LKHGUWmPntS4XI1NQGCe2z/8rD1xWmbbHUVhZkOTN9d/3a2O+N7T7us
TREQbKRY7W8yTM3G2/a7m1Z7RszwBhrWOr1s/yU2EvZWpCErpICDv2NUk0FnpQBl
NZb3FwP41NUf818Ktx/PDC1ukGO/8QYEcImwVKuppHf20yYnOf/3UL/JwGaDhDJV
WFWT0hLtV2wozmC0sLPsqxDzoTfwf6kn8LX+nOFq4bUwbrcsH1rF4/CgcMwx0mO/
ivaMZT4GXJ7Mr4LAinee60xGLZiCCr45qw6zHEzgxbuPOQsgSjcI1XA+Gvza7a+0
2PS5wtDjU/mJQ7bjn8TVQyF9vWyxqztPMPEUDnThOZu6dRkxU0+3o3MyTexYKQla
HAMji6bATgtk9QIu7MuNpBZrLmYTlajjpu4cEgfJ/+T+BxMDeWvdmiIBrY3rVC8b
tQ05CNZgM+vqprVB+r8nz2kBBkj8vgAxpIDkhPaB1vAKluPaN0yu7G2XezCcN3LD
Gr4ANZy30dTGup73oKShHeSii6gbjxN6QPugZpya4H9eUNhirCcHCGTC5dHwMy9d
KXznSZTrnKRO+Xl3cUnxA697Xw6DFhGjJSvbzUNtVBv9c4rMqztRKURzd1qC/OmR
Xza9o19IlrgJJJ9ehjZO7kmFubSIUMOErql9o0l6jcHnyXco5CSscerA5VrJHTgW
maieQlAnJ5G41Yl/vxWpqO5sV0RgoJPSTsoQgsY2zvN5g6PkjeyN7uq44EGIBXmK
BPNKuTM4pf3acPJcopWjasLkWW7OkiwA7Nu3ueDM/5zq6bj97SNI4VlCYNtbbAXi
VBvh8eDRxoO0T5EDi5vvo27r36oYOwAegq0gU2jpVRMIcaoZ83qSyd9XkFuEEJZf
Ov9pQg0FWsV3L3xo72ICz7+o5r9hIHKfXemXodHEjRSfu3DtowOpWCtGuD1sxZpd
hE48x/BgiUFFHqnYdY6LAwVGpcnJIN0lUG+PnmYykFxiNG73VV0hUzHHzoVJlC8V
by9gi4Raolsg46Z4cSvLLWN3WZkPTPYQGcD0reIVHNwtAtrzGXPUKrdPEeFnr40Q
MiKlf0Pj7mh03XyRHXvZNeq/qhkq8HbLFL0Yr17BgHMP0/+9zT1x5uOw4fOtDh8n
s5MOuaoswYxLm3gSZrRQbgJRvajx84HhOlVNVh0w87Yq6HmfyYnHcgE6BNq+onPH
Go6vWADOpyjM7AyiVBkxdI1ZOpSuM/ymagAUazM5J5ML9y6tndLKbHRNB1HkDR7T
Yi3iqoXzBPjFzHTQxd4+EpD+nJgUr+I7GadWXHSnV+JYbTfC6IbBEwxeiZHF6I9q
QanAs3vUD7kpUtWTUpA/GDsoMuLXHJ0WrDN4u53FRLs6vdD55SpvE9ZwEYe4k8VL
1p0hH+QtYv+/QJoZH1fDL+6/aDlExBR4+f2PX8cncVeokhpKwDWEZvdoNxCC2nKU
wPOVAqHVk5+BVepCXO4Ic0NA+djXTBLzgxe/Jy4WAMtzju1Ui44uTi3jnd+92pLl
5rQQIu5PlAc1qwU5+qMgvR+TTCXXrKS6HjvMRVpquBQPlhhAjATokiPRZIrZogQK
gIzjy/kl6LvlMpAretJ0lvzZ9/SqZqvHNyYN+J9+H85wsf8JB3p8ksEuMtxh/cG7
T4HcSxDCJRK00+Etf8Z6ULHVLwUOH3AySVhjMKEzBnQax/wA79YxPQ3cJrKLIQ+I
VFo0qVTqC4X8gOZj34Qm/8btwz13GQsIL1xgXQgd4rNYq34i91DTWAOv87u/37vU
S92T0bgbV0RevLXtp1NSyh650G66asg8L4SEj8jaL90=
