U2FsdGVkX1+jNE6oCXGw9nanAjtjRmiJDvbEj0VNMEBAwj7avKWBZbRnA3UcQg9B
XqJT9T3EmdIM7CPkHYTGD++PweLTrpiDu0/tnReVNTNIT3L1gQy1P5u5964sb6Xf
lmmvGWFNKOqqePBema4UO6il4QWfyGv+OevM735RbR+RDXFeAKI/KC0E0uqSJ2b5
aVhP+S0OrQ2kuh/fEl15OUyXUZefvtIqeNzXs0y80W2zXhzprbx9byrYS0UY4XgO
iqgRf+2Cfgci6DjPHZZDJxHZPZETm+IXS/5O80h/SmrOTWPv0dFYxs0fhKCCK9wG
y6PD3bGontxPyf04cseG4ZUav4NQOyBW5JALvYz/rlD4NgSku9WRu4ynakQazn4H
JSJ0USAXiie5rhcMUB0oQCw8l3P9qCHJ176nTOMO1G30+tjKhBI9zHCMwNtIfCI8
hbGDeHrRbvVsWGg0etBndj0iZz1AN5mADSaz8sL07iOumOSM1wbiavHX9nLj/5F3
RSm/vb/xjMtjiK7AwjV9NkbwI2wU0JuG7IY2094NfzztyQgp2c53zehHOFE1PHLT
Keh+c3XH64ns0N9TU1ld1NmeLqW3PM5wr6XtM+sLWxrYC/sw7gGY2IP/B+/wIwUn
KeV5Mik6FnvmCaZEfCdbqNnPAs61HtjVxpf4iByrMfXV6cJNii87l7N5qeti7lBC
K2IHhiUQGa+6MuhYtEr0+8GlkVaw0aon3I7R7blhZbHNqdWcS3C1Cn/vuqHaugsY
SECWEgiVHVYBgilyoTdKnAseveipK2/z8k6T5u6TOdb+qKRVp10+CEW5ouQMiZix
JbWRLwci9UBm1n4WepP1pLz2uI8ImPwBLecfSG7jvYWBc02SB1O2Cjcw9/YVazGk
/FResT0zVyWjQ8k4s6iigjb9mCpxGsDhAfw81XIMcZ7NgWn9lXx3aY583svtPnzS
IE/pdGMOTnOCLIapan8GkRXLZ1jPDsPjgNMNH7+SfvroM9actkflToeK5oNhkzFl
Yiq7iYw59+VqD9/3uW+Z0aSXgduIGaZZqP7agT0A95NAS0xX4dB2IqKNGmJrYCQQ
qmU95ls6lvHyaT04zPzkJzvFda79VJkjJuFVM4fMPgSTs9ErmEnYPpUoeEY+ndIN
ngmvCOb8PxmRBjxraYTDIkfXT1I29qKWwGAkjFVG/TaItP2qY51EYzVdJj+ZSepS
AnoIVeIyFRFhQ9ln1PNYohbi4dXot+qxhWcjVxo5hH4MY+TY8rAMdnraNzNk4XkH
N3YJJ+83mY3uIn23/sb9W7OBF3NoVZ+bTyfSbfvYWN9PlwSIfcWxC2wKk3OvRmjA
tRrT4BQzvMF6uOq/u/zY5N8fFAlBKkisiKOo7nPla6L4dw3VaqUEW/uwrmxjq0yx
d0fmZIHrf1093glsXexXiMznInPohVdN2fs4shanCOCti0h49wuXwUssC2Du5+gZ
A582mFXcTPDYpHJuZAMlcgUosmOsvZRR9bFK/19ehcUtAJaVnwbgueLv32PpWjhS
jFy5tNi8o88BXDameDeYTFrebb0/S2MIodU16SZtcYbBU1Pd8i4NFf0Nm12CQi6U
c1LS+H89pI3VHz7vfWwjzHvBq+ZUGul+pHYGZXE6uEsUTkaSTOmSMn+D/0AcsiRP
HrhS41+SbquTC54uKJQ1cyDKvQBKvX0XbI9QtIzOlnWtTNjDGtGzGSMWDiPABthv
lUsM8cqf+YxP950IazjLlA6F9+8wcKSd+LUn76W9G9PtOPDYflwJ6Bxax9/5EdBU
NonOc1PBUfvKRBLq7jOELQ==
