U2FsdGVkX1+jNE6oCXGw9nanAjtjRmiJDvbEj0VNMEBAwj7avKWBZbRnA3UcQg9B
XqJT9T3EmdIM7CPkHYTGD++PweLTrpiDu0/tnReVNTNIT3L1gQy1P5u5964sb6Xf
Koc/HIUYuQ5bl25Btea3S4NLWJ/7FIhj1ejeSyi2DxDa0odjDBe2QruRvU8TqMJT
6PJrbhmBP8zuptFSmrzBH+kOY9reS16UqwJ4JMsfgCdCRnrylllzOHuuMCfqaymt
g+KrtjF4hJhUjTN/T01IhfQyNarAcORhRd5eJF3iPin1oxkbY/gs9tPHg3BfnsV2
zi+lMNYYPK/IrOlnklvKgV1HaHrCdJSMVg+zGMINdNywEGo+NNl1qyv8Htd0pZP3
un9bqFOC0EjH1u7YIao1v0r7mhD3AAkETfy2OeTJzZ5jA1nU0IkLF3HXKLSJiS5i
hzusyDyipXwYTKnqCXsJhuHAC80IhGvlsSZ92T1yNTdhGRw2z8OdIp3RnDLEPGoY
RcqX6rfqAOT/O5M8VfFgdoYnCHO3Ao1TZ6s9cMC8Zz5ETXfWf19EgYOhl2fF6Ybc
8RwipA25v1ks/CDOOcQjr1GySwmBi9HpQQ6S+gzvc28jYhiHj5d4T8BLzXKTboOj
VqoISUpR8Cc1WuYCeOQKCBMD1mul9hdoNbJpJwK5SwMQQqCeWaCGRooayOQJWeV0
LOlMXIW1pcL/nKXyIH3NhJUODi8LUK1N0jJdDVmPc3708jYcaX1CJPBVOEmS3BYS
JKvUMp1NbiMQHqSbLuck0fO4IRI89hHd1Qw388ILuFXjuJggl6rUTBOo7C7LkAgW
tMzSxp8tGjh3k9JPO1sKI1ep6TI1ILvylD4wleEQ1tkerM03Vvt9qtol4pYNIAWc
UXr6sKRqvScvnfhtt0GUOW1QqZVNjvFT1ipy/F9gpqR9bUY3bVi+JxANTXo+9add
98V+Ft7Lk2f+qYfyTkQ8Wq0H2HrmdFdJYzMFVb1J/43id0LY+Br0cA6BiGV+zT+r
px98HPFMIkgbm3Ngevm5lRnPqusNf95hMoBq55jCLrWfxVv3h7tse8fooCEitokB
XOu1R6abJSLe3xshXUcY/JtMmeeZp5ciAfK7FaSkvSJQl/084LZNTTpxej7O/yJK
Xn8ugJP292BZ3ynwZK8PFDV6r36YRWWbwsalwGSscnN/VN/kPsfjnbAtYfPxqImK
Z9NX09VyNh/WAiU4kW9z4+2D+oLlpFYN9KRKzQ33uZQsc5vZg6Ip5bzLlp12m6H7
mG/89P6vRIUJLknbl7Np4FRgjhME+JRWrLyu6niBN6EWjCo3aa/Yrw38JS6dZS4J
8Qy/NGQZFnVUU+vtJmHou/rwrueLhYIxzUacjoR6wAiMbCff5gIyOuNpuDJNVen6
nFxT6nRovHx6Lep49KubGIBm8Z/94ifTf6n3VrGZ28BdlnbtSPPZ6ppVMI3X/2FJ
ACcU6DgJ5KxeloMluQjtq7NGxm7ksMm/Az+uR78xmz2eWFfjHvq1LeFpLPYuCm7W
qagn1pIoRrIiLOevz72JwI72CSP8ziIok57R7gEjsNEvFA/1BHzWFluIg3qvcSHE
DUFFJ08XOi3o+YFv5aBNKs5V0GSOyBFOAJMtsAiTPQG88rvuHKSXIr/lkgLq1tLA
QA8YTMX4hp+qtCXvR7o5KXWefeFE7F7AxXX3FD1C5hRQ6mXGBB7vsJcqm+ccHx4/
mx8GregEMaAxd0C97OcJ/xDUOn1GGwKFq7j4Uv1gVuYarxuAE5Bko0rqCERR8dOa
FyRvBXfCLaabFaW0ORfJpL9PHFyi0KNALTRkwWjwlOYXOcSSgfMGkGK9R9qUxAqE
hoxnOUjQ20WseJYBS65+V04UWuXo+rrK4vPQQwFKHm+1OUNnSY7KS9MUCncBdhTI
OKc8dMVPai70WWv12IEjggqKXOIxJZzy4SCcIw4E4qnKAJ+v/nt+yEivb0jYJaUP
